
Microsoft Visual Studio Solution File, Format Version 12.00
# Visual Studio Version 17
VisualStudioVersion = 17.13.35919.96
MinimumVisualStudioVersion = 10.0.40219.1
Project("{FAE04EC0-301F-11D3-BF4B-00C04F79EFBC}") = "AzureServiceBusAspire.AppHost", "Samples\AzureServiceBus\Aspire\AzureServiceBusAspire.AppHost\AzureServiceBusAspire.AppHost.csproj", "{3A767CC7-4B45-4EBC-819E-ACC6E64C4473}"
EndProject
Project("{FAE04EC0-301F-11D3-BF4B-00C04F79EFBC}") = "AzureServiceBusAspire.ServiceDefaults", "Samples\AzureServiceBus\Aspire\AzureServiceBusAspire.ServiceDefaults\AzureServiceBusAspire.ServiceDefaults.csproj", "{76DABEED-788F-C595-670C-6A28DDE89242}"
EndProject
Project("{FAE04EC0-301F-11D3-BF4B-00C04F79EFBC}") = "BackendProcessor", "Samples\AzureServiceBus\Aspire\BackendProcessor\BackendProcessor.csproj", "{1B77716C-BEF6-3632-425F-E94AC540B4D2}"
EndProject
Project("{FAE04EC0-301F-11D3-BF4B-00C04F79EFBC}") = "Api", "Samples\AzureServiceBus\Aspire\Api\Api.csproj", "{CBFA08EA-AECE-205F-7B85-326FD0B81BAD}"
EndProject
Project("{FAE04EC0-301F-11D3-BF4B-00C04F79EFBC}") = "MessageContracts", "Samples\AzureServiceBus\Aspire\MessageContracts\MessageContracts.csproj", "{E7BDCB39-376F-4C67-9A02-529123AD110D}"
EndProject
Project("{FAE04EC0-301F-11D3-BF4B-00C04F79EFBC}") = "Flowly", "Flowly\Flowly.csproj", "{6BAFE6B4-7824-45C5-AB4E-226CAC0EA1AC}"
EndProject
Project("{FAE04EC0-301F-11D3-BF4B-00C04F79EFBC}") = "Flowly.AzureServiceBus", "Flowly.AzureServiceBus\Flowly.AzureServiceBus.csproj", "{42F6C797-0B37-4C69-A670-35268B572DFD}"
EndProject
Project("{2150E333-8FDC-42A3-9474-1A3956D46DE8}") = "Samples", "Samples", "{A1234567-89AB-CDEF-0123-456789ABCDE0}"
EndProject
Project("{2150E333-8FDC-42A3-9474-1A3956D46DE8}") = "AzureServiceBus", "AzureServiceBus", "{B1234567-89AB-CDEF-0123-456789ABCDE1}"
EndProject
Project("{2150E333-8FDC-42A3-9474-1A3956D46DE8}") = "Aspire", "Aspire", "{31092C49-8278-41B8-8E4B-AF57AA54D18C}"
EndProject
Project("{FAE04EC0-301F-11D3-BF4B-00C04F79EFBC}") = "Flowly.Jobs", "Flowly.Jobs\Flowly.Jobs.csproj", "{3835C3C6-ED55-46A0-98BC-2A8980A5A63F}"
EndProject
Project("{FAE04EC0-301F-11D3-BF4B-00C04F79EFBC}") = "Flowly.Jobs.SqlServer", "Flowly.Jobs.SqlServer\Flowly.Jobs.SqlServer.csproj", "{D1E2F3A4-B5C6-4D7E-8F9A-0B1C2D3E4F5A}"
EndProject
Project("{FAE04EC0-301F-11D3-BF4B-00C04F79EFBC}") = "Flowly.Tool", "Flowly.Tool\Flowly.Tool.csproj", "{82563206-67AF-4BAF-B3B2-5AFFB0FCE01F}"
EndProject
Project("{FAE04EC0-301F-11D3-BF4B-00C04F79EFBC}") = "Flowly.Tests", "Flowly.Tests\Flowly.Tests.csproj", "{8F36D6CF-DDB6-40B0-BEE2-45030295B4C3}"
EndProject
Project("{FAE04EC0-301F-11D3-BF4B-00C04F79EFBC}") = "Flowly.AzureServiceBus.Aspire", "Flowly.AzureServiceBus.Aspire\Flowly.AzureServiceBus.Aspire.csproj", "{5C75165D-13B6-49F7-926D-6F014D6FA0BF}"
EndProject
Project("{FAE04EC0-301F-11D3-BF4B-00C04F79EFBC}") = "Flowly.Jobs.Postgres", "Flowly.Jobs.Postgres\Flowly.Jobs.Postgres.csproj", "{325CCA09-17ED-4204-AB5C-216FFC921C29}"
EndProject
Project("{FAE04EC0-301F-11D3-BF4B-00C04F79EFBC}") = "Flowly.DeadLetters", "Flowly.DeadLetters\Flowly.DeadLetters.csproj", "{CC7E906E-3D93-461B-867A-24D141B95F0B}"
EndProject
Project("{FAE04EC0-301F-11D3-BF4B-00C04F79EFBC}") = "Flowly.DeadLetters.SqlServer", "Flowly.DeadLetters.SqlServer\Flowly.DeadLetters.SqlServer.csproj", "{79A7108A-AAF2-4E6A-BEBF-C0954566DCCA}"
EndProject
Project("{FAE04EC0-301F-11D3-BF4B-00C04F79EFBC}") = "Flowly.DeadLetters.Postgres", "Flowly.DeadLetters.Postgres\Flowly.DeadLetters.Postgres.csproj", "{15D6C818-3EF8-44C7-8DD8-4B02E5E09E47}"
EndProject
Project("{FAE04EC0-301F-11D3-BF4B-00C04F79EFBC}") = "Flowly.DeadLetters.Tests", "Flowly.DeadLetters.Tests\Flowly.DeadLetters.Tests.csproj", "{2536D2C7-5C54-44C1-AD40-9054A9EFD500}"
EndProject
Project("{FAE04EC0-301F-11D3-BF4B-00C04F79EFBC}") = "Flowly.OpenTelemetry", "Flowly.OpenTelemetry\Flowly.OpenTelemetry.csproj", "{79F93E4C-138C-4229-AC26-1B75D5E72768}"
EndProject
Project("{FAE04EC0-301F-11D3-BF4B-00C04F79EFBC}") = "Flowly.RabbitMQ", "Flowly.RabbitMQ\Flowly.RabbitMQ.csproj", "{9C728E25-3523-4A7C-8AEE-1B805E2C10F4}"
EndProject
Project("{2150E333-8FDC-42A3-9474-1A3956D46DE8}") = "RabbitMQ", "RabbitMQ", "{109D35BD-1854-CE00-79BF-BBF1A37E3F3A}"
EndProject
Project("{2150E333-8FDC-42A3-9474-1A3956D46DE8}") = "Aspire", "Aspire", "{306110A1-0A03-3EDC-450E-A3B0DA915581}"
EndProject
Project("{FAE04EC0-301F-11D3-BF4B-00C04F79EFBC}") = "RabbitMQAspire.ServiceDefaults", "Samples\RabbitMQ\Aspire\RabbitMQAspire.ServiceDefaults\RabbitMQAspire.ServiceDefaults.csproj", "{68B84CB1-5560-4527-A1AD-48D1F25F25F5}"
EndProject
Project("{FAE04EC0-301F-11D3-BF4B-00C04F79EFBC}") = "MessageContracts", "Samples\RabbitMQ\Aspire\MessageContracts\MessageContracts.csproj", "{1B451833-FD82-4F11-8742-30D21EA311C9}"
EndProject
Project("{FAE04EC0-301F-11D3-BF4B-00C04F79EFBC}") = "BackendProcessor", "Samples\RabbitMQ\Aspire\BackendProcessor\BackendProcessor.csproj", "{6FB8B8F9-E94A-4097-8EF9-63AD0B0727F2}"
EndProject
Project("{FAE04EC0-301F-11D3-BF4B-00C04F79EFBC}") = "Api", "Samples\RabbitMQ\Aspire\Api\Api.csproj", "{5ACFEC27-8331-48F0-98AA-6A754CD30A08}"
EndProject
Project("{FAE04EC0-301F-11D3-BF4B-00C04F79EFBC}") = "RabbitMQAspire.AppHost", "Samples\RabbitMQ\Aspire\RabbitMQAspire.AppHost\RabbitMQAspire.AppHost.csproj", "{7F16DF0C-987E-496B-B89C-4F486A2AE570}"
EndProject
Project("{FAE04EC0-301F-11D3-BF4B-00C04F79EFBC}") = "BackendFinanceProcessor", "Samples\RabbitMQ\Aspire\BackendFinanceProcessor\BackendFinanceProcessor.csproj", "{BBCC2AB3-B0D3-4996-B196-6448E2EB7542}"
EndProject
Project("{FAE04EC0-301F-11D3-BF4B-00C04F79EFBC}") = "Messages", "Samples\RabbitMQ\SendReceive\Messages\Messages.csproj", "{24AB053B-6E52-4B58-9572-B95C75FAB67F}"
EndProject
Project("{2150E333-8FDC-42A3-9474-1A3956D46DE8}") = "SendReceive", "SendReceive", "{7250E171-B33B-4486-973E-AF4D2E107351}"
EndProject
Project("{FAE04EC0-301F-11D3-BF4B-00C04F79EFBC}") = "Receiver", "Samples\RabbitMQ\SendReceive\Receiver\Receiver.csproj", "{A8A37E5D-B7EC-499E-8538-FE80F265170F}"
EndProject
Project("{FAE04EC0-301F-11D3-BF4B-00C04F79EFBC}") = "Sender", "Samples\RabbitMQ\SendReceive\Sender\Sender.csproj", "{E106E180-F044-4C58-98F5-A9D53E17FD77}"
EndProject
Project("{2150E333-8FDC-42A3-9474-1A3956D46DE8}") = "SendReceive", "SendReceive", "{187B7BD2-091F-446A-8EA8-43C4D8D837DC}"
EndProject
Project("{FAE04EC0-301F-11D3-BF4B-00C04F79EFBC}") = "Messages", "Samples\AzureServiceBus\SendReceive\Messages\Messages.csproj", "{E40DCE30-1801-4916-B0A0-49FFB780F15F}"
EndProject
Project("{FAE04EC0-301F-11D3-BF4B-00C04F79EFBC}") = "Receiver", "Samples\AzureServiceBus\SendReceive\Receiver\Receiver.csproj", "{657BFE41-4BA8-43DA-B57E-FCD9F8DBED41}"
EndProject
Project("{FAE04EC0-301F-11D3-BF4B-00C04F79EFBC}") = "Sender", "Samples\AzureServiceBus\SendReceive\Sender\Sender.csproj", "{CDAFC96E-7E3E-4D29-AAC6-D56508E98C09}"
EndProject
Project("{2150E333-8FDC-42A3-9474-1A3956D46DE8}") = "MultiBus", "MultiBus", "{45099B76-A929-4236-9092-B09763716B1C}"
EndProject
Project("{2150E333-8FDC-42A3-9474-1A3956D46DE8}") = "SendReceive", "SendReceive", "{88BFE1A2-C3B3-4DA1-85BE-CFAD88D9A94C}"
EndProject
Project("{FAE04EC0-301F-11D3-BF4B-00C04F79EFBC}") = "Messages", "Samples\MultiBus\SendReceive\Messages\Messages.csproj", "{CC6C11D4-D731-40D8-BB67-C05BC5E158A8}"
EndProject
Project("{FAE04EC0-301F-11D3-BF4B-00C04F79EFBC}") = "Receiver", "Samples\MultiBus\SendReceive\Receiver\Receiver.csproj", "{CE5CA9AA-2708-4155-B04A-5D40A90EA26D}"
EndProject
Project("{FAE04EC0-301F-11D3-BF4B-00C04F79EFBC}") = "Sender", "Samples\MultiBus\SendReceive\Sender\Sender.csproj", "{C9014C1F-DAF2-44D6-A3C0-6FC66E876375}"
EndProject
Project("{FAE04EC0-301F-11D3-BF4B-00C04F79EFBC}") = "Flowly.AzureServiceBus.Tests", "Flowly.AzureServiceBus.Tests\Flowly.AzureServiceBus.Tests.csproj", "{CE1A4DF8-8EDE-45AF-9594-7BAE7F30B567}"
EndProject
Project("{FAE04EC0-301F-11D3-BF4B-00C04F79EFBC}") = "Flowly.RabbitMQ.Tests", "Flowly.RabbitMQ.Tests\Flowly.RabbitMQ.Tests.csproj", "{FE0F283E-6B95-4BF8-B7C4-1EB0893CE16D}"
EndProject
Project("{2150E333-8FDC-42A3-9474-1A3956D46DE8}") = "HealthChecks", "HealthChecks", "{DAB5F6DB-334C-095B-7775-FCF5E711FB86}"
EndProject
Project("{FAE04EC0-301F-11D3-BF4B-00C04F79EFBC}") = "Receiver", "Samples\RabbitMQ\HealthChecks\Receiver\Receiver.csproj", "{23C5321D-18E6-44FF-B779-5237A94561D3}"
EndProject
Project("{2150E333-8FDC-42A3-9474-1A3956D46DE8}") = "HealthChecks", "HealthChecks", "{87AA1B6F-CF4A-8C4A-48CF-E270A8E56576}"
EndProject
Project("{FAE04EC0-301F-11D3-BF4B-00C04F79EFBC}") = "Receiver", "Samples\AzureServiceBus\HealthChecks\Receiver\Receiver.csproj", "{638CEB06-73AD-41E4-ABF9-F96F1DB7AE6A}"
EndProject
Project("{FAE04EC0-301F-11D3-BF4B-00C04F79EFBC}") = "BackendFinanceProcessor", "Samples\AzureServiceBus\Aspire\BackendFinanceProcessor\BackendFinanceProcessor.csproj", "{967B2E46-42D0-40DE-9F5A-4C4EDB803A54}"
EndProject
Project("{2150E333-8FDC-42A3-9474-1A3956D46DE8}") = "Events", "Events", "{30B211CD-7C2C-4351-8F1B-F626618A5662}"
EndProject
Project("{FAE04EC0-301F-11D3-BF4B-00C04F79EFBC}") = "Messages", "Samples\AzureServiceBus\Events\Messages\Messages.csproj", "{9E25BD6B-7D10-4B05-8892-5075DFB7437B}"
EndProject
Project("{FAE04EC0-301F-11D3-BF4B-00C04F79EFBC}") = "EventSender", "Samples\AzureServiceBus\Events\EventSender\EventSender.csproj", "{2C9547B3-4A27-4A2B-8DFD-9DD38924A475}"
EndProject
Project("{FAE04EC0-301F-11D3-BF4B-00C04F79EFBC}") = "ReceiverOne", "Samples\AzureServiceBus\Events\ReceiverOne\ReceiverOne.csproj", "{F60EB06A-1DBD-4538-B9E4-67EB8B50DB0E}"
EndProject
Project("{FAE04EC0-301F-11D3-BF4B-00C04F79EFBC}") = "ReceiverTwo", "Samples\AzureServiceBus\Events\ReceiverTwo\ReceiverTwo.csproj", "{2393EAC0-C56B-4497-9BC9-54C4F67DC818}"
EndProject
Project("{2150E333-8FDC-42A3-9474-1A3956D46DE8}") = "Events", "Events", "{C2345678-9012-3456-7890-ABCDEF012345}"
EndProject
Project("{FAE04EC0-301F-11D3-BF4B-00C04F79EFBC}") = "Messages", "Samples\RabbitMQ\Events\Messages\Messages.csproj", "{D2345678-9012-3456-7890-ABCDEF012345}"
EndProject
Project("{FAE04EC0-301F-11D3-BF4B-00C04F79EFBC}") = "EventSender", "Samples\RabbitMQ\Events\EventSender\EventSender.csproj", "{E2345678-9012-3456-7890-ABCDEF012345}"
EndProject
Project("{FAE04EC0-301F-11D3-BF4B-00C04F79EFBC}") = "ReceiverOne", "Samples\RabbitMQ\Events\ReceiverOne\ReceiverOne.csproj", "{F2345678-9012-3456-7890-ABCDEF012345}"
EndProject
Project("{FAE04EC0-301F-11D3-BF4B-00C04F79EFBC}") = "ReceiverTwo", "Samples\RabbitMQ\Events\ReceiverTwo\ReceiverTwo.csproj", "{02345678-9012-3456-7890-ABCDEF012345}"
EndProject
Project("{2150E333-8FDC-42A3-9474-1A3956D46DE8}") = "EventsWithDeadLetterTracking", "EventsWithDeadLetterTracking", "{55E630BC-7DC6-40D9-BFFB-09646175453C}"
EndProject
Project("{FAE04EC0-301F-11D3-BF4B-00C04F79EFBC}") = "Receiver", "Samples\AzureServiceBus\EventsWithDeadLetterTracking\Receiver\Receiver.csproj", "{0DD1BE26-BEA2-4A67-9437-EE8F13C0064F}"
EndProject
Project("{FAE04EC0-301F-11D3-BF4B-00C04F79EFBC}") = "Sender", "Samples\AzureServiceBus\EventsWithDeadLetterTracking\Sender\Sender.csproj", "{EDD96D0E-8E00-4EF7-9ECE-DF2FE4494697}"
EndProject
Project("{FAE04EC0-301F-11D3-BF4B-00C04F79EFBC}") = "Messages", "Samples\AzureServiceBus\EventsWithDeadLetterTracking\Messages\Messages.csproj", "{4D5F029F-29C9-4279-B6BA-DE4D0CE86FE5}"
EndProject
Project("{FAE04EC0-301F-11D3-BF4B-00C04F79EFBC}") = "Console", "Samples\AzureServiceBus\EventsWithDeadLetterTracking\Console\Console.csproj", "{F148AB23-347B-48D2-AA9D-29EEF3C0C79A}"
EndProject
Project("{FAE04EC0-301F-11D3-BF4B-00C04F79EFBC}") = "ReceiverNoRetry", "Samples\AzureServiceBus\EventsWithDeadLetterTracking\ReceiverNoRetry\ReceiverNoRetry.csproj", "{3BEA9C9E-2379-4875-8C78-34E1374DBE83}"
EndProject
Project("{FAE04EC0-301F-11D3-BF4B-00C04F79EFBC}") = "Flowly.Tool.Tests", "Flowly.Tool.Tests\Flowly.Tool.Tests.csproj", "{AD7E5D6D-1861-4D17-AAA5-B9743F17D771}"
EndProject
Global
	GlobalSection(SolutionConfigurationPlatforms) = preSolution
		Debug|Any CPU = Debug|Any CPU
		Debug|x64 = Debug|x64
		Debug|x86 = Debug|x86
		Release|Any CPU = Release|Any CPU
		Release|x64 = Release|x64
		Release|x86 = Release|x86
	EndGlobalSection
	GlobalSection(ProjectConfigurationPlatforms) = postSolution
		{3A767CC7-4B45-4EBC-819E-ACC6E64C4473}.Debug|Any CPU.ActiveCfg = Debug|Any CPU
		{3A767CC7-4B45-4EBC-819E-ACC6E64C4473}.Debug|Any CPU.Build.0 = Debug|Any CPU
		{3A767CC7-4B45-4EBC-819E-ACC6E64C4473}.Debug|x64.ActiveCfg = Debug|Any CPU
		{3A767CC7-4B45-4EBC-819E-ACC6E64C4473}.Debug|x64.Build.0 = Debug|Any CPU
		{3A767CC7-4B45-4EBC-819E-ACC6E64C4473}.Debug|x86.ActiveCfg = Debug|Any CPU
		{3A767CC7-4B45-4EBC-819E-ACC6E64C4473}.Debug|x86.Build.0 = Debug|Any CPU
		{3A767CC7-4B45-4EBC-819E-ACC6E64C4473}.Release|Any CPU.ActiveCfg = Release|Any CPU
		{3A767CC7-4B45-4EBC-819E-ACC6E64C4473}.Release|Any CPU.Build.0 = Release|Any CPU
		{3A767CC7-4B45-4EBC-819E-ACC6E64C4473}.Release|x64.ActiveCfg = Release|Any CPU
		{3A767CC7-4B45-4EBC-819E-ACC6E64C4473}.Release|x64.Build.0 = Release|Any CPU
		{3A767CC7-4B45-4EBC-819E-ACC6E64C4473}.Release|x86.ActiveCfg = Release|Any CPU
		{3A767CC7-4B45-4EBC-819E-ACC6E64C4473}.Release|x86.Build.0 = Release|Any CPU
		{76DABEED-788F-C595-670C-6A28DDE89242}.Debug|Any CPU.ActiveCfg = Debug|Any CPU
		{76DABEED-788F-C595-670C-6A28DDE89242}.Debug|Any CPU.Build.0 = Debug|Any CPU
		{76DABEED-788F-C595-670C-6A28DDE89242}.Debug|x64.ActiveCfg = Debug|Any CPU
		{76DABEED-788F-C595-670C-6A28DDE89242}.Debug|x64.Build.0 = Debug|Any CPU
		{76DABEED-788F-C595-670C-6A28DDE89242}.Debug|x86.ActiveCfg = Debug|Any CPU
		{76DABEED-788F-C595-670C-6A28DDE89242}.Debug|x86.Build.0 = Debug|Any CPU
		{76DABEED-788F-C595-670C-6A28DDE89242}.Release|Any CPU.ActiveCfg = Release|Any CPU
		{76DABEED-788F-C595-670C-6A28DDE89242}.Release|Any CPU.Build.0 = Release|Any CPU
		{76DABEED-788F-C595-670C-6A28DDE89242}.Release|x64.ActiveCfg = Release|Any CPU
		{76DABEED-788F-C595-670C-6A28DDE89242}.Release|x64.Build.0 = Release|Any CPU
		{76DABEED-788F-C595-670C-6A28DDE89242}.Release|x86.ActiveCfg = Release|Any CPU
		{76DABEED-788F-C595-670C-6A28DDE89242}.Release|x86.Build.0 = Release|Any CPU
		{1B77716C-BEF6-3632-425F-E94AC540B4D2}.Debug|Any CPU.ActiveCfg = Debug|Any CPU
		{1B77716C-BEF6-3632-425F-E94AC540B4D2}.Debug|Any CPU.Build.0 = Debug|Any CPU
		{1B77716C-BEF6-3632-425F-E94AC540B4D2}.Debug|x64.ActiveCfg = Debug|Any CPU
		{1B77716C-BEF6-3632-425F-E94AC540B4D2}.Debug|x64.Build.0 = Debug|Any CPU
		{1B77716C-BEF6-3632-425F-E94AC540B4D2}.Debug|x86.ActiveCfg = Debug|Any CPU
		{1B77716C-BEF6-3632-425F-E94AC540B4D2}.Debug|x86.Build.0 = Debug|Any CPU
		{1B77716C-BEF6-3632-425F-E94AC540B4D2}.Release|Any CPU.ActiveCfg = Release|Any CPU
		{1B77716C-BEF6-3632-425F-E94AC540B4D2}.Release|Any CPU.Build.0 = Release|Any CPU
		{1B77716C-BEF6-3632-425F-E94AC540B4D2}.Release|x64.ActiveCfg = Release|Any CPU
		{1B77716C-BEF6-3632-425F-E94AC540B4D2}.Release|x64.Build.0 = Release|Any CPU
		{1B77716C-BEF6-3632-425F-E94AC540B4D2}.Release|x86.ActiveCfg = Release|Any CPU
		{1B77716C-BEF6-3632-425F-E94AC540B4D2}.Release|x86.Build.0 = Release|Any CPU
		{CBFA08EA-AECE-205F-7B85-326FD0B81BAD}.Debug|Any CPU.ActiveCfg = Debug|Any CPU
		{CBFA08EA-AECE-205F-7B85-326FD0B81BAD}.Debug|Any CPU.Build.0 = Debug|Any CPU
		{CBFA08EA-AECE-205F-7B85-326FD0B81BAD}.Debug|x64.ActiveCfg = Debug|Any CPU
		{CBFA08EA-AECE-205F-7B85-326FD0B81BAD}.Debug|x64.Build.0 = Debug|Any CPU
		{CBFA08EA-AECE-205F-7B85-326FD0B81BAD}.Debug|x86.ActiveCfg = Debug|Any CPU
		{CBFA08EA-AECE-205F-7B85-326FD0B81BAD}.Debug|x86.Build.0 = Debug|Any CPU
		{CBFA08EA-AECE-205F-7B85-326FD0B81BAD}.Release|Any CPU.ActiveCfg = Release|Any CPU
		{CBFA08EA-AECE-205F-7B85-326FD0B81BAD}.Release|Any CPU.Build.0 = Release|Any CPU
		{CBFA08EA-AECE-205F-7B85-326FD0B81BAD}.Release|x64.ActiveCfg = Release|Any CPU
		{CBFA08EA-AECE-205F-7B85-326FD0B81BAD}.Release|x64.Build.0 = Release|Any CPU
		{CBFA08EA-AECE-205F-7B85-326FD0B81BAD}.Release|x86.ActiveCfg = Release|Any CPU
		{CBFA08EA-AECE-205F-7B85-326FD0B81BAD}.Release|x86.Build.0 = Release|Any CPU
		{E7BDCB39-376F-4C67-9A02-529123AD110D}.Debug|Any CPU.ActiveCfg = Debug|Any CPU
		{E7BDCB39-376F-4C67-9A02-529123AD110D}.Debug|Any CPU.Build.0 = Debug|Any CPU
		{E7BDCB39-376F-4C67-9A02-529123AD110D}.Debug|x64.ActiveCfg = Debug|Any CPU
		{E7BDCB39-376F-4C67-9A02-529123AD110D}.Debug|x64.Build.0 = Debug|Any CPU
		{E7BDCB39-376F-4C67-9A02-529123AD110D}.Debug|x86.ActiveCfg = Debug|Any CPU
		{E7BDCB39-376F-4C67-9A02-529123AD110D}.Debug|x86.Build.0 = Debug|Any CPU
		{E7BDCB39-376F-4C67-9A02-529123AD110D}.Release|Any CPU.ActiveCfg = Release|Any CPU
		{E7BDCB39-376F-4C67-9A02-529123AD110D}.Release|Any CPU.Build.0 = Release|Any CPU
		{E7BDCB39-376F-4C67-9A02-529123AD110D}.Release|x64.ActiveCfg = Release|Any CPU
		{E7BDCB39-376F-4C67-9A02-529123AD110D}.Release|x64.Build.0 = Release|Any CPU
		{E7BDCB39-376F-4C67-9A02-529123AD110D}.Release|x86.ActiveCfg = Release|Any CPU
		{E7BDCB39-376F-4C67-9A02-529123AD110D}.Release|x86.Build.0 = Release|Any CPU
		{6BAFE6B4-7824-45C5-AB4E-226CAC0EA1AC}.Debug|Any CPU.ActiveCfg = Debug|Any CPU
		{6BAFE6B4-7824-45C5-AB4E-226CAC0EA1AC}.Debug|Any CPU.Build.0 = Debug|Any CPU
		{6BAFE6B4-7824-45C5-AB4E-226CAC0EA1AC}.Debug|x64.ActiveCfg = Debug|Any CPU
		{6BAFE6B4-7824-45C5-AB4E-226CAC0EA1AC}.Debug|x64.Build.0 = Debug|Any CPU
		{6BAFE6B4-7824-45C5-AB4E-226CAC0EA1AC}.Debug|x86.ActiveCfg = Debug|Any CPU
		{6BAFE6B4-7824-45C5-AB4E-226CAC0EA1AC}.Debug|x86.Build.0 = Debug|Any CPU
		{6BAFE6B4-7824-45C5-AB4E-226CAC0EA1AC}.Release|Any CPU.ActiveCfg = Release|Any CPU
		{6BAFE6B4-7824-45C5-AB4E-226CAC0EA1AC}.Release|Any CPU.Build.0 = Release|Any CPU
		{6BAFE6B4-7824-45C5-AB4E-226CAC0EA1AC}.Release|x64.ActiveCfg = Release|Any CPU
		{6BAFE6B4-7824-45C5-AB4E-226CAC0EA1AC}.Release|x64.Build.0 = Release|Any CPU
		{6BAFE6B4-7824-45C5-AB4E-226CAC0EA1AC}.Release|x86.ActiveCfg = Release|Any CPU
		{6BAFE6B4-7824-45C5-AB4E-226CAC0EA1AC}.Release|x86.Build.0 = Release|Any CPU
		{42F6C797-0B37-4C69-A670-35268B572DFD}.Debug|Any CPU.ActiveCfg = Debug|Any CPU
		{42F6C797-0B37-4C69-A670-35268B572DFD}.Debug|Any CPU.Build.0 = Debug|Any CPU
		{42F6C797-0B37-4C69-A670-35268B572DFD}.Debug|x64.ActiveCfg = Debug|Any CPU
		{42F6C797-0B37-4C69-A670-35268B572DFD}.Debug|x64.Build.0 = Debug|Any CPU
		{42F6C797-0B37-4C69-A670-35268B572DFD}.Debug|x86.ActiveCfg = Debug|Any CPU
		{42F6C797-0B37-4C69-A670-35268B572DFD}.Debug|x86.Build.0 = Debug|Any CPU
		{42F6C797-0B37-4C69-A670-35268B572DFD}.Release|Any CPU.ActiveCfg = Release|Any CPU
		{42F6C797-0B37-4C69-A670-35268B572DFD}.Release|Any CPU.Build.0 = Release|Any CPU
		{42F6C797-0B37-4C69-A670-35268B572DFD}.Release|x64.ActiveCfg = Release|Any CPU
		{42F6C797-0B37-4C69-A670-35268B572DFD}.Release|x64.Build.0 = Release|Any CPU
		{42F6C797-0B37-4C69-A670-35268B572DFD}.Release|x86.ActiveCfg = Release|Any CPU
		{42F6C797-0B37-4C69-A670-35268B572DFD}.Release|x86.Build.0 = Release|Any CPU
		{3835C3C6-ED55-46A0-98BC-2A8980A5A63F}.Debug|Any CPU.ActiveCfg = Debug|Any CPU
		{3835C3C6-ED55-46A0-98BC-2A8980A5A63F}.Debug|Any CPU.Build.0 = Debug|Any CPU
		{3835C3C6-ED55-46A0-98BC-2A8980A5A63F}.Debug|x64.ActiveCfg = Debug|Any CPU
		{3835C3C6-ED55-46A0-98BC-2A8980A5A63F}.Debug|x64.Build.0 = Debug|Any CPU
		{3835C3C6-ED55-46A0-98BC-2A8980A5A63F}.Debug|x86.ActiveCfg = Debug|Any CPU
		{3835C3C6-ED55-46A0-98BC-2A8980A5A63F}.Debug|x86.Build.0 = Debug|Any CPU
		{3835C3C6-ED55-46A0-98BC-2A8980A5A63F}.Release|Any CPU.ActiveCfg = Release|Any CPU
		{3835C3C6-ED55-46A0-98BC-2A8980A5A63F}.Release|Any CPU.Build.0 = Release|Any CPU
		{3835C3C6-ED55-46A0-98BC-2A8980A5A63F}.Release|x64.ActiveCfg = Release|Any CPU
		{3835C3C6-ED55-46A0-98BC-2A8980A5A63F}.Release|x64.Build.0 = Release|Any CPU
		{3835C3C6-ED55-46A0-98BC-2A8980A5A63F}.Release|x86.ActiveCfg = Release|Any CPU
		{3835C3C6-ED55-46A0-98BC-2A8980A5A63F}.Release|x86.Build.0 = Release|Any CPU
		{D1E2F3A4-B5C6-4D7E-8F9A-0B1C2D3E4F5A}.Debug|Any CPU.ActiveCfg = Debug|Any CPU
		{D1E2F3A4-B5C6-4D7E-8F9A-0B1C2D3E4F5A}.Debug|Any CPU.Build.0 = Debug|Any CPU
		{D1E2F3A4-B5C6-4D7E-8F9A-0B1C2D3E4F5A}.Debug|x64.ActiveCfg = Debug|Any CPU
		{D1E2F3A4-B5C6-4D7E-8F9A-0B1C2D3E4F5A}.Debug|x64.Build.0 = Debug|Any CPU
		{D1E2F3A4-B5C6-4D7E-8F9A-0B1C2D3E4F5A}.Debug|x86.ActiveCfg = Debug|Any CPU
		{D1E2F3A4-B5C6-4D7E-8F9A-0B1C2D3E4F5A}.Debug|x86.Build.0 = Debug|Any CPU
		{D1E2F3A4-B5C6-4D7E-8F9A-0B1C2D3E4F5A}.Release|Any CPU.ActiveCfg = Release|Any CPU
		{D1E2F3A4-B5C6-4D7E-8F9A-0B1C2D3E4F5A}.Release|Any CPU.Build.0 = Release|Any CPU
		{D1E2F3A4-B5C6-4D7E-8F9A-0B1C2D3E4F5A}.Release|x64.ActiveCfg = Release|Any CPU
		{D1E2F3A4-B5C6-4D7E-8F9A-0B1C2D3E4F5A}.Release|x64.Build.0 = Release|Any CPU
		{D1E2F3A4-B5C6-4D7E-8F9A-0B1C2D3E4F5A}.Release|x86.ActiveCfg = Release|Any CPU
		{D1E2F3A4-B5C6-4D7E-8F9A-0B1C2D3E4F5A}.Release|x86.Build.0 = Release|Any CPU
		{82563206-67AF-4BAF-B3B2-5AFFB0FCE01F}.Debug|Any CPU.ActiveCfg = Debug|Any CPU
		{82563206-67AF-4BAF-B3B2-5AFFB0FCE01F}.Debug|Any CPU.Build.0 = Debug|Any CPU
		{82563206-67AF-4BAF-B3B2-5AFFB0FCE01F}.Debug|x64.ActiveCfg = Debug|Any CPU
		{82563206-67AF-4BAF-B3B2-5AFFB0FCE01F}.Debug|x64.Build.0 = Debug|Any CPU
		{82563206-67AF-4BAF-B3B2-5AFFB0FCE01F}.Debug|x86.ActiveCfg = Debug|Any CPU
		{82563206-67AF-4BAF-B3B2-5AFFB0FCE01F}.Debug|x86.Build.0 = Debug|Any CPU
		{82563206-67AF-4BAF-B3B2-5AFFB0FCE01F}.Release|Any CPU.ActiveCfg = Release|Any CPU
		{82563206-67AF-4BAF-B3B2-5AFFB0FCE01F}.Release|Any CPU.Build.0 = Release|Any CPU
		{82563206-67AF-4BAF-B3B2-5AFFB0FCE01F}.Release|x64.ActiveCfg = Release|Any CPU
		{82563206-67AF-4BAF-B3B2-5AFFB0FCE01F}.Release|x64.Build.0 = Release|Any CPU
		{82563206-67AF-4BAF-B3B2-5AFFB0FCE01F}.Release|x86.ActiveCfg = Release|Any CPU
		{82563206-67AF-4BAF-B3B2-5AFFB0FCE01F}.Release|x86.Build.0 = Release|Any CPU
		{8F36D6CF-DDB6-40B0-BEE2-45030295B4C3}.Debug|Any CPU.ActiveCfg = Debug|Any CPU
		{8F36D6CF-DDB6-40B0-BEE2-45030295B4C3}.Debug|Any CPU.Build.0 = Debug|Any CPU
		{8F36D6CF-DDB6-40B0-BEE2-45030295B4C3}.Debug|x64.ActiveCfg = Debug|Any CPU
		{8F36D6CF-DDB6-40B0-BEE2-45030295B4C3}.Debug|x64.Build.0 = Debug|Any CPU
		{8F36D6CF-DDB6-40B0-BEE2-45030295B4C3}.Debug|x86.ActiveCfg = Debug|Any CPU
		{8F36D6CF-DDB6-40B0-BEE2-45030295B4C3}.Debug|x86.Build.0 = Debug|Any CPU
		{8F36D6CF-DDB6-40B0-BEE2-45030295B4C3}.Release|Any CPU.ActiveCfg = Release|Any CPU
		{8F36D6CF-DDB6-40B0-BEE2-45030295B4C3}.Release|Any CPU.Build.0 = Release|Any CPU
		{8F36D6CF-DDB6-40B0-BEE2-45030295B4C3}.Release|x64.ActiveCfg = Release|Any CPU
		{8F36D6CF-DDB6-40B0-BEE2-45030295B4C3}.Release|x64.Build.0 = Release|Any CPU
		{8F36D6CF-DDB6-40B0-BEE2-45030295B4C3}.Release|x86.ActiveCfg = Release|Any CPU
		{8F36D6CF-DDB6-40B0-BEE2-45030295B4C3}.Release|x86.Build.0 = Release|Any CPU
		{5C75165D-13B6-49F7-926D-6F014D6FA0BF}.Debug|Any CPU.ActiveCfg = Debug|Any CPU
		{5C75165D-13B6-49F7-926D-6F014D6FA0BF}.Debug|Any CPU.Build.0 = Debug|Any CPU
		{5C75165D-13B6-49F7-926D-6F014D6FA0BF}.Debug|x64.ActiveCfg = Debug|Any CPU
		{5C75165D-13B6-49F7-926D-6F014D6FA0BF}.Debug|x64.Build.0 = Debug|Any CPU
		{5C75165D-13B6-49F7-926D-6F014D6FA0BF}.Debug|x86.ActiveCfg = Debug|Any CPU
		{5C75165D-13B6-49F7-926D-6F014D6FA0BF}.Debug|x86.Build.0 = Debug|Any CPU
		{5C75165D-13B6-49F7-926D-6F014D6FA0BF}.Release|Any CPU.ActiveCfg = Release|Any CPU
		{5C75165D-13B6-49F7-926D-6F014D6FA0BF}.Release|Any CPU.Build.0 = Release|Any CPU
		{5C75165D-13B6-49F7-926D-6F014D6FA0BF}.Release|x64.ActiveCfg = Release|Any CPU
		{5C75165D-13B6-49F7-926D-6F014D6FA0BF}.Release|x64.Build.0 = Release|Any CPU
		{5C75165D-13B6-49F7-926D-6F014D6FA0BF}.Release|x86.ActiveCfg = Release|Any CPU
		{5C75165D-13B6-49F7-926D-6F014D6FA0BF}.Release|x86.Build.0 = Release|Any CPU
		{325CCA09-17ED-4204-AB5C-216FFC921C29}.Debug|Any CPU.ActiveCfg = Debug|Any CPU
		{325CCA09-17ED-4204-AB5C-216FFC921C29}.Debug|Any CPU.Build.0 = Debug|Any CPU
		{325CCA09-17ED-4204-AB5C-216FFC921C29}.Debug|x64.ActiveCfg = Debug|Any CPU
		{325CCA09-17ED-4204-AB5C-216FFC921C29}.Debug|x64.Build.0 = Debug|Any CPU
		{325CCA09-17ED-4204-AB5C-216FFC921C29}.Debug|x86.ActiveCfg = Debug|Any CPU
		{325CCA09-17ED-4204-AB5C-216FFC921C29}.Debug|x86.Build.0 = Debug|Any CPU
		{325CCA09-17ED-4204-AB5C-216FFC921C29}.Release|Any CPU.ActiveCfg = Release|Any CPU
		{325CCA09-17ED-4204-AB5C-216FFC921C29}.Release|Any CPU.Build.0 = Release|Any CPU
		{325CCA09-17ED-4204-AB5C-216FFC921C29}.Release|x64.ActiveCfg = Release|Any CPU
		{325CCA09-17ED-4204-AB5C-216FFC921C29}.Release|x64.Build.0 = Release|Any CPU
		{325CCA09-17ED-4204-AB5C-216FFC921C29}.Release|x86.ActiveCfg = Release|Any CPU
		{325CCA09-17ED-4204-AB5C-216FFC921C29}.Release|x86.Build.0 = Release|Any CPU
		{CC7E906E-3D93-461B-867A-24D141B95F0B}.Debug|Any CPU.ActiveCfg = Debug|Any CPU
		{CC7E906E-3D93-461B-867A-24D141B95F0B}.Debug|Any CPU.Build.0 = Debug|Any CPU
		{CC7E906E-3D93-461B-867A-24D141B95F0B}.Debug|x64.ActiveCfg = Debug|Any CPU
		{CC7E906E-3D93-461B-867A-24D141B95F0B}.Debug|x64.Build.0 = Debug|Any CPU
		{CC7E906E-3D93-461B-867A-24D141B95F0B}.Debug|x86.ActiveCfg = Debug|Any CPU
		{CC7E906E-3D93-461B-867A-24D141B95F0B}.Debug|x86.Build.0 = Debug|Any CPU
		{CC7E906E-3D93-461B-867A-24D141B95F0B}.Release|Any CPU.ActiveCfg = Release|Any CPU
		{CC7E906E-3D93-461B-867A-24D141B95F0B}.Release|Any CPU.Build.0 = Release|Any CPU
		{CC7E906E-3D93-461B-867A-24D141B95F0B}.Release|x64.ActiveCfg = Release|Any CPU
		{CC7E906E-3D93-461B-867A-24D141B95F0B}.Release|x64.Build.0 = Release|Any CPU
		{CC7E906E-3D93-461B-867A-24D141B95F0B}.Release|x86.ActiveCfg = Release|Any CPU
		{CC7E906E-3D93-461B-867A-24D141B95F0B}.Release|x86.Build.0 = Release|Any CPU
		{79A7108A-AAF2-4E6A-BEBF-C0954566DCCA}.Debug|Any CPU.ActiveCfg = Debug|Any CPU
		{79A7108A-AAF2-4E6A-BEBF-C0954566DCCA}.Debug|Any CPU.Build.0 = Debug|Any CPU
		{79A7108A-AAF2-4E6A-BEBF-C0954566DCCA}.Debug|x64.ActiveCfg = Debug|Any CPU
		{79A7108A-AAF2-4E6A-BEBF-C0954566DCCA}.Debug|x64.Build.0 = Debug|Any CPU
		{79A7108A-AAF2-4E6A-BEBF-C0954566DCCA}.Debug|x86.ActiveCfg = Debug|Any CPU
		{79A7108A-AAF2-4E6A-BEBF-C0954566DCCA}.Debug|x86.Build.0 = Debug|Any CPU
		{79A7108A-AAF2-4E6A-BEBF-C0954566DCCA}.Release|Any CPU.ActiveCfg = Release|Any CPU
		{79A7108A-AAF2-4E6A-BEBF-C0954566DCCA}.Release|Any CPU.Build.0 = Release|Any CPU
		{79A7108A-AAF2-4E6A-BEBF-C0954566DCCA}.Release|x64.ActiveCfg = Release|Any CPU
		{79A7108A-AAF2-4E6A-BEBF-C0954566DCCA}.Release|x64.Build.0 = Release|Any CPU
		{79A7108A-AAF2-4E6A-BEBF-C0954566DCCA}.Release|x86.ActiveCfg = Release|Any CPU
		{79A7108A-AAF2-4E6A-BEBF-C0954566DCCA}.Release|x86.Build.0 = Release|Any CPU
		{15D6C818-3EF8-44C7-8DD8-4B02E5E09E47}.Debug|Any CPU.ActiveCfg = Debug|Any CPU
		{15D6C818-3EF8-44C7-8DD8-4B02E5E09E47}.Debug|Any CPU.Build.0 = Debug|Any CPU
		{15D6C818-3EF8-44C7-8DD8-4B02E5E09E47}.Debug|x64.ActiveCfg = Debug|Any CPU
		{15D6C818-3EF8-44C7-8DD8-4B02E5E09E47}.Debug|x64.Build.0 = Debug|Any CPU
		{15D6C818-3EF8-44C7-8DD8-4B02E5E09E47}.Debug|x86.ActiveCfg = Debug|Any CPU
		{15D6C818-3EF8-44C7-8DD8-4B02E5E09E47}.Debug|x86.Build.0 = Debug|Any CPU
		{15D6C818-3EF8-44C7-8DD8-4B02E5E09E47}.Release|Any CPU.ActiveCfg = Release|Any CPU
		{15D6C818-3EF8-44C7-8DD8-4B02E5E09E47}.Release|Any CPU.Build.0 = Release|Any CPU
		{15D6C818-3EF8-44C7-8DD8-4B02E5E09E47}.Release|x64.ActiveCfg = Release|Any CPU
		{15D6C818-3EF8-44C7-8DD8-4B02E5E09E47}.Release|x64.Build.0 = Release|Any CPU
		{15D6C818-3EF8-44C7-8DD8-4B02E5E09E47}.Release|x86.ActiveCfg = Release|Any CPU
		{15D6C818-3EF8-44C7-8DD8-4B02E5E09E47}.Release|x86.Build.0 = Release|Any CPU
		{2536D2C7-5C54-44C1-AD40-9054A9EFD500}.Debug|Any CPU.ActiveCfg = Debug|Any CPU
		{2536D2C7-5C54-44C1-AD40-9054A9EFD500}.Debug|Any CPU.Build.0 = Debug|Any CPU
		{2536D2C7-5C54-44C1-AD40-9054A9EFD500}.Debug|x64.ActiveCfg = Debug|Any CPU
		{2536D2C7-5C54-44C1-AD40-9054A9EFD500}.Debug|x64.Build.0 = Debug|Any CPU
		{2536D2C7-5C54-44C1-AD40-9054A9EFD500}.Debug|x86.ActiveCfg = Debug|Any CPU
		{2536D2C7-5C54-44C1-AD40-9054A9EFD500}.Debug|x86.Build.0 = Debug|Any CPU
		{2536D2C7-5C54-44C1-AD40-9054A9EFD500}.Release|Any CPU.ActiveCfg = Release|Any CPU
		{2536D2C7-5C54-44C1-AD40-9054A9EFD500}.Release|Any CPU.Build.0 = Release|Any CPU
		{2536D2C7-5C54-44C1-AD40-9054A9EFD500}.Release|x64.ActiveCfg = Release|Any CPU
		{2536D2C7-5C54-44C1-AD40-9054A9EFD500}.Release|x64.Build.0 = Release|Any CPU
		{2536D2C7-5C54-44C1-AD40-9054A9EFD500}.Release|x86.ActiveCfg = Release|Any CPU
		{2536D2C7-5C54-44C1-AD40-9054A9EFD500}.Release|x86.Build.0 = Release|Any CPU
		{79F93E4C-138C-4229-AC26-1B75D5E72768}.Debug|Any CPU.ActiveCfg = Debug|Any CPU
		{79F93E4C-138C-4229-AC26-1B75D5E72768}.Debug|Any CPU.Build.0 = Debug|Any CPU
		{79F93E4C-138C-4229-AC26-1B75D5E72768}.Debug|x64.ActiveCfg = Debug|Any CPU
		{79F93E4C-138C-4229-AC26-1B75D5E72768}.Debug|x64.Build.0 = Debug|Any CPU
		{79F93E4C-138C-4229-AC26-1B75D5E72768}.Debug|x86.ActiveCfg = Debug|Any CPU
		{79F93E4C-138C-4229-AC26-1B75D5E72768}.Debug|x86.Build.0 = Debug|Any CPU
		{79F93E4C-138C-4229-AC26-1B75D5E72768}.Release|Any CPU.ActiveCfg = Release|Any CPU
		{79F93E4C-138C-4229-AC26-1B75D5E72768}.Release|Any CPU.Build.0 = Release|Any CPU
		{79F93E4C-138C-4229-AC26-1B75D5E72768}.Release|x64.ActiveCfg = Release|Any CPU
		{79F93E4C-138C-4229-AC26-1B75D5E72768}.Release|x64.Build.0 = Release|Any CPU
		{79F93E4C-138C-4229-AC26-1B75D5E72768}.Release|x86.ActiveCfg = Release|Any CPU
		{79F93E4C-138C-4229-AC26-1B75D5E72768}.Release|x86.Build.0 = Release|Any CPU
		{9C728E25-3523-4A7C-8AEE-1B805E2C10F4}.Debug|Any CPU.ActiveCfg = Debug|Any CPU
		{9C728E25-3523-4A7C-8AEE-1B805E2C10F4}.Debug|Any CPU.Build.0 = Debug|Any CPU
		{9C728E25-3523-4A7C-8AEE-1B805E2C10F4}.Debug|x64.ActiveCfg = Debug|Any CPU
		{9C728E25-3523-4A7C-8AEE-1B805E2C10F4}.Debug|x64.Build.0 = Debug|Any CPU
		{9C728E25-3523-4A7C-8AEE-1B805E2C10F4}.Debug|x86.ActiveCfg = Debug|Any CPU
		{9C728E25-3523-4A7C-8AEE-1B805E2C10F4}.Debug|x86.Build.0 = Debug|Any CPU
		{9C728E25-3523-4A7C-8AEE-1B805E2C10F4}.Release|Any CPU.ActiveCfg = Release|Any CPU
		{9C728E25-3523-4A7C-8AEE-1B805E2C10F4}.Release|Any CPU.Build.0 = Release|Any CPU
		{9C728E25-3523-4A7C-8AEE-1B805E2C10F4}.Release|x64.ActiveCfg = Release|Any CPU
		{9C728E25-3523-4A7C-8AEE-1B805E2C10F4}.Release|x64.Build.0 = Release|Any CPU
		{9C728E25-3523-4A7C-8AEE-1B805E2C10F4}.Release|x86.ActiveCfg = Release|Any CPU
		{9C728E25-3523-4A7C-8AEE-1B805E2C10F4}.Release|x86.Build.0 = Release|Any CPU
		{68B84CB1-5560-4527-A1AD-48D1F25F25F5}.Debug|Any CPU.ActiveCfg = Debug|Any CPU
		{68B84CB1-5560-4527-A1AD-48D1F25F25F5}.Debug|Any CPU.Build.0 = Debug|Any CPU
		{68B84CB1-5560-4527-A1AD-48D1F25F25F5}.Debug|x64.ActiveCfg = Debug|Any CPU
		{68B84CB1-5560-4527-A1AD-48D1F25F25F5}.Debug|x64.Build.0 = Debug|Any CPU
		{68B84CB1-5560-4527-A1AD-48D1F25F25F5}.Debug|x86.ActiveCfg = Debug|Any CPU
		{68B84CB1-5560-4527-A1AD-48D1F25F25F5}.Debug|x86.Build.0 = Debug|Any CPU
		{68B84CB1-5560-4527-A1AD-48D1F25F25F5}.Release|Any CPU.ActiveCfg = Release|Any CPU
		{68B84CB1-5560-4527-A1AD-48D1F25F25F5}.Release|Any CPU.Build.0 = Release|Any CPU
		{68B84CB1-5560-4527-A1AD-48D1F25F25F5}.Release|x64.ActiveCfg = Release|Any CPU
		{68B84CB1-5560-4527-A1AD-48D1F25F25F5}.Release|x64.Build.0 = Release|Any CPU
		{68B84CB1-5560-4527-A1AD-48D1F25F25F5}.Release|x86.ActiveCfg = Release|Any CPU
		{68B84CB1-5560-4527-A1AD-48D1F25F25F5}.Release|x86.Build.0 = Release|Any CPU
		{1B451833-FD82-4F11-8742-30D21EA311C9}.Debug|Any CPU.ActiveCfg = Debug|Any CPU
		{1B451833-FD82-4F11-8742-30D21EA311C9}.Debug|Any CPU.Build.0 = Debug|Any CPU
		{1B451833-FD82-4F11-8742-30D21EA311C9}.Debug|x64.ActiveCfg = Debug|Any CPU
		{1B451833-FD82-4F11-8742-30D21EA311C9}.Debug|x64.Build.0 = Debug|Any CPU
		{1B451833-FD82-4F11-8742-30D21EA311C9}.Debug|x86.ActiveCfg = Debug|Any CPU
		{1B451833-FD82-4F11-8742-30D21EA311C9}.Debug|x86.Build.0 = Debug|Any CPU
		{1B451833-FD82-4F11-8742-30D21EA311C9}.Release|Any CPU.ActiveCfg = Release|Any CPU
		{1B451833-FD82-4F11-8742-30D21EA311C9}.Release|Any CPU.Build.0 = Release|Any CPU
		{1B451833-FD82-4F11-8742-30D21EA311C9}.Release|x64.ActiveCfg = Release|Any CPU
		{1B451833-FD82-4F11-8742-30D21EA311C9}.Release|x64.Build.0 = Release|Any CPU
		{1B451833-FD82-4F11-8742-30D21EA311C9}.Release|x86.ActiveCfg = Release|Any CPU
		{1B451833-FD82-4F11-8742-30D21EA311C9}.Release|x86.Build.0 = Release|Any CPU
		{6FB8B8F9-E94A-4097-8EF9-63AD0B0727F2}.Debug|Any CPU.ActiveCfg = Debug|Any CPU
		{6FB8B8F9-E94A-4097-8EF9-63AD0B0727F2}.Debug|Any CPU.Build.0 = Debug|Any CPU
		{6FB8B8F9-E94A-4097-8EF9-63AD0B0727F2}.Debug|x64.ActiveCfg = Debug|Any CPU
		{6FB8B8F9-E94A-4097-8EF9-63AD0B0727F2}.Debug|x64.Build.0 = Debug|Any CPU
		{6FB8B8F9-E94A-4097-8EF9-63AD0B0727F2}.Debug|x86.ActiveCfg = Debug|Any CPU
		{6FB8B8F9-E94A-4097-8EF9-63AD0B0727F2}.Debug|x86.Build.0 = Debug|Any CPU
		{6FB8B8F9-E94A-4097-8EF9-63AD0B0727F2}.Release|Any CPU.ActiveCfg = Release|Any CPU
		{6FB8B8F9-E94A-4097-8EF9-63AD0B0727F2}.Release|Any CPU.Build.0 = Release|Any CPU
		{6FB8B8F9-E94A-4097-8EF9-63AD0B0727F2}.Release|x64.ActiveCfg = Release|Any CPU
		{6FB8B8F9-E94A-4097-8EF9-63AD0B0727F2}.Release|x64.Build.0 = Release|Any CPU
		{6FB8B8F9-E94A-4097-8EF9-63AD0B0727F2}.Release|x86.ActiveCfg = Release|Any CPU
		{6FB8B8F9-E94A-4097-8EF9-63AD0B0727F2}.Release|x86.Build.0 = Release|Any CPU
		{5ACFEC27-8331-48F0-98AA-6A754CD30A08}.Debug|Any CPU.ActiveCfg = Debug|Any CPU
		{5ACFEC27-8331-48F0-98AA-6A754CD30A08}.Debug|Any CPU.Build.0 = Debug|Any CPU
		{5ACFEC27-8331-48F0-98AA-6A754CD30A08}.Debug|x64.ActiveCfg = Debug|Any CPU
		{5ACFEC27-8331-48F0-98AA-6A754CD30A08}.Debug|x64.Build.0 = Debug|Any CPU
		{5ACFEC27-8331-48F0-98AA-6A754CD30A08}.Debug|x86.ActiveCfg = Debug|Any CPU
		{5ACFEC27-8331-48F0-98AA-6A754CD30A08}.Debug|x86.Build.0 = Debug|Any CPU
		{5ACFEC27-8331-48F0-98AA-6A754CD30A08}.Release|Any CPU.ActiveCfg = Release|Any CPU
		{5ACFEC27-8331-48F0-98AA-6A754CD30A08}.Release|Any CPU.Build.0 = Release|Any CPU
		{5ACFEC27-8331-48F0-98AA-6A754CD30A08}.Release|x64.ActiveCfg = Release|Any CPU
		{5ACFEC27-8331-48F0-98AA-6A754CD30A08}.Release|x64.Build.0 = Release|Any CPU
		{5ACFEC27-8331-48F0-98AA-6A754CD30A08}.Release|x86.ActiveCfg = Release|Any CPU
		{5ACFEC27-8331-48F0-98AA-6A754CD30A08}.Release|x86.Build.0 = Release|Any CPU
		{7F16DF0C-987E-496B-B89C-4F486A2AE570}.Debug|Any CPU.ActiveCfg = Debug|Any CPU
		{7F16DF0C-987E-496B-B89C-4F486A2AE570}.Debug|Any CPU.Build.0 = Debug|Any CPU
		{7F16DF0C-987E-496B-B89C-4F486A2AE570}.Debug|x64.ActiveCfg = Debug|Any CPU
		{7F16DF0C-987E-496B-B89C-4F486A2AE570}.Debug|x64.Build.0 = Debug|Any CPU
		{7F16DF0C-987E-496B-B89C-4F486A2AE570}.Debug|x86.ActiveCfg = Debug|Any CPU
		{7F16DF0C-987E-496B-B89C-4F486A2AE570}.Debug|x86.Build.0 = Debug|Any CPU
		{7F16DF0C-987E-496B-B89C-4F486A2AE570}.Release|Any CPU.ActiveCfg = Release|Any CPU
		{7F16DF0C-987E-496B-B89C-4F486A2AE570}.Release|Any CPU.Build.0 = Release|Any CPU
		{7F16DF0C-987E-496B-B89C-4F486A2AE570}.Release|x64.ActiveCfg = Release|Any CPU
		{7F16DF0C-987E-496B-B89C-4F486A2AE570}.Release|x64.Build.0 = Release|Any CPU
		{7F16DF0C-987E-496B-B89C-4F486A2AE570}.Release|x86.ActiveCfg = Release|Any CPU
		{7F16DF0C-987E-496B-B89C-4F486A2AE570}.Release|x86.Build.0 = Release|Any CPU
		{BBCC2AB3-B0D3-4996-B196-6448E2EB7542}.Debug|Any CPU.ActiveCfg = Debug|Any CPU
		{BBCC2AB3-B0D3-4996-B196-6448E2EB7542}.Debug|Any CPU.Build.0 = Debug|Any CPU
		{24AB053B-6E52-4B58-9572-B95C75FAB67F}.Debug|Any CPU.ActiveCfg = Debug|Any CPU
		{24AB053B-6E52-4B58-9572-B95C75FAB67F}.Debug|Any CPU.Build.0 = Debug|Any CPU
		{24AB053B-6E52-4B58-9572-B95C75FAB67F}.Debug|x64.ActiveCfg = Debug|Any CPU
		{24AB053B-6E52-4B58-9572-B95C75FAB67F}.Debug|x64.Build.0 = Debug|Any CPU
		{24AB053B-6E52-4B58-9572-B95C75FAB67F}.Debug|x86.ActiveCfg = Debug|Any CPU
		{24AB053B-6E52-4B58-9572-B95C75FAB67F}.Debug|x86.Build.0 = Debug|Any CPU
		{24AB053B-6E52-4B58-9572-B95C75FAB67F}.Release|Any CPU.ActiveCfg = Release|Any CPU
		{24AB053B-6E52-4B58-9572-B95C75FAB67F}.Release|Any CPU.Build.0 = Release|Any CPU
		{24AB053B-6E52-4B58-9572-B95C75FAB67F}.Release|x64.ActiveCfg = Release|Any CPU
		{24AB053B-6E52-4B58-9572-B95C75FAB67F}.Release|x64.Build.0 = Release|Any CPU
		{24AB053B-6E52-4B58-9572-B95C75FAB67F}.Release|x86.ActiveCfg = Release|Any CPU
		{24AB053B-6E52-4B58-9572-B95C75FAB67F}.Release|x86.Build.0 = Release|Any CPU
		{A8A37E5D-B7EC-499E-8538-FE80F265170F}.Debug|Any CPU.ActiveCfg = Debug|Any CPU
		{A8A37E5D-B7EC-499E-8538-FE80F265170F}.Debug|Any CPU.Build.0 = Debug|Any CPU
		{A8A37E5D-B7EC-499E-8538-FE80F265170F}.Debug|x64.ActiveCfg = Debug|Any CPU
		{A8A37E5D-B7EC-499E-8538-FE80F265170F}.Debug|x64.Build.0 = Debug|Any CPU
		{A8A37E5D-B7EC-499E-8538-FE80F265170F}.Debug|x86.ActiveCfg = Debug|Any CPU
		{A8A37E5D-B7EC-499E-8538-FE80F265170F}.Debug|x86.Build.0 = Debug|Any CPU
		{A8A37E5D-B7EC-499E-8538-FE80F265170F}.Release|Any CPU.ActiveCfg = Release|Any CPU
		{A8A37E5D-B7EC-499E-8538-FE80F265170F}.Release|Any CPU.Build.0 = Release|Any CPU
		{A8A37E5D-B7EC-499E-8538-FE80F265170F}.Release|x64.ActiveCfg = Release|Any CPU
		{A8A37E5D-B7EC-499E-8538-FE80F265170F}.Release|x64.Build.0 = Release|Any CPU
		{A8A37E5D-B7EC-499E-8538-FE80F265170F}.Release|x86.ActiveCfg = Release|Any CPU
		{A8A37E5D-B7EC-499E-8538-FE80F265170F}.Release|x86.Build.0 = Release|Any CPU
		{E106E180-F044-4C58-98F5-A9D53E17FD77}.Debug|Any CPU.ActiveCfg = Debug|Any CPU
		{E106E180-F044-4C58-98F5-A9D53E17FD77}.Debug|Any CPU.Build.0 = Debug|Any CPU
		{E106E180-F044-4C58-98F5-A9D53E17FD77}.Debug|x64.ActiveCfg = Debug|Any CPU
		{E106E180-F044-4C58-98F5-A9D53E17FD77}.Debug|x64.Build.0 = Debug|Any CPU
		{E106E180-F044-4C58-98F5-A9D53E17FD77}.Debug|x86.ActiveCfg = Debug|Any CPU
		{E106E180-F044-4C58-98F5-A9D53E17FD77}.Debug|x86.Build.0 = Debug|Any CPU
		{E106E180-F044-4C58-98F5-A9D53E17FD77}.Release|Any CPU.ActiveCfg = Release|Any CPU
		{E106E180-F044-4C58-98F5-A9D53E17FD77}.Release|Any CPU.Build.0 = Release|Any CPU
		{E106E180-F044-4C58-98F5-A9D53E17FD77}.Release|x64.ActiveCfg = Release|Any CPU
		{E106E180-F044-4C58-98F5-A9D53E17FD77}.Release|x64.Build.0 = Release|Any CPU
		{E106E180-F044-4C58-98F5-A9D53E17FD77}.Release|x86.ActiveCfg = Release|Any CPU
		{E106E180-F044-4C58-98F5-A9D53E17FD77}.Release|x86.Build.0 = Release|Any CPU
		{E40DCE30-1801-4916-B0A0-49FFB780F15F}.Debug|Any CPU.ActiveCfg = Debug|Any CPU
		{E40DCE30-1801-4916-B0A0-49FFB780F15F}.Debug|Any CPU.Build.0 = Debug|Any CPU
		{E40DCE30-1801-4916-B0A0-49FFB780F15F}.Debug|x64.ActiveCfg = Debug|Any CPU
		{E40DCE30-1801-4916-B0A0-49FFB780F15F}.Debug|x64.Build.0 = Debug|Any CPU
		{E40DCE30-1801-4916-B0A0-49FFB780F15F}.Debug|x86.ActiveCfg = Debug|Any CPU
		{E40DCE30-1801-4916-B0A0-49FFB780F15F}.Debug|x86.Build.0 = Debug|Any CPU
		{E40DCE30-1801-4916-B0A0-49FFB780F15F}.Release|Any CPU.ActiveCfg = Release|Any CPU
		{E40DCE30-1801-4916-B0A0-49FFB780F15F}.Release|Any CPU.Build.0 = Release|Any CPU
		{E40DCE30-1801-4916-B0A0-49FFB780F15F}.Release|x64.ActiveCfg = Release|Any CPU
		{E40DCE30-1801-4916-B0A0-49FFB780F15F}.Release|x64.Build.0 = Release|Any CPU
		{E40DCE30-1801-4916-B0A0-49FFB780F15F}.Release|x86.ActiveCfg = Release|Any CPU
		{E40DCE30-1801-4916-B0A0-49FFB780F15F}.Release|x86.Build.0 = Release|Any CPU
		{657BFE41-4BA8-43DA-B57E-FCD9F8DBED41}.Debug|Any CPU.ActiveCfg = Debug|Any CPU
		{657BFE41-4BA8-43DA-B57E-FCD9F8DBED41}.Debug|Any CPU.Build.0 = Debug|Any CPU
		{657BFE41-4BA8-43DA-B57E-FCD9F8DBED41}.Debug|x64.ActiveCfg = Debug|Any CPU
		{657BFE41-4BA8-43DA-B57E-FCD9F8DBED41}.Debug|x64.Build.0 = Debug|Any CPU
		{657BFE41-4BA8-43DA-B57E-FCD9F8DBED41}.Debug|x86.ActiveCfg = Debug|Any CPU
		{657BFE41-4BA8-43DA-B57E-FCD9F8DBED41}.Debug|x86.Build.0 = Debug|Any CPU
		{657BFE41-4BA8-43DA-B57E-FCD9F8DBED41}.Release|Any CPU.ActiveCfg = Release|Any CPU
		{657BFE41-4BA8-43DA-B57E-FCD9F8DBED41}.Release|Any CPU.Build.0 = Release|Any CPU
		{657BFE41-4BA8-43DA-B57E-FCD9F8DBED41}.Release|x64.ActiveCfg = Release|Any CPU
		{657BFE41-4BA8-43DA-B57E-FCD9F8DBED41}.Release|x64.Build.0 = Release|Any CPU
		{657BFE41-4BA8-43DA-B57E-FCD9F8DBED41}.Release|x86.ActiveCfg = Release|Any CPU
		{657BFE41-4BA8-43DA-B57E-FCD9F8DBED41}.Release|x86.Build.0 = Release|Any CPU
		{CDAFC96E-7E3E-4D29-AAC6-D56508E98C09}.Debug|Any CPU.ActiveCfg = Debug|Any CPU
		{CDAFC96E-7E3E-4D29-AAC6-D56508E98C09}.Debug|Any CPU.Build.0 = Debug|Any CPU
		{CDAFC96E-7E3E-4D29-AAC6-D56508E98C09}.Debug|x64.ActiveCfg = Debug|Any CPU
		{CDAFC96E-7E3E-4D29-AAC6-D56508E98C09}.Debug|x64.Build.0 = Debug|Any CPU
		{CDAFC96E-7E3E-4D29-AAC6-D56508E98C09}.Debug|x86.ActiveCfg = Debug|Any CPU
		{CDAFC96E-7E3E-4D29-AAC6-D56508E98C09}.Debug|x86.Build.0 = Debug|Any CPU
		{CDAFC96E-7E3E-4D29-AAC6-D56508E98C09}.Release|Any CPU.ActiveCfg = Release|Any CPU
		{CDAFC96E-7E3E-4D29-AAC6-D56508E98C09}.Release|Any CPU.Build.0 = Release|Any CPU
		{CDAFC96E-7E3E-4D29-AAC6-D56508E98C09}.Release|x64.ActiveCfg = Release|Any CPU
		{CDAFC96E-7E3E-4D29-AAC6-D56508E98C09}.Release|x64.Build.0 = Release|Any CPU
		{CDAFC96E-7E3E-4D29-AAC6-D56508E98C09}.Release|x86.ActiveCfg = Release|Any CPU
		{CDAFC96E-7E3E-4D29-AAC6-D56508E98C09}.Release|x86.Build.0 = Release|Any CPU
		{CC6C11D4-D731-40D8-BB67-C05BC5E158A8}.Debug|Any CPU.ActiveCfg = Debug|Any CPU
		{CC6C11D4-D731-40D8-BB67-C05BC5E158A8}.Debug|Any CPU.Build.0 = Debug|Any CPU
		{CC6C11D4-D731-40D8-BB67-C05BC5E158A8}.Debug|x64.ActiveCfg = Debug|Any CPU
		{CC6C11D4-D731-40D8-BB67-C05BC5E158A8}.Debug|x64.Build.0 = Debug|Any CPU
		{CC6C11D4-D731-40D8-BB67-C05BC5E158A8}.Debug|x86.ActiveCfg = Debug|Any CPU
		{CC6C11D4-D731-40D8-BB67-C05BC5E158A8}.Debug|x86.Build.0 = Debug|Any CPU
		{CC6C11D4-D731-40D8-BB67-C05BC5E158A8}.Release|Any CPU.ActiveCfg = Release|Any CPU
		{CC6C11D4-D731-40D8-BB67-C05BC5E158A8}.Release|Any CPU.Build.0 = Release|Any CPU
		{CC6C11D4-D731-40D8-BB67-C05BC5E158A8}.Release|x64.ActiveCfg = Release|Any CPU
		{CC6C11D4-D731-40D8-BB67-C05BC5E158A8}.Release|x64.Build.0 = Release|Any CPU
		{CC6C11D4-D731-40D8-BB67-C05BC5E158A8}.Release|x86.ActiveCfg = Release|Any CPU
		{CC6C11D4-D731-40D8-BB67-C05BC5E158A8}.Release|x86.Build.0 = Release|Any CPU
		{CE5CA9AA-2708-4155-B04A-5D40A90EA26D}.Debug|Any CPU.ActiveCfg = Debug|Any CPU
		{CE5CA9AA-2708-4155-B04A-5D40A90EA26D}.Debug|Any CPU.Build.0 = Debug|Any CPU
		{CE5CA9AA-2708-4155-B04A-5D40A90EA26D}.Debug|x64.ActiveCfg = Debug|Any CPU
		{CE5CA9AA-2708-4155-B04A-5D40A90EA26D}.Debug|x64.Build.0 = Debug|Any CPU
		{CE5CA9AA-2708-4155-B04A-5D40A90EA26D}.Debug|x86.ActiveCfg = Debug|Any CPU
		{CE5CA9AA-2708-4155-B04A-5D40A90EA26D}.Debug|x86.Build.0 = Debug|Any CPU
		{CE5CA9AA-2708-4155-B04A-5D40A90EA26D}.Release|Any CPU.ActiveCfg = Release|Any CPU
		{CE5CA9AA-2708-4155-B04A-5D40A90EA26D}.Release|Any CPU.Build.0 = Release|Any CPU
		{CE5CA9AA-2708-4155-B04A-5D40A90EA26D}.Release|x64.ActiveCfg = Release|Any CPU
		{CE5CA9AA-2708-4155-B04A-5D40A90EA26D}.Release|x64.Build.0 = Release|Any CPU
		{CE5CA9AA-2708-4155-B04A-5D40A90EA26D}.Release|x86.ActiveCfg = Release|Any CPU
		{CE5CA9AA-2708-4155-B04A-5D40A90EA26D}.Release|x86.Build.0 = Release|Any CPU
		{C9014C1F-DAF2-44D6-A3C0-6FC66E876375}.Debug|Any CPU.ActiveCfg = Debug|Any CPU
		{C9014C1F-DAF2-44D6-A3C0-6FC66E876375}.Debug|Any CPU.Build.0 = Debug|Any CPU
		{C9014C1F-DAF2-44D6-A3C0-6FC66E876375}.Debug|x64.ActiveCfg = Debug|Any CPU
		{C9014C1F-DAF2-44D6-A3C0-6FC66E876375}.Debug|x64.Build.0 = Debug|Any CPU
		{C9014C1F-DAF2-44D6-A3C0-6FC66E876375}.Debug|x86.ActiveCfg = Debug|Any CPU
		{C9014C1F-DAF2-44D6-A3C0-6FC66E876375}.Debug|x86.Build.0 = Debug|Any CPU
		{C9014C1F-DAF2-44D6-A3C0-6FC66E876375}.Release|Any CPU.ActiveCfg = Release|Any CPU
		{C9014C1F-DAF2-44D6-A3C0-6FC66E876375}.Release|Any CPU.Build.0 = Release|Any CPU
		{C9014C1F-DAF2-44D6-A3C0-6FC66E876375}.Release|x64.ActiveCfg = Release|Any CPU
		{C9014C1F-DAF2-44D6-A3C0-6FC66E876375}.Release|x64.Build.0 = Release|Any CPU
		{C9014C1F-DAF2-44D6-A3C0-6FC66E876375}.Release|x86.ActiveCfg = Release|Any CPU
		{C9014C1F-DAF2-44D6-A3C0-6FC66E876375}.Release|x86.Build.0 = Release|Any CPU
		{CE1A4DF8-8EDE-45AF-9594-7BAE7F30B567}.Debug|Any CPU.ActiveCfg = Debug|Any CPU
		{CE1A4DF8-8EDE-45AF-9594-7BAE7F30B567}.Debug|Any CPU.Build.0 = Debug|Any CPU
		{CE1A4DF8-8EDE-45AF-9594-7BAE7F30B567}.Debug|x64.ActiveCfg = Debug|Any CPU
		{CE1A4DF8-8EDE-45AF-9594-7BAE7F30B567}.Debug|x64.Build.0 = Debug|Any CPU
		{CE1A4DF8-8EDE-45AF-9594-7BAE7F30B567}.Debug|x86.ActiveCfg = Debug|Any CPU
		{CE1A4DF8-8EDE-45AF-9594-7BAE7F30B567}.Debug|x86.Build.0 = Debug|Any CPU
		{CE1A4DF8-8EDE-45AF-9594-7BAE7F30B567}.Release|Any CPU.ActiveCfg = Release|Any CPU
		{CE1A4DF8-8EDE-45AF-9594-7BAE7F30B567}.Release|Any CPU.Build.0 = Release|Any CPU
		{CE1A4DF8-8EDE-45AF-9594-7BAE7F30B567}.Release|x64.ActiveCfg = Release|Any CPU
		{CE1A4DF8-8EDE-45AF-9594-7BAE7F30B567}.Release|x64.Build.0 = Release|Any CPU
		{CE1A4DF8-8EDE-45AF-9594-7BAE7F30B567}.Release|x86.ActiveCfg = Release|Any CPU
		{CE1A4DF8-8EDE-45AF-9594-7BAE7F30B567}.Release|x86.Build.0 = Release|Any CPU
		{FE0F283E-6B95-4BF8-B7C4-1EB0893CE16D}.Debug|Any CPU.ActiveCfg = Debug|Any CPU
		{FE0F283E-6B95-4BF8-B7C4-1EB0893CE16D}.Debug|Any CPU.Build.0 = Debug|Any CPU
		{FE0F283E-6B95-4BF8-B7C4-1EB0893CE16D}.Debug|x64.ActiveCfg = Debug|Any CPU
		{FE0F283E-6B95-4BF8-B7C4-1EB0893CE16D}.Debug|x64.Build.0 = Debug|Any CPU
		{FE0F283E-6B95-4BF8-B7C4-1EB0893CE16D}.Debug|x86.ActiveCfg = Debug|Any CPU
		{FE0F283E-6B95-4BF8-B7C4-1EB0893CE16D}.Debug|x86.Build.0 = Debug|Any CPU
		{FE0F283E-6B95-4BF8-B7C4-1EB0893CE16D}.Release|Any CPU.ActiveCfg = Release|Any CPU
		{FE0F283E-6B95-4BF8-B7C4-1EB0893CE16D}.Release|Any CPU.Build.0 = Release|Any CPU
		{FE0F283E-6B95-4BF8-B7C4-1EB0893CE16D}.Release|x64.ActiveCfg = Release|Any CPU
		{FE0F283E-6B95-4BF8-B7C4-1EB0893CE16D}.Release|x64.Build.0 = Release|Any CPU
		{FE0F283E-6B95-4BF8-B7C4-1EB0893CE16D}.Release|x86.ActiveCfg = Release|Any CPU
		{FE0F283E-6B95-4BF8-B7C4-1EB0893CE16D}.Release|x86.Build.0 = Release|Any CPU
		{23C5321D-18E6-44FF-B779-5237A94561D3}.Debug|Any CPU.ActiveCfg = Debug|Any CPU
		{23C5321D-18E6-44FF-B779-5237A94561D3}.Debug|Any CPU.Build.0 = Debug|Any CPU
		{23C5321D-18E6-44FF-B779-5237A94561D3}.Debug|x64.ActiveCfg = Debug|Any CPU
		{23C5321D-18E6-44FF-B779-5237A94561D3}.Debug|x64.Build.0 = Debug|Any CPU
		{23C5321D-18E6-44FF-B779-5237A94561D3}.Debug|x86.ActiveCfg = Debug|Any CPU
		{23C5321D-18E6-44FF-B779-5237A94561D3}.Debug|x86.Build.0 = Debug|Any CPU
		{23C5321D-18E6-44FF-B779-5237A94561D3}.Release|Any CPU.ActiveCfg = Release|Any CPU
		{23C5321D-18E6-44FF-B779-5237A94561D3}.Release|Any CPU.Build.0 = Release|Any CPU
		{23C5321D-18E6-44FF-B779-5237A94561D3}.Release|x64.ActiveCfg = Release|Any CPU
		{23C5321D-18E6-44FF-B779-5237A94561D3}.Release|x64.Build.0 = Release|Any CPU
		{23C5321D-18E6-44FF-B779-5237A94561D3}.Release|x86.ActiveCfg = Release|Any CPU
		{23C5321D-18E6-44FF-B779-5237A94561D3}.Release|x86.Build.0 = Release|Any CPU
		{638CEB06-73AD-41E4-ABF9-F96F1DB7AE6A}.Debug|Any CPU.ActiveCfg = Debug|Any CPU
		{638CEB06-73AD-41E4-ABF9-F96F1DB7AE6A}.Debug|Any CPU.Build.0 = Debug|Any CPU
		{638CEB06-73AD-41E4-ABF9-F96F1DB7AE6A}.Debug|x64.ActiveCfg = Debug|Any CPU
		{638CEB06-73AD-41E4-ABF9-F96F1DB7AE6A}.Debug|x64.Build.0 = Debug|Any CPU
		{638CEB06-73AD-41E4-ABF9-F96F1DB7AE6A}.Debug|x86.ActiveCfg = Debug|Any CPU
		{638CEB06-73AD-41E4-ABF9-F96F1DB7AE6A}.Debug|x86.Build.0 = Debug|Any CPU
		{638CEB06-73AD-41E4-ABF9-F96F1DB7AE6A}.Release|Any CPU.ActiveCfg = Release|Any CPU
		{638CEB06-73AD-41E4-ABF9-F96F1DB7AE6A}.Release|Any CPU.Build.0 = Release|Any CPU
		{638CEB06-73AD-41E4-ABF9-F96F1DB7AE6A}.Release|x64.ActiveCfg = Release|Any CPU
		{638CEB06-73AD-41E4-ABF9-F96F1DB7AE6A}.Release|x64.Build.0 = Release|Any CPU
		{638CEB06-73AD-41E4-ABF9-F96F1DB7AE6A}.Release|x86.ActiveCfg = Release|Any CPU
		{638CEB06-73AD-41E4-ABF9-F96F1DB7AE6A}.Release|x86.Build.0 = Release|Any CPU
		{967B2E46-42D0-40DE-9F5A-4C4EDB803A54}.Debug|Any CPU.ActiveCfg = Debug|Any CPU
		{967B2E46-42D0-40DE-9F5A-4C4EDB803A54}.Debug|Any CPU.Build.0 = Debug|Any CPU
		{967B2E46-42D0-40DE-9F5A-4C4EDB803A54}.Debug|x64.ActiveCfg = Debug|Any CPU
		{967B2E46-42D0-40DE-9F5A-4C4EDB803A54}.Debug|x64.Build.0 = Debug|Any CPU
		{967B2E46-42D0-40DE-9F5A-4C4EDB803A54}.Debug|x86.ActiveCfg = Debug|Any CPU
		{967B2E46-42D0-40DE-9F5A-4C4EDB803A54}.Debug|x86.Build.0 = Debug|Any CPU
		{967B2E46-42D0-40DE-9F5A-4C4EDB803A54}.Release|Any CPU.ActiveCfg = Release|Any CPU
		{967B2E46-42D0-40DE-9F5A-4C4EDB803A54}.Release|Any CPU.Build.0 = Release|Any CPU
		{967B2E46-42D0-40DE-9F5A-4C4EDB803A54}.Release|x64.ActiveCfg = Release|Any CPU
		{967B2E46-42D0-40DE-9F5A-4C4EDB803A54}.Release|x64.Build.0 = Release|Any CPU
		{967B2E46-42D0-40DE-9F5A-4C4EDB803A54}.Release|x86.ActiveCfg = Release|Any CPU
		{967B2E46-42D0-40DE-9F5A-4C4EDB803A54}.Release|x86.Build.0 = Release|Any CPU
		{9E25BD6B-7D10-4B05-8892-5075DFB7437B}.Debug|Any CPU.ActiveCfg = Debug|Any CPU
		{9E25BD6B-7D10-4B05-8892-5075DFB7437B}.Debug|Any CPU.Build.0 = Debug|Any CPU
		{9E25BD6B-7D10-4B05-8892-5075DFB7437B}.Debug|x64.ActiveCfg = Debug|Any CPU
		{9E25BD6B-7D10-4B05-8892-5075DFB7437B}.Debug|x64.Build.0 = Debug|Any CPU
		{9E25BD6B-7D10-4B05-8892-5075DFB7437B}.Debug|x86.ActiveCfg = Debug|Any CPU
		{9E25BD6B-7D10-4B05-8892-5075DFB7437B}.Debug|x86.Build.0 = Debug|Any CPU
		{9E25BD6B-7D10-4B05-8892-5075DFB7437B}.Release|Any CPU.ActiveCfg = Release|Any CPU
		{9E25BD6B-7D10-4B05-8892-5075DFB7437B}.Release|Any CPU.Build.0 = Release|Any CPU
		{9E25BD6B-7D10-4B05-8892-5075DFB7437B}.Release|x64.ActiveCfg = Release|Any CPU
		{9E25BD6B-7D10-4B05-8892-5075DFB7437B}.Release|x64.Build.0 = Release|Any CPU
		{9E25BD6B-7D10-4B05-8892-5075DFB7437B}.Release|x86.ActiveCfg = Release|Any CPU
		{9E25BD6B-7D10-4B05-8892-5075DFB7437B}.Release|x86.Build.0 = Release|Any CPU
		{2C9547B3-4A27-4A2B-8DFD-9DD38924A475}.Debug|Any CPU.ActiveCfg = Debug|Any CPU
		{2C9547B3-4A27-4A2B-8DFD-9DD38924A475}.Debug|Any CPU.Build.0 = Debug|Any CPU
		{2C9547B3-4A27-4A2B-8DFD-9DD38924A475}.Debug|x64.ActiveCfg = Debug|Any CPU
		{2C9547B3-4A27-4A2B-8DFD-9DD38924A475}.Debug|x64.Build.0 = Debug|Any CPU
		{2C9547B3-4A27-4A2B-8DFD-9DD38924A475}.Debug|x86.ActiveCfg = Debug|Any CPU
		{2C9547B3-4A27-4A2B-8DFD-9DD38924A475}.Debug|x86.Build.0 = Debug|Any CPU
		{2C9547B3-4A27-4A2B-8DFD-9DD38924A475}.Release|Any CPU.ActiveCfg = Release|Any CPU
		{2C9547B3-4A27-4A2B-8DFD-9DD38924A475}.Release|Any CPU.Build.0 = Release|Any CPU
		{2C9547B3-4A27-4A2B-8DFD-9DD38924A475}.Release|x64.ActiveCfg = Release|Any CPU
		{2C9547B3-4A27-4A2B-8DFD-9DD38924A475}.Release|x64.Build.0 = Release|Any CPU
		{2C9547B3-4A27-4A2B-8DFD-9DD38924A475}.Release|x86.ActiveCfg = Release|Any CPU
		{2C9547B3-4A27-4A2B-8DFD-9DD38924A475}.Release|x86.Build.0 = Release|Any CPU
		{F60EB06A-1DBD-4538-B9E4-67EB8B50DB0E}.Debug|Any CPU.ActiveCfg = Debug|Any CPU
		{F60EB06A-1DBD-4538-B9E4-67EB8B50DB0E}.Debug|Any CPU.Build.0 = Debug|Any CPU
		{F60EB06A-1DBD-4538-B9E4-67EB8B50DB0E}.Debug|x64.ActiveCfg = Debug|Any CPU
		{F60EB06A-1DBD-4538-B9E4-67EB8B50DB0E}.Debug|x64.Build.0 = Debug|Any CPU
		{F60EB06A-1DBD-4538-B9E4-67EB8B50DB0E}.Debug|x86.ActiveCfg = Debug|Any CPU
		{F60EB06A-1DBD-4538-B9E4-67EB8B50DB0E}.Debug|x86.Build.0 = Debug|Any CPU
		{F60EB06A-1DBD-4538-B9E4-67EB8B50DB0E}.Release|Any CPU.ActiveCfg = Release|Any CPU
		{F60EB06A-1DBD-4538-B9E4-67EB8B50DB0E}.Release|Any CPU.Build.0 = Release|Any CPU
		{F60EB06A-1DBD-4538-B9E4-67EB8B50DB0E}.Release|x64.ActiveCfg = Release|Any CPU
		{F60EB06A-1DBD-4538-B9E4-67EB8B50DB0E}.Release|x64.Build.0 = Release|Any CPU
		{F60EB06A-1DBD-4538-B9E4-67EB8B50DB0E}.Release|x86.ActiveCfg = Release|Any CPU
		{F60EB06A-1DBD-4538-B9E4-67EB8B50DB0E}.Release|x86.Build.0 = Release|Any CPU
		{2393EAC0-C56B-4497-9BC9-54C4F67DC818}.Debug|Any CPU.ActiveCfg = Debug|Any CPU
		{2393EAC0-C56B-4497-9BC9-54C4F67DC818}.Debug|Any CPU.Build.0 = Debug|Any CPU
		{2393EAC0-C56B-4497-9BC9-54C4F67DC818}.Debug|x64.ActiveCfg = Debug|Any CPU
		{2393EAC0-C56B-4497-9BC9-54C4F67DC818}.Debug|x64.Build.0 = Debug|Any CPU
		{2393EAC0-C56B-4497-9BC9-54C4F67DC818}.Debug|x86.ActiveCfg = Debug|Any CPU
		{2393EAC0-C56B-4497-9BC9-54C4F67DC818}.Debug|x86.Build.0 = Debug|Any CPU
		{2393EAC0-C56B-4497-9BC9-54C4F67DC818}.Release|Any CPU.ActiveCfg = Release|Any CPU
		{2393EAC0-C56B-4497-9BC9-54C4F67DC818}.Release|Any CPU.Build.0 = Release|Any CPU
		{2393EAC0-C56B-4497-9BC9-54C4F67DC818}.Release|x64.ActiveCfg = Release|Any CPU
		{2393EAC0-C56B-4497-9BC9-54C4F67DC818}.Release|x64.Build.0 = Release|Any CPU
		{2393EAC0-C56B-4497-9BC9-54C4F67DC818}.Release|x86.ActiveCfg = Release|Any CPU
		{2393EAC0-C56B-4497-9BC9-54C4F67DC818}.Release|x86.Build.0 = Release|Any CPU
		{D2345678-9012-3456-7890-ABCDEF012345}.Debug|Any CPU.ActiveCfg = Debug|Any CPU
		{D2345678-9012-3456-7890-ABCDEF012345}.Debug|Any CPU.Build.0 = Debug|Any CPU
		{D2345678-9012-3456-7890-ABCDEF012345}.Release|Any CPU.ActiveCfg = Release|Any CPU
		{D2345678-9012-3456-7890-ABCDEF012345}.Release|Any CPU.Build.0 = Release|Any CPU
		{E2345678-9012-3456-7890-ABCDEF012345}.Debug|Any CPU.ActiveCfg = Debug|Any CPU
		{E2345678-9012-3456-7890-ABCDEF012345}.Debug|Any CPU.Build.0 = Debug|Any CPU
		{E2345678-9012-3456-7890-ABCDEF012345}.Release|Any CPU.ActiveCfg = Release|Any CPU
		{E2345678-9012-3456-7890-ABCDEF012345}.Release|Any CPU.Build.0 = Release|Any CPU
		{F2345678-9012-3456-7890-ABCDEF012345}.Debug|Any CPU.ActiveCfg = Debug|Any CPU
		{F2345678-9012-3456-7890-ABCDEF012345}.Debug|Any CPU.Build.0 = Debug|Any CPU
		{F2345678-9012-3456-7890-ABCDEF012345}.Release|Any CPU.ActiveCfg = Release|Any CPU
		{F2345678-9012-3456-7890-ABCDEF012345}.Release|Any CPU.Build.0 = Release|Any CPU
		{02345678-9012-3456-7890-ABCDEF012345}.Debug|Any CPU.ActiveCfg = Debug|Any CPU
		{02345678-9012-3456-7890-ABCDEF012345}.Debug|Any CPU.Build.0 = Debug|Any CPU
		{02345678-9012-3456-7890-ABCDEF012345}.Release|Any CPU.ActiveCfg = Release|Any CPU
		{02345678-9012-3456-7890-ABCDEF012345}.Release|Any CPU.Build.0 = Release|Any CPU
		{0DD1BE26-BEA2-4A67-9437-EE8F13C0064F}.Debug|Any CPU.ActiveCfg = Debug|Any CPU
		{0DD1BE26-BEA2-4A67-9437-EE8F13C0064F}.Debug|Any CPU.Build.0 = Debug|Any CPU
		{0DD1BE26-BEA2-4A67-9437-EE8F13C0064F}.Debug|x64.ActiveCfg = Debug|Any CPU
		{0DD1BE26-BEA2-4A67-9437-EE8F13C0064F}.Debug|x64.Build.0 = Debug|Any CPU
		{0DD1BE26-BEA2-4A67-9437-EE8F13C0064F}.Debug|x86.ActiveCfg = Debug|Any CPU
		{0DD1BE26-BEA2-4A67-9437-EE8F13C0064F}.Debug|x86.Build.0 = Debug|Any CPU
		{0DD1BE26-BEA2-4A67-9437-EE8F13C0064F}.Release|Any CPU.ActiveCfg = Release|Any CPU
		{0DD1BE26-BEA2-4A67-9437-EE8F13C0064F}.Release|Any CPU.Build.0 = Release|Any CPU
		{0DD1BE26-BEA2-4A67-9437-EE8F13C0064F}.Release|x64.ActiveCfg = Release|Any CPU
		{0DD1BE26-BEA2-4A67-9437-EE8F13C0064F}.Release|x64.Build.0 = Release|Any CPU
		{0DD1BE26-BEA2-4A67-9437-EE8F13C0064F}.Release|x86.ActiveCfg = Release|Any CPU
		{0DD1BE26-BEA2-4A67-9437-EE8F13C0064F}.Release|x86.Build.0 = Release|Any CPU
		{EDD96D0E-8E00-4EF7-9ECE-DF2FE4494697}.Debug|Any CPU.ActiveCfg = Debug|Any CPU
		{EDD96D0E-8E00-4EF7-9ECE-DF2FE4494697}.Debug|Any CPU.Build.0 = Debug|Any CPU
		{EDD96D0E-8E00-4EF7-9ECE-DF2FE4494697}.Debug|x64.ActiveCfg = Debug|Any CPU
		{EDD96D0E-8E00-4EF7-9ECE-DF2FE4494697}.Debug|x64.Build.0 = Debug|Any CPU
		{EDD96D0E-8E00-4EF7-9ECE-DF2FE4494697}.Debug|x86.ActiveCfg = Debug|Any CPU
		{EDD96D0E-8E00-4EF7-9ECE-DF2FE4494697}.Debug|x86.Build.0 = Debug|Any CPU
		{EDD96D0E-8E00-4EF7-9ECE-DF2FE4494697}.Release|Any CPU.ActiveCfg = Release|Any CPU
		{EDD96D0E-8E00-4EF7-9ECE-DF2FE4494697}.Release|Any CPU.Build.0 = Release|Any CPU
		{EDD96D0E-8E00-4EF7-9ECE-DF2FE4494697}.Release|x64.ActiveCfg = Release|Any CPU
		{EDD96D0E-8E00-4EF7-9ECE-DF2FE4494697}.Release|x64.Build.0 = Release|Any CPU
		{EDD96D0E-8E00-4EF7-9ECE-DF2FE4494697}.Release|x86.ActiveCfg = Release|Any CPU
		{EDD96D0E-8E00-4EF7-9ECE-DF2FE4494697}.Release|x86.Build.0 = Release|Any CPU
		{4D5F029F-29C9-4279-B6BA-DE4D0CE86FE5}.Debug|Any CPU.ActiveCfg = Debug|Any CPU
		{4D5F029F-29C9-4279-B6BA-DE4D0CE86FE5}.Debug|Any CPU.Build.0 = Debug|Any CPU
		{4D5F029F-29C9-4279-B6BA-DE4D0CE86FE5}.Debug|x64.ActiveCfg = Debug|Any CPU
		{4D5F029F-29C9-4279-B6BA-DE4D0CE86FE5}.Debug|x64.Build.0 = Debug|Any CPU
		{4D5F029F-29C9-4279-B6BA-DE4D0CE86FE5}.Debug|x86.ActiveCfg = Debug|Any CPU
		{4D5F029F-29C9-4279-B6BA-DE4D0CE86FE5}.Debug|x86.Build.0 = Debug|Any CPU
		{4D5F029F-29C9-4279-B6BA-DE4D0CE86FE5}.Release|Any CPU.ActiveCfg = Release|Any CPU
		{4D5F029F-29C9-4279-B6BA-DE4D0CE86FE5}.Release|Any CPU.Build.0 = Release|Any CPU
		{4D5F029F-29C9-4279-B6BA-DE4D0CE86FE5}.Release|x64.ActiveCfg = Release|Any CPU
		{4D5F029F-29C9-4279-B6BA-DE4D0CE86FE5}.Release|x64.Build.0 = Release|Any CPU
		{4D5F029F-29C9-4279-B6BA-DE4D0CE86FE5}.Release|x86.ActiveCfg = Release|Any CPU
		{4D5F029F-29C9-4279-B6BA-DE4D0CE86FE5}.Release|x86.Build.0 = Release|Any CPU
		{F148AB23-347B-48D2-AA9D-29EEF3C0C79A}.Debug|Any CPU.ActiveCfg = Debug|Any CPU
		{F148AB23-347B-48D2-AA9D-29EEF3C0C79A}.Debug|Any CPU.Build.0 = Debug|Any CPU
		{F148AB23-347B-48D2-AA9D-29EEF3C0C79A}.Debug|x64.ActiveCfg = Debug|Any CPU
		{F148AB23-347B-48D2-AA9D-29EEF3C0C79A}.Debug|x64.Build.0 = Debug|Any CPU
		{F148AB23-347B-48D2-AA9D-29EEF3C0C79A}.Debug|x86.ActiveCfg = Debug|Any CPU
		{F148AB23-347B-48D2-AA9D-29EEF3C0C79A}.Debug|x86.Build.0 = Debug|Any CPU
		{F148AB23-347B-48D2-AA9D-29EEF3C0C79A}.Release|Any CPU.ActiveCfg = Release|Any CPU
		{F148AB23-347B-48D2-AA9D-29EEF3C0C79A}.Release|Any CPU.Build.0 = Release|Any CPU
		{F148AB23-347B-48D2-AA9D-29EEF3C0C79A}.Release|x64.ActiveCfg = Release|Any CPU
		{F148AB23-347B-48D2-AA9D-29EEF3C0C79A}.Release|x64.Build.0 = Release|Any CPU
		{F148AB23-347B-48D2-AA9D-29EEF3C0C79A}.Release|x86.ActiveCfg = Release|Any CPU
		{F148AB23-347B-48D2-AA9D-29EEF3C0C79A}.Release|x86.Build.0 = Release|Any CPU
		{3BEA9C9E-2379-4875-8C78-34E1374DBE83}.Debug|Any CPU.ActiveCfg = Debug|Any CPU
		{3BEA9C9E-2379-4875-8C78-34E1374DBE83}.Debug|Any CPU.Build.0 = Debug|Any CPU
		{3BEA9C9E-2379-4875-8C78-34E1374DBE83}.Debug|x64.ActiveCfg = Debug|Any CPU
		{3BEA9C9E-2379-4875-8C78-34E1374DBE83}.Debug|x64.Build.0 = Debug|Any CPU
		{3BEA9C9E-2379-4875-8C78-34E1374DBE83}.Debug|x86.ActiveCfg = Debug|Any CPU
		{3BEA9C9E-2379-4875-8C78-34E1374DBE83}.Debug|x86.Build.0 = Debug|Any CPU
		{3BEA9C9E-2379-4875-8C78-34E1374DBE83}.Release|Any CPU.ActiveCfg = Release|Any CPU
		{3BEA9C9E-2379-4875-8C78-34E1374DBE83}.Release|Any CPU.Build.0 = Release|Any CPU
		{3BEA9C9E-2379-4875-8C78-34E1374DBE83}.Release|x64.ActiveCfg = Release|Any CPU
		{3BEA9C9E-2379-4875-8C78-34E1374DBE83}.Release|x64.Build.0 = Release|Any CPU
		{3BEA9C9E-2379-4875-8C78-34E1374DBE83}.Release|x86.ActiveCfg = Release|Any CPU
		{3BEA9C9E-2379-4875-8C78-34E1374DBE83}.Release|x86.Build.0 = Release|Any CPU
		{AD7E5D6D-1861-4D17-AAA5-B9743F17D771}.Debug|Any CPU.ActiveCfg = Debug|Any CPU
		{AD7E5D6D-1861-4D17-AAA5-B9743F17D771}.Debug|Any CPU.Build.0 = Debug|Any CPU
		{AD7E5D6D-1861-4D17-AAA5-B9743F17D771}.Debug|x64.ActiveCfg = Debug|Any CPU
		{AD7E5D6D-1861-4D17-AAA5-B9743F17D771}.Debug|x64.Build.0 = Debug|Any CPU
		{AD7E5D6D-1861-4D17-AAA5-B9743F17D771}.Debug|x86.ActiveCfg = Debug|Any CPU
		{AD7E5D6D-1861-4D17-AAA5-B9743F17D771}.Debug|x86.Build.0 = Debug|Any CPU
		{AD7E5D6D-1861-4D17-AAA5-B9743F17D771}.Release|Any CPU.ActiveCfg = Release|Any CPU
		{AD7E5D6D-1861-4D17-AAA5-B9743F17D771}.Release|Any CPU.Build.0 = Release|Any CPU
		{AD7E5D6D-1861-4D17-AAA5-B9743F17D771}.Release|x64.ActiveCfg = Release|Any CPU
		{AD7E5D6D-1861-4D17-AAA5-B9743F17D771}.Release|x64.Build.0 = Release|Any CPU
		{AD7E5D6D-1861-4D17-AAA5-B9743F17D771}.Release|x86.ActiveCfg = Release|Any CPU
		{AD7E5D6D-1861-4D17-AAA5-B9743F17D771}.Release|x86.Build.0 = Release|Any CPU
	EndGlobalSection
	GlobalSection(SolutionProperties) = preSolution
		HideSolutionNode = FALSE
	EndGlobalSection
	GlobalSection(NestedProjects) = preSolution
		{3A767CC7-4B45-4EBC-819E-ACC6E64C4473} = {31092C49-8278-41B8-8E4B-AF57AA54D18C}
		{76DABEED-788F-C595-670C-6A28DDE89242} = {31092C49-8278-41B8-8E4B-AF57AA54D18C}
		{1B77716C-BEF6-3632-425F-E94AC540B4D2} = {31092C49-8278-41B8-8E4B-AF57AA54D18C}
		{CBFA08EA-AECE-205F-7B85-326FD0B81BAD} = {31092C49-8278-41B8-8E4B-AF57AA54D18C}
		{E7BDCB39-376F-4C67-9A02-529123AD110D} = {31092C49-8278-41B8-8E4B-AF57AA54D18C}
		{B1234567-89AB-CDEF-0123-456789ABCDE1} = {A1234567-89AB-CDEF-0123-456789ABCDE0}
		{31092C49-8278-41B8-8E4B-AF57AA54D18C} = {B1234567-89AB-CDEF-0123-456789ABCDE1}
		{109D35BD-1854-CE00-79BF-BBF1A37E3F3A} = {A1234567-89AB-CDEF-0123-456789ABCDE0}
		{306110A1-0A03-3EDC-450E-A3B0DA915581} = {109D35BD-1854-CE00-79BF-BBF1A37E3F3A}
		{68B84CB1-5560-4527-A1AD-48D1F25F25F5} = {306110A1-0A03-3EDC-450E-A3B0DA915581}
		{1B451833-FD82-4F11-8742-30D21EA311C9} = {306110A1-0A03-3EDC-450E-A3B0DA915581}
		{6FB8B8F9-E94A-4097-8EF9-63AD0B0727F2} = {306110A1-0A03-3EDC-450E-A3B0DA915581}
		{5ACFEC27-8331-48F0-98AA-6A754CD30A08} = {306110A1-0A03-3EDC-450E-A3B0DA915581}
		{7F16DF0C-987E-496B-B89C-4F486A2AE570} = {306110A1-0A03-3EDC-450E-A3B0DA915581}
		{BBCC2AB3-B0D3-4996-B196-6448E2EB7542} = {306110A1-0A03-3EDC-450E-A3B0DA915581}
		{24AB053B-6E52-4B58-9572-B95C75FAB67F} = {7250E171-B33B-4486-973E-AF4D2E107351}
		{7250E171-B33B-4486-973E-AF4D2E107351} = {109D35BD-1854-CE00-79BF-BBF1A37E3F3A}
		{A8A37E5D-B7EC-499E-8538-FE80F265170F} = {7250E171-B33B-4486-973E-AF4D2E107351}
		{E106E180-F044-4C58-98F5-A9D53E17FD77} = {7250E171-B33B-4486-973E-AF4D2E107351}
		{187B7BD2-091F-446A-8EA8-43C4D8D837DC} = {B1234567-89AB-CDEF-0123-456789ABCDE1}
		{E40DCE30-1801-4916-B0A0-49FFB780F15F} = {187B7BD2-091F-446A-8EA8-43C4D8D837DC}
		{657BFE41-4BA8-43DA-B57E-FCD9F8DBED41} = {187B7BD2-091F-446A-8EA8-43C4D8D837DC}
		{CDAFC96E-7E3E-4D29-AAC6-D56508E98C09} = {187B7BD2-091F-446A-8EA8-43C4D8D837DC}
		{45099B76-A929-4236-9092-B09763716B1C} = {A1234567-89AB-CDEF-0123-456789ABCDE0}
		{88BFE1A2-C3B3-4DA1-85BE-CFAD88D9A94C} = {45099B76-A929-4236-9092-B09763716B1C}
		{CC6C11D4-D731-40D8-BB67-C05BC5E158A8} = {88BFE1A2-C3B3-4DA1-85BE-CFAD88D9A94C}
		{CE5CA9AA-2708-4155-B04A-5D40A90EA26D} = {88BFE1A2-C3B3-4DA1-85BE-CFAD88D9A94C}
		{C9014C1F-DAF2-44D6-A3C0-6FC66E876375} = {88BFE1A2-C3B3-4DA1-85BE-CFAD88D9A94C}
		{DAB5F6DB-334C-095B-7775-FCF5E711FB86} = {109D35BD-1854-CE00-79BF-BBF1A37E3F3A}
		{23C5321D-18E6-44FF-B779-5237A94561D3} = {DAB5F6DB-334C-095B-7775-FCF5E711FB86}
		{87AA1B6F-CF4A-8C4A-48CF-E270A8E56576} = {B1234567-89AB-CDEF-0123-456789ABCDE1}
		{638CEB06-73AD-41E4-ABF9-F96F1DB7AE6A} = {87AA1B6F-CF4A-8C4A-48CF-E270A8E56576}
		{967B2E46-42D0-40DE-9F5A-4C4EDB803A54} = {31092C49-8278-41B8-8E4B-AF57AA54D18C}
		{30B211CD-7C2C-4351-8F1B-F626618A5662} = {B1234567-89AB-CDEF-0123-456789ABCDE1}
		{9E25BD6B-7D10-4B05-8892-5075DFB7437B} = {30B211CD-7C2C-4351-8F1B-F626618A5662}
		{2C9547B3-4A27-4A2B-8DFD-9DD38924A475} = {30B211CD-7C2C-4351-8F1B-F626618A5662}
		{F60EB06A-1DBD-4538-B9E4-67EB8B50DB0E} = {30B211CD-7C2C-4351-8F1B-F626618A5662}
		{2393EAC0-C56B-4497-9BC9-54C4F67DC818} = {30B211CD-7C2C-4351-8F1B-F626618A5662}
		{C2345678-9012-3456-7890-ABCDEF012345} = {109D35BD-1854-CE00-79BF-BBF1A37E3F3A}
		{D2345678-9012-3456-7890-ABCDEF012345} = {C2345678-9012-3456-7890-ABCDEF012345}
		{E2345678-9012-3456-7890-ABCDEF012345} = {C2345678-9012-3456-7890-ABCDEF012345}
		{F2345678-9012-3456-7890-ABCDEF012345} = {C2345678-9012-3456-7890-ABCDEF012345}
		{02345678-9012-3456-7890-ABCDEF012345} = {C2345678-9012-3456-7890-ABCDEF012345}
		{55E630BC-7DC6-40D9-BFFB-09646175453C} = {B1234567-89AB-CDEF-0123-456789ABCDE1}
		{0DD1BE26-BEA2-4A67-9437-EE8F13C0064F} = {55E630BC-7DC6-40D9-BFFB-09646175453C}
		{EDD96D0E-8E00-4EF7-9ECE-DF2FE4494697} = {55E630BC-7DC6-40D9-BFFB-09646175453C}
		{4D5F029F-29C9-4279-B6BA-DE4D0CE86FE5} = {55E630BC-7DC6-40D9-BFFB-09646175453C}
		{F148AB23-347B-48D2-AA9D-29EEF3C0C79A} = {55E630BC-7DC6-40D9-BFFB-09646175453C}
		{3BEA9C9E-2379-4875-8C78-34E1374DBE83} = {55E630BC-7DC6-40D9-BFFB-09646175453C}
	EndGlobalSection
	GlobalSection(ExtensibilityGlobals) = postSolution
		SolutionGuid = {27D44AAB-CB31-4C97-A3FA-75B41DFF4B25}
	EndGlobalSection
EndGlobal
