
Microsoft Visual Studio Solution File, Format Version 12.00
# Visual Studio Version 17
VisualStudioVersion = 17.13.35919.96
MinimumVisualStudioVersion = 10.0.40219.1
Project("{FAE04EC0-301F-11D3-BF4B-00C04F79EFBC}") = "Flowly.AppHost", "Samples\AzureServiceBus\Aspire\Flowly.AppHost\Flowly.AppHost.csproj", "{3A767CC7-4B45-4EBC-819E-ACC6E64C4473}"
EndProject
Project("{FAE04EC0-301F-11D3-BF4B-00C04F79EFBC}") = "Flowly.ServiceDefaults", "Samples\AzureServiceBus\Aspire\Flowly.ServiceDefaults\Flowly.ServiceDefaults.csproj", "{76DABEED-788F-C595-670C-6A28DDE89242}"
EndProject
Project("{FAE04EC0-301F-11D3-BF4B-00C04F79EFBC}") = "BackendProcessor", "Samples\AzureServiceBus\Aspire\BackendProcessor\BackendProcessor.csproj", "{1B77716C-BEF6-3632-425F-E94AC540B4D2}"
EndProject
Project("{FAE04EC0-301F-11D3-BF4B-00C04F79EFBC}") = "Api", "Samples\AzureServiceBus\Aspire\Api\Api.csproj", "{CBFA08EA-AECE-205F-7B85-326FD0B81BAD}"
EndProject
Project("{FAE04EC0-301F-11D3-BF4B-00C04F79EFBC}") = "MessageContracts", "Samples\AzureServiceBus\Aspire\MessageContracts\MessageContracts.csproj", "{E7BDCB39-376F-4C67-9A02-529123AD110D}"
EndProject
Project("{FAE04EC0-301F-11D3-BF4B-00C04F79EFBC}") = "Flowly", "Flowly\Flowly.csproj", "{6BAFE6B4-7824-45C5-AB4E-226CAC0EA1AC}"
EndProject
Project("{FAE04EC0-301F-11D3-BF4B-00C04F79EFBC}") = "Flowly.AzureServiceBus", "Flowly.AzureServiceBus\Flowly.AzureServiceBus.csproj", "{42F6C797-0B37-4C69-A670-35268B572DFD}"
EndProject
Project("{2150E333-8FDC-42A3-9474-1A3956D46DE8}") = "Samples", "Samples", "{A1234567-89AB-CDEF-0123-456789ABCDE0}"
EndProject
Project("{2150E333-8FDC-42A3-9474-1A3956D46DE8}") = "AzureServiceBus", "AzureServiceBus", "{B1234567-89AB-CDEF-0123-456789ABCDE1}"
EndProject
Project("{2150E333-8FDC-42A3-9474-1A3956D46DE8}") = "Aspire", "Aspire", "{31092C49-8278-41B8-8E4B-AF57AA54D18C}"
EndProject
Project("{FAE04EC0-301F-11D3-BF4B-00C04F79EFBC}") = "Flowly.Jobs", "Flowly.Jobs\Flowly.Jobs.csproj", "{3835C3C6-ED55-46A0-98BC-2A8980A5A63F}"
EndProject
Project("{FAE04EC0-301F-11D3-BF4B-00C04F79EFBC}") = "Flowly.Jobs.SqlServer", "Flowly.Jobs.SqlServer\Flowly.Jobs.SqlServer.csproj", "{D1E2F3A4-B5C6-4D7E-8F9A-0B1C2D3E4F5A}"
EndProject
Project("{FAE04EC0-301F-11D3-BF4B-00C04F79EFBC}") = "Flowly.Tool", "Flowly.Tool\Flowly.Tool.csproj", "{82563206-67AF-4BAF-B3B2-5AFFB0FCE01F}"
EndProject
Project("{FAE04EC0-301F-11D3-BF4B-00C04F79EFBC}") = "Flowly.Tests", "Flowly.Tests\Flowly.Tests.csproj", "{8F36D6CF-DDB6-40B0-BEE2-45030295B4C3}"
EndProject
Project("{FAE04EC0-301F-11D3-BF4B-00C04F79EFBC}") = "Flowly.AzureServiceBus.Aspire", "Flowly.AzureServiceBus.Aspire\Flowly.AzureServiceBus.Aspire.csproj", "{5C75165D-13B6-49F7-926D-6F014D6FA0BF}"
EndProject
Global
	GlobalSection(SolutionConfigurationPlatforms) = preSolution
		Debug|Any CPU = Debug|Any CPU
		Debug|x64 = Debug|x64
		Debug|x86 = Debug|x86
		Release|Any CPU = Release|Any CPU
		Release|x64 = Release|x64
		Release|x86 = Release|x86
	EndGlobalSection
	GlobalSection(ProjectConfigurationPlatforms) = postSolution
		{3A767CC7-4B45-4EBC-819E-ACC6E64C4473}.Debug|Any CPU.ActiveCfg = Debug|Any CPU
		{3A767CC7-4B45-4EBC-819E-ACC6E64C4473}.Debug|Any CPU.Build.0 = Debug|Any CPU
		{3A767CC7-4B45-4EBC-819E-ACC6E64C4473}.Debug|x64.ActiveCfg = Debug|Any CPU
		{3A767CC7-4B45-4EBC-819E-ACC6E64C4473}.Debug|x64.Build.0 = Debug|Any CPU
		{3A767CC7-4B45-4EBC-819E-ACC6E64C4473}.Debug|x86.ActiveCfg = Debug|Any CPU
		{3A767CC7-4B45-4EBC-819E-ACC6E64C4473}.Debug|x86.Build.0 = Debug|Any CPU
		{3A767CC7-4B45-4EBC-819E-ACC6E64C4473}.Release|Any CPU.ActiveCfg = Release|Any CPU
		{3A767CC7-4B45-4EBC-819E-ACC6E64C4473}.Release|Any CPU.Build.0 = Release|Any CPU
		{3A767CC7-4B45-4EBC-819E-ACC6E64C4473}.Release|x64.ActiveCfg = Release|Any CPU
		{3A767CC7-4B45-4EBC-819E-ACC6E64C4473}.Release|x64.Build.0 = Release|Any CPU
		{3A767CC7-4B45-4EBC-819E-ACC6E64C4473}.Release|x86.ActiveCfg = Release|Any CPU
		{3A767CC7-4B45-4EBC-819E-ACC6E64C4473}.Release|x86.Build.0 = Release|Any CPU
		{76DABEED-788F-C595-670C-6A28DDE89242}.Debug|Any CPU.ActiveCfg = Debug|Any CPU
		{76DABEED-788F-C595-670C-6A28DDE89242}.Debug|Any CPU.Build.0 = Debug|Any CPU
		{76DABEED-788F-C595-670C-6A28DDE89242}.Debug|x64.ActiveCfg = Debug|Any CPU
		{76DABEED-788F-C595-670C-6A28DDE89242}.Debug|x64.Build.0 = Debug|Any CPU
		{76DABEED-788F-C595-670C-6A28DDE89242}.Debug|x86.ActiveCfg = Debug|Any CPU
		{76DABEED-788F-C595-670C-6A28DDE89242}.Debug|x86.Build.0 = Debug|Any CPU
		{76DABEED-788F-C595-670C-6A28DDE89242}.Release|Any CPU.ActiveCfg = Release|Any CPU
		{76DABEED-788F-C595-670C-6A28DDE89242}.Release|Any CPU.Build.0 = Release|Any CPU
		{76DABEED-788F-C595-670C-6A28DDE89242}.Release|x64.ActiveCfg = Release|Any CPU
		{76DABEED-788F-C595-670C-6A28DDE89242}.Release|x64.Build.0 = Release|Any CPU
		{76DABEED-788F-C595-670C-6A28DDE89242}.Release|x86.ActiveCfg = Release|Any CPU
		{76DABEED-788F-C595-670C-6A28DDE89242}.Release|x86.Build.0 = Release|Any CPU
		{1B77716C-BEF6-3632-425F-E94AC540B4D2}.Debug|Any CPU.ActiveCfg = Debug|Any CPU
		{1B77716C-BEF6-3632-425F-E94AC540B4D2}.Debug|Any CPU.Build.0 = Debug|Any CPU
		{1B77716C-BEF6-3632-425F-E94AC540B4D2}.Debug|x64.ActiveCfg = Debug|Any CPU
		{1B77716C-BEF6-3632-425F-E94AC540B4D2}.Debug|x64.Build.0 = Debug|Any CPU
		{1B77716C-BEF6-3632-425F-E94AC540B4D2}.Debug|x86.ActiveCfg = Debug|Any CPU
		{1B77716C-BEF6-3632-425F-E94AC540B4D2}.Debug|x86.Build.0 = Debug|Any CPU
		{1B77716C-BEF6-3632-425F-E94AC540B4D2}.Release|Any CPU.ActiveCfg = Release|Any CPU
		{1B77716C-BEF6-3632-425F-E94AC540B4D2}.Release|Any CPU.Build.0 = Release|Any CPU
		{1B77716C-BEF6-3632-425F-E94AC540B4D2}.Release|x64.ActiveCfg = Release|Any CPU
		{1B77716C-BEF6-3632-425F-E94AC540B4D2}.Release|x64.Build.0 = Release|Any CPU
		{1B77716C-BEF6-3632-425F-E94AC540B4D2}.Release|x86.ActiveCfg = Release|Any CPU
		{1B77716C-BEF6-3632-425F-E94AC540B4D2}.Release|x86.Build.0 = Release|Any CPU
		{CBFA08EA-AECE-205F-7B85-326FD0B81BAD}.Debug|Any CPU.ActiveCfg = Debug|Any CPU
		{CBFA08EA-AECE-205F-7B85-326FD0B81BAD}.Debug|Any CPU.Build.0 = Debug|Any CPU
		{CBFA08EA-AECE-205F-7B85-326FD0B81BAD}.Debug|x64.ActiveCfg = Debug|Any CPU
		{CBFA08EA-AECE-205F-7B85-326FD0B81BAD}.Debug|x64.Build.0 = Debug|Any CPU
		{CBFA08EA-AECE-205F-7B85-326FD0B81BAD}.Debug|x86.ActiveCfg = Debug|Any CPU
		{CBFA08EA-AECE-205F-7B85-326FD0B81BAD}.Debug|x86.Build.0 = Debug|Any CPU
		{CBFA08EA-AECE-205F-7B85-326FD0B81BAD}.Release|Any CPU.ActiveCfg = Release|Any CPU
		{CBFA08EA-AECE-205F-7B85-326FD0B81BAD}.Release|Any CPU.Build.0 = Release|Any CPU
		{CBFA08EA-AECE-205F-7B85-326FD0B81BAD}.Release|x64.ActiveCfg = Release|Any CPU
		{CBFA08EA-AECE-205F-7B85-326FD0B81BAD}.Release|x64.Build.0 = Release|Any CPU
		{CBFA08EA-AECE-205F-7B85-326FD0B81BAD}.Release|x86.ActiveCfg = Release|Any CPU
		{CBFA08EA-AECE-205F-7B85-326FD0B81BAD}.Release|x86.Build.0 = Release|Any CPU
		{E7BDCB39-376F-4C67-9A02-529123AD110D}.Debug|Any CPU.ActiveCfg = Debug|Any CPU
		{E7BDCB39-376F-4C67-9A02-529123AD110D}.Debug|Any CPU.Build.0 = Debug|Any CPU
		{E7BDCB39-376F-4C67-9A02-529123AD110D}.Debug|x64.ActiveCfg = Debug|Any CPU
		{E7BDCB39-376F-4C67-9A02-529123AD110D}.Debug|x64.Build.0 = Debug|Any CPU
		{E7BDCB39-376F-4C67-9A02-529123AD110D}.Debug|x86.ActiveCfg = Debug|Any CPU
		{E7BDCB39-376F-4C67-9A02-529123AD110D}.Debug|x86.Build.0 = Debug|Any CPU
		{E7BDCB39-376F-4C67-9A02-529123AD110D}.Release|Any CPU.ActiveCfg = Release|Any CPU
		{E7BDCB39-376F-4C67-9A02-529123AD110D}.Release|Any CPU.Build.0 = Release|Any CPU
		{E7BDCB39-376F-4C67-9A02-529123AD110D}.Release|x64.ActiveCfg = Release|Any CPU
		{E7BDCB39-376F-4C67-9A02-529123AD110D}.Release|x64.Build.0 = Release|Any CPU
		{E7BDCB39-376F-4C67-9A02-529123AD110D}.Release|x86.ActiveCfg = Release|Any CPU
		{E7BDCB39-376F-4C67-9A02-529123AD110D}.Release|x86.Build.0 = Release|Any CPU
		{6BAFE6B4-7824-45C5-AB4E-226CAC0EA1AC}.Debug|Any CPU.ActiveCfg = Debug|Any CPU
		{6BAFE6B4-7824-45C5-AB4E-226CAC0EA1AC}.Debug|Any CPU.Build.0 = Debug|Any CPU
		{6BAFE6B4-7824-45C5-AB4E-226CAC0EA1AC}.Debug|x64.ActiveCfg = Debug|Any CPU
		{6BAFE6B4-7824-45C5-AB4E-226CAC0EA1AC}.Debug|x64.Build.0 = Debug|Any CPU
		{6BAFE6B4-7824-45C5-AB4E-226CAC0EA1AC}.Debug|x86.ActiveCfg = Debug|Any CPU
		{6BAFE6B4-7824-45C5-AB4E-226CAC0EA1AC}.Debug|x86.Build.0 = Debug|Any CPU
		{6BAFE6B4-7824-45C5-AB4E-226CAC0EA1AC}.Release|Any CPU.ActiveCfg = Release|Any CPU
		{6BAFE6B4-7824-45C5-AB4E-226CAC0EA1AC}.Release|Any CPU.Build.0 = Release|Any CPU
		{6BAFE6B4-7824-45C5-AB4E-226CAC0EA1AC}.Release|x64.ActiveCfg = Release|Any CPU
		{6BAFE6B4-7824-45C5-AB4E-226CAC0EA1AC}.Release|x64.Build.0 = Release|Any CPU
		{6BAFE6B4-7824-45C5-AB4E-226CAC0EA1AC}.Release|x86.ActiveCfg = Release|Any CPU
		{6BAFE6B4-7824-45C5-AB4E-226CAC0EA1AC}.Release|x86.Build.0 = Release|Any CPU
		{42F6C797-0B37-4C69-A670-35268B572DFD}.Debug|Any CPU.ActiveCfg = Debug|Any CPU
		{42F6C797-0B37-4C69-A670-35268B572DFD}.Debug|Any CPU.Build.0 = Debug|Any CPU
		{42F6C797-0B37-4C69-A670-35268B572DFD}.Debug|x64.ActiveCfg = Debug|Any CPU
		{42F6C797-0B37-4C69-A670-35268B572DFD}.Debug|x64.Build.0 = Debug|Any CPU
		{42F6C797-0B37-4C69-A670-35268B572DFD}.Debug|x86.ActiveCfg = Debug|Any CPU
		{42F6C797-0B37-4C69-A670-35268B572DFD}.Debug|x86.Build.0 = Debug|Any CPU
		{42F6C797-0B37-4C69-A670-35268B572DFD}.Release|Any CPU.ActiveCfg = Release|Any CPU
		{42F6C797-0B37-4C69-A670-35268B572DFD}.Release|Any CPU.Build.0 = Release|Any CPU
		{42F6C797-0B37-4C69-A670-35268B572DFD}.Release|x64.ActiveCfg = Release|Any CPU
		{42F6C797-0B37-4C69-A670-35268B572DFD}.Release|x64.Build.0 = Release|Any CPU
		{42F6C797-0B37-4C69-A670-35268B572DFD}.Release|x86.ActiveCfg = Release|Any CPU
		{42F6C797-0B37-4C69-A670-35268B572DFD}.Release|x86.Build.0 = Release|Any CPU
		{3835C3C6-ED55-46A0-98BC-2A8980A5A63F}.Debug|Any CPU.ActiveCfg = Debug|Any CPU
		{3835C3C6-ED55-46A0-98BC-2A8980A5A63F}.Debug|Any CPU.Build.0 = Debug|Any CPU
		{3835C3C6-ED55-46A0-98BC-2A8980A5A63F}.Debug|x64.ActiveCfg = Debug|Any CPU
		{3835C3C6-ED55-46A0-98BC-2A8980A5A63F}.Debug|x64.Build.0 = Debug|Any CPU
		{3835C3C6-ED55-46A0-98BC-2A8980A5A63F}.Debug|x86.ActiveCfg = Debug|Any CPU
		{3835C3C6-ED55-46A0-98BC-2A8980A5A63F}.Debug|x86.Build.0 = Debug|Any CPU
		{3835C3C6-ED55-46A0-98BC-2A8980A5A63F}.Release|Any CPU.ActiveCfg = Release|Any CPU
		{3835C3C6-ED55-46A0-98BC-2A8980A5A63F}.Release|Any CPU.Build.0 = Release|Any CPU
		{3835C3C6-ED55-46A0-98BC-2A8980A5A63F}.Release|x64.ActiveCfg = Release|Any CPU
		{3835C3C6-ED55-46A0-98BC-2A8980A5A63F}.Release|x64.Build.0 = Release|Any CPU
		{3835C3C6-ED55-46A0-98BC-2A8980A5A63F}.Release|x86.ActiveCfg = Release|Any CPU
		{3835C3C6-ED55-46A0-98BC-2A8980A5A63F}.Release|x86.Build.0 = Release|Any CPU
		{D1E2F3A4-B5C6-4D7E-8F9A-0B1C2D3E4F5A}.Debug|Any CPU.ActiveCfg = Debug|Any CPU
		{D1E2F3A4-B5C6-4D7E-8F9A-0B1C2D3E4F5A}.Debug|Any CPU.Build.0 = Debug|Any CPU
		{D1E2F3A4-B5C6-4D7E-8F9A-0B1C2D3E4F5A}.Debug|x64.ActiveCfg = Debug|Any CPU
		{D1E2F3A4-B5C6-4D7E-8F9A-0B1C2D3E4F5A}.Debug|x64.Build.0 = Debug|Any CPU
		{D1E2F3A4-B5C6-4D7E-8F9A-0B1C2D3E4F5A}.Debug|x86.ActiveCfg = Debug|Any CPU
		{D1E2F3A4-B5C6-4D7E-8F9A-0B1C2D3E4F5A}.Debug|x86.Build.0 = Debug|Any CPU
		{D1E2F3A4-B5C6-4D7E-8F9A-0B1C2D3E4F5A}.Release|Any CPU.ActiveCfg = Release|Any CPU
		{D1E2F3A4-B5C6-4D7E-8F9A-0B1C2D3E4F5A}.Release|Any CPU.Build.0 = Release|Any CPU
		{D1E2F3A4-B5C6-4D7E-8F9A-0B1C2D3E4F5A}.Release|x64.ActiveCfg = Release|Any CPU
		{D1E2F3A4-B5C6-4D7E-8F9A-0B1C2D3E4F5A}.Release|x64.Build.0 = Release|Any CPU
		{D1E2F3A4-B5C6-4D7E-8F9A-0B1C2D3E4F5A}.Release|x86.ActiveCfg = Release|Any CPU
		{D1E2F3A4-B5C6-4D7E-8F9A-0B1C2D3E4F5A}.Release|x86.Build.0 = Release|Any CPU
		{82563206-67AF-4BAF-B3B2-5AFFB0FCE01F}.Debug|Any CPU.ActiveCfg = Debug|Any CPU
		{82563206-67AF-4BAF-B3B2-5AFFB0FCE01F}.Debug|Any CPU.Build.0 = Debug|Any CPU
		{82563206-67AF-4BAF-B3B2-5AFFB0FCE01F}.Debug|x64.ActiveCfg = Debug|Any CPU
		{82563206-67AF-4BAF-B3B2-5AFFB0FCE01F}.Debug|x64.Build.0 = Debug|Any CPU
		{82563206-67AF-4BAF-B3B2-5AFFB0FCE01F}.Debug|x86.ActiveCfg = Debug|Any CPU
		{82563206-67AF-4BAF-B3B2-5AFFB0FCE01F}.Debug|x86.Build.0 = Debug|Any CPU
		{82563206-67AF-4BAF-B3B2-5AFFB0FCE01F}.Release|Any CPU.ActiveCfg = Release|Any CPU
		{82563206-67AF-4BAF-B3B2-5AFFB0FCE01F}.Release|Any CPU.Build.0 = Release|Any CPU
		{82563206-67AF-4BAF-B3B2-5AFFB0FCE01F}.Release|x64.ActiveCfg = Release|Any CPU
		{82563206-67AF-4BAF-B3B2-5AFFB0FCE01F}.Release|x64.Build.0 = Release|Any CPU
		{82563206-67AF-4BAF-B3B2-5AFFB0FCE01F}.Release|x86.ActiveCfg = Release|Any CPU
		{82563206-67AF-4BAF-B3B2-5AFFB0FCE01F}.Release|x86.Build.0 = Release|Any CPU
		{8F36D6CF-DDB6-40B0-BEE2-45030295B4C3}.Debug|Any CPU.ActiveCfg = Debug|Any CPU
		{8F36D6CF-DDB6-40B0-BEE2-45030295B4C3}.Debug|Any CPU.Build.0 = Debug|Any CPU
		{8F36D6CF-DDB6-40B0-BEE2-45030295B4C3}.Debug|x64.ActiveCfg = Debug|Any CPU
		{8F36D6CF-DDB6-40B0-BEE2-45030295B4C3}.Debug|x64.Build.0 = Debug|Any CPU
		{8F36D6CF-DDB6-40B0-BEE2-45030295B4C3}.Debug|x86.ActiveCfg = Debug|Any CPU
		{8F36D6CF-DDB6-40B0-BEE2-45030295B4C3}.Debug|x86.Build.0 = Debug|Any CPU
		{8F36D6CF-DDB6-40B0-BEE2-45030295B4C3}.Release|Any CPU.ActiveCfg = Release|Any CPU
		{8F36D6CF-DDB6-40B0-BEE2-45030295B4C3}.Release|Any CPU.Build.0 = Release|Any CPU
		{8F36D6CF-DDB6-40B0-BEE2-45030295B4C3}.Release|x64.ActiveCfg = Release|Any CPU
		{8F36D6CF-DDB6-40B0-BEE2-45030295B4C3}.Release|x64.Build.0 = Release|Any CPU
		{8F36D6CF-DDB6-40B0-BEE2-45030295B4C3}.Release|x86.ActiveCfg = Release|Any CPU
		{8F36D6CF-DDB6-40B0-BEE2-45030295B4C3}.Release|x86.Build.0 = Release|Any CPU
		{5C75165D-13B6-49F7-926D-6F014D6FA0BF}.Debug|Any CPU.ActiveCfg = Debug|Any CPU
		{5C75165D-13B6-49F7-926D-6F014D6FA0BF}.Debug|Any CPU.Build.0 = Debug|Any CPU
		{5C75165D-13B6-49F7-926D-6F014D6FA0BF}.Debug|x64.ActiveCfg = Debug|Any CPU
		{5C75165D-13B6-49F7-926D-6F014D6FA0BF}.Debug|x64.Build.0 = Debug|Any CPU
		{5C75165D-13B6-49F7-926D-6F014D6FA0BF}.Debug|x86.ActiveCfg = Debug|Any CPU
		{5C75165D-13B6-49F7-926D-6F014D6FA0BF}.Debug|x86.Build.0 = Debug|Any CPU
		{5C75165D-13B6-49F7-926D-6F014D6FA0BF}.Release|Any CPU.ActiveCfg = Release|Any CPU
		{5C75165D-13B6-49F7-926D-6F014D6FA0BF}.Release|Any CPU.Build.0 = Release|Any CPU
		{5C75165D-13B6-49F7-926D-6F014D6FA0BF}.Release|x64.ActiveCfg = Release|Any CPU
		{5C75165D-13B6-49F7-926D-6F014D6FA0BF}.Release|x64.Build.0 = Release|Any CPU
		{5C75165D-13B6-49F7-926D-6F014D6FA0BF}.Release|x86.ActiveCfg = Release|Any CPU
		{5C75165D-13B6-49F7-926D-6F014D6FA0BF}.Release|x86.Build.0 = Release|Any CPU
	EndGlobalSection
	GlobalSection(SolutionProperties) = preSolution
		HideSolutionNode = FALSE
	EndGlobalSection
	GlobalSection(NestedProjects) = preSolution
		{3A767CC7-4B45-4EBC-819E-ACC6E64C4473} = {31092C49-8278-41B8-8E4B-AF57AA54D18C}
		{76DABEED-788F-C595-670C-6A28DDE89242} = {31092C49-8278-41B8-8E4B-AF57AA54D18C}
		{1B77716C-BEF6-3632-425F-E94AC540B4D2} = {31092C49-8278-41B8-8E4B-AF57AA54D18C}
		{CBFA08EA-AECE-205F-7B85-326FD0B81BAD} = {31092C49-8278-41B8-8E4B-AF57AA54D18C}
		{E7BDCB39-376F-4C67-9A02-529123AD110D} = {31092C49-8278-41B8-8E4B-AF57AA54D18C}
		{B1234567-89AB-CDEF-0123-456789ABCDE1} = {A1234567-89AB-CDEF-0123-456789ABCDE0}
		{31092C49-8278-41B8-8E4B-AF57AA54D18C} = {B1234567-89AB-CDEF-0123-456789ABCDE1}
	EndGlobalSection
	GlobalSection(ExtensibilityGlobals) = postSolution
		SolutionGuid = {27D44AAB-CB31-4C97-A3FA-75B41DFF4B25}
	EndGlobalSection
EndGlobal
