
Microsoft Visual Studio Solution File, Format Version 12.00
# Visual Studio Version 17
VisualStudioVersion = 17.13.35919.96
MinimumVisualStudioVersion = 10.0.40219.1
Project("{FAE04EC0-301F-11D3-BF4B-00C04F79EFBC}") = "Flowly", "src\Flowly\Flowly.csproj", "{6BAFE6B4-7824-45C5-AB4E-226CAC0EA1AC}"
EndProject
Project("{FAE04EC0-301F-11D3-BF4B-00C04F79EFBC}") = "Flowly.AzureServiceBus", "src\Flowly.AzureServiceBus\Flowly.AzureServiceBus.csproj", "{42F6C797-0B37-4C69-A670-35268B572DFD}"
EndProject
Project("{FAE04EC0-301F-11D3-BF4B-00C04F79EFBC}") = "Flowly.Jobs", "src\Flowly.Jobs\Flowly.Jobs.csproj", "{3835C3C6-ED55-46A0-98BC-2A8980A5A63F}"
EndProject
Project("{FAE04EC0-301F-11D3-BF4B-00C04F79EFBC}") = "Flowly.Jobs.SqlServer", "src\Flowly.Jobs.SqlServer\Flowly.Jobs.SqlServer.csproj", "{D1E2F3A4-B5C6-4D7E-8F9A-0B1C2D3E4F5A}"
EndProject
Project("{FAE04EC0-301F-11D3-BF4B-00C04F79EFBC}") = "Flowly.Tool", "src\Flowly.Tool\Flowly.Tool.csproj", "{82563206-67AF-4BAF-B3B2-5AFFB0FCE01F}"
EndProject
Project("{FAE04EC0-301F-11D3-BF4B-00C04F79EFBC}") = "Flowly.Tests", "tests\Flowly.Tests\Flowly.Tests.csproj", "{8F36D6CF-DDB6-40B0-BEE2-45030295B4C3}"
EndProject
Project("{FAE04EC0-301F-11D3-BF4B-00C04F79EFBC}") = "Flowly.AzureServiceBus.Aspire", "src\Flowly.AzureServiceBus.Aspire\Flowly.AzureServiceBus.Aspire.csproj", "{5C75165D-13B6-49F7-926D-6F014D6FA0BF}"
EndProject
Project("{FAE04EC0-301F-11D3-BF4B-00C04F79EFBC}") = "Flowly.Jobs.Postgres", "src\Flowly.Jobs.Postgres\Flowly.Jobs.Postgres.csproj", "{325CCA09-17ED-4204-AB5C-216FFC921C29}"
EndProject
Project("{FAE04EC0-301F-11D3-BF4B-00C04F79EFBC}") = "Flowly.DeadLetters", "src\Flowly.DeadLetters\Flowly.DeadLetters.csproj", "{CC7E906E-3D93-461B-867A-24D141B95F0B}"
EndProject
Project("{FAE04EC0-301F-11D3-BF4B-00C04F79EFBC}") = "Flowly.DeadLetters.SqlServer", "src\Flowly.DeadLetters.SqlServer\Flowly.DeadLetters.SqlServer.csproj", "{79A7108A-AAF2-4E6A-BEBF-C0954566DCCA}"
EndProject
Project("{FAE04EC0-301F-11D3-BF4B-00C04F79EFBC}") = "Flowly.DeadLetters.Postgres", "src\Flowly.DeadLetters.Postgres\Flowly.DeadLetters.Postgres.csproj", "{15D6C818-3EF8-44C7-8DD8-4B02E5E09E47}"
EndProject
Project("{FAE04EC0-301F-11D3-BF4B-00C04F79EFBC}") = "Flowly.DeadLetters.Tests", "tests\Flowly.DeadLetters.Tests\Flowly.DeadLetters.Tests.csproj", "{2536D2C7-5C54-44C1-AD40-9054A9EFD500}"
EndProject
Project("{FAE04EC0-301F-11D3-BF4B-00C04F79EFBC}") = "Flowly.OpenTelemetry", "src\Flowly.OpenTelemetry\Flowly.OpenTelemetry.csproj", "{79F93E4C-138C-4229-AC26-1B75D5E72768}"
EndProject
Project("{FAE04EC0-301F-11D3-BF4B-00C04F79EFBC}") = "Flowly.RabbitMQ", "src\Flowly.RabbitMQ\Flowly.RabbitMQ.csproj", "{9C728E25-3523-4A7C-8AEE-1B805E2C10F4}"
EndProject
Project("{FAE04EC0-301F-11D3-BF4B-00C04F79EFBC}") = "Flowly.AzureServiceBus.Tests", "tests\Flowly.AzureServiceBus.Tests\Flowly.AzureServiceBus.Tests.csproj", "{CE1A4DF8-8EDE-45AF-9594-7BAE7F30B567}"
EndProject
Project("{FAE04EC0-301F-11D3-BF4B-00C04F79EFBC}") = "Flowly.RabbitMQ.Tests", "tests\Flowly.RabbitMQ.Tests\Flowly.RabbitMQ.Tests.csproj", "{FE0F283E-6B95-4BF8-B7C4-1EB0893CE16D}"
EndProject
Project("{FAE04EC0-301F-11D3-BF4B-00C04F79EFBC}") = "Flowly.Tool.Tests", "tests\Flowly.Tool.Tests\Flowly.Tool.Tests.csproj", "{AD7E5D6D-1861-4D17-AAA5-B9743F17D771}"
EndProject
Project("{FAE04EC0-301F-11D3-BF4B-00C04F79EFBC}") = "Flowly.Jobs.Tests", "tests\Flowly.Jobs.Tests\Flowly.Jobs.Tests.csproj", "{67149748-9FFB-44F9-B2C8-215C3602258F}"
EndProject
Project("{2150E333-8FDC-42A3-9474-1A3956D46DE8}") = "Samples", "Samples", "{A4D9010B-DB44-4C59-87A2-669EE2738DB5}"
EndProject
Project("{2150E333-8FDC-42A3-9474-1A3956D46DE8}") = "AzureServiceBus", "AzureServiceBus", "{07BB2C4F-E951-40C1-A537-3E9137D14799}"
EndProject
Project("{2150E333-8FDC-42A3-9474-1A3956D46DE8}") = "Aspire", "Aspire", "{2C7667CF-9706-4643-BFB0-3E56DB665214}"
EndProject
Project("{FAE04EC0-301F-11D3-BF4B-00C04F79EFBC}") = "Api", "samples\AzureServiceBus\Aspire\Api\Api.csproj", "{B2D04A09-29DF-462C-B753-B22AB9633DFD}"
EndProject
Project("{FAE04EC0-301F-11D3-BF4B-00C04F79EFBC}") = "AzureServiceBusAspire.AppHost", "samples\AzureServiceBus\Aspire\AzureServiceBusAspire.AppHost\AzureServiceBusAspire.AppHost.csproj", "{E984CFEE-171B-4AC4-8C89-7B446D97D1B8}"
EndProject
Project("{FAE04EC0-301F-11D3-BF4B-00C04F79EFBC}") = "AzureServiceBusAspire.ServiceDefaults", "samples\AzureServiceBus\Aspire\AzureServiceBusAspire.ServiceDefaults\AzureServiceBusAspire.ServiceDefaults.csproj", "{D1A19D5C-E8B0-4128-A362-60F7E21B9619}"
EndProject
Project("{FAE04EC0-301F-11D3-BF4B-00C04F79EFBC}") = "BackendFinanceProcessor", "samples\AzureServiceBus\Aspire\BackendFinanceProcessor\BackendFinanceProcessor.csproj", "{4726C46B-E9EA-47FD-B5D0-2688635286E3}"
EndProject
Project("{FAE04EC0-301F-11D3-BF4B-00C04F79EFBC}") = "BackendProcessor", "samples\AzureServiceBus\Aspire\BackendProcessor\BackendProcessor.csproj", "{A180B555-DBDA-4910-8832-EC0E1A1EED49}"
EndProject
Project("{FAE04EC0-301F-11D3-BF4B-00C04F79EFBC}") = "MessageContracts", "samples\AzureServiceBus\Aspire\MessageContracts\MessageContracts.csproj", "{3551897C-2CB5-4D43-8B0D-73A828BA153C}"
EndProject
Project("{2150E333-8FDC-42A3-9474-1A3956D46DE8}") = "Events", "Events", "{876C4E6C-C1F7-4207-AE54-694FDBBBEF05}"
EndProject
Project("{FAE04EC0-301F-11D3-BF4B-00C04F79EFBC}") = "EventSender", "samples\AzureServiceBus\Events\EventSender\EventSender.csproj", "{96FB0BAE-A50D-42CE-982A-092FAE0C6CE7}"
EndProject
Project("{FAE04EC0-301F-11D3-BF4B-00C04F79EFBC}") = "Messages", "samples\AzureServiceBus\Events\Messages\Messages.csproj", "{B19C2D10-3DA3-499F-957C-F3ED94F1D387}"
EndProject
Project("{FAE04EC0-301F-11D3-BF4B-00C04F79EFBC}") = "ReceiverOne", "samples\AzureServiceBus\Events\ReceiverOne\ReceiverOne.csproj", "{9B3FBBA2-45AE-40C9-A4B4-A0D176B01077}"
EndProject
Project("{FAE04EC0-301F-11D3-BF4B-00C04F79EFBC}") = "ReceiverTwo", "samples\AzureServiceBus\Events\ReceiverTwo\ReceiverTwo.csproj", "{6E88E3D8-73AF-422C-975B-60C3955EA885}"
EndProject
Project("{2150E333-8FDC-42A3-9474-1A3956D46DE8}") = "EventsWithDeadLetterTracking", "EventsWithDeadLetterTracking", "{347C165E-8BBB-49B5-869A-AE49D6A3CFE3}"
EndProject
Project("{FAE04EC0-301F-11D3-BF4B-00C04F79EFBC}") = "Console", "samples\AzureServiceBus\EventsWithDeadLetterTracking\Console\Console.csproj", "{3AB8B54F-2CA6-41E0-8464-003830F9D548}"
EndProject
Project("{FAE04EC0-301F-11D3-BF4B-00C04F79EFBC}") = "Messages", "samples\AzureServiceBus\EventsWithDeadLetterTracking\Messages\Messages.csproj", "{DC4C79AA-6DFB-41A4-B6B2-14B05DCC0148}"
EndProject
Project("{FAE04EC0-301F-11D3-BF4B-00C04F79EFBC}") = "Receiver", "samples\AzureServiceBus\EventsWithDeadLetterTracking\Receiver\Receiver.csproj", "{7B95261B-2329-4110-A915-8D8B086F6C0E}"
EndProject
Project("{FAE04EC0-301F-11D3-BF4B-00C04F79EFBC}") = "ReceiverNoRetry", "samples\AzureServiceBus\EventsWithDeadLetterTracking\ReceiverNoRetry\ReceiverNoRetry.csproj", "{80746F74-E625-49E8-B90C-2654B74A5678}"
EndProject
Project("{FAE04EC0-301F-11D3-BF4B-00C04F79EFBC}") = "Sender", "samples\AzureServiceBus\EventsWithDeadLetterTracking\Sender\Sender.csproj", "{C8503513-753B-4786-964F-DE14F4FB22D8}"
EndProject
Project("{2150E333-8FDC-42A3-9474-1A3956D46DE8}") = "HealthChecks", "HealthChecks", "{C059686E-4DE0-40CF-B49A-99F582D7F7B0}"
EndProject
Project("{FAE04EC0-301F-11D3-BF4B-00C04F79EFBC}") = "Receiver", "samples\AzureServiceBus\HealthChecks\Receiver\Receiver.csproj", "{0D17B36B-46A0-4FED-BF0C-B4726DB14E9D}"
EndProject
Project("{2150E333-8FDC-42A3-9474-1A3956D46DE8}") = "SendReceive", "SendReceive", "{6E6428E6-477D-4E2F-BFB5-C1DD5D0EA355}"
EndProject
Project("{FAE04EC0-301F-11D3-BF4B-00C04F79EFBC}") = "Messages", "samples\AzureServiceBus\SendReceive\Messages\Messages.csproj", "{860AB150-C35F-4BEB-86FB-04B025198941}"
EndProject
Project("{FAE04EC0-301F-11D3-BF4B-00C04F79EFBC}") = "Receiver", "samples\AzureServiceBus\SendReceive\Receiver\Receiver.csproj", "{B552E626-E1F3-467C-8E20-EAAB1D35C72F}"
EndProject
Project("{FAE04EC0-301F-11D3-BF4B-00C04F79EFBC}") = "Sender", "samples\AzureServiceBus\SendReceive\Sender\Sender.csproj", "{5ADAF0ED-690A-440D-AD4F-F561DABCA03C}"
EndProject
Project("{2150E333-8FDC-42A3-9474-1A3956D46DE8}") = "MultiBus", "MultiBus", "{DFCA358D-B83A-438D-A286-61451BA4C0B4}"
EndProject
Project("{2150E333-8FDC-42A3-9474-1A3956D46DE8}") = "SendReceive", "SendReceive", "{4A6C7EB3-5C25-4247-AAFE-98B69AF14DCA}"
EndProject
Project("{FAE04EC0-301F-11D3-BF4B-00C04F79EFBC}") = "Messages", "samples\MultiBus\SendReceive\Messages\Messages.csproj", "{E4E2ECB0-E380-4B54-B95E-6C9957D8C013}"
EndProject
Project("{FAE04EC0-301F-11D3-BF4B-00C04F79EFBC}") = "Receiver", "samples\MultiBus\SendReceive\Receiver\Receiver.csproj", "{D6FC7A3B-5B7E-4ED4-A6CB-4765923D321C}"
EndProject
Project("{FAE04EC0-301F-11D3-BF4B-00C04F79EFBC}") = "Sender", "samples\MultiBus\SendReceive\Sender\Sender.csproj", "{6DEC1FE9-5166-4CAA-9FDD-4E271939CF24}"
EndProject
Project("{2150E333-8FDC-42A3-9474-1A3956D46DE8}") = "RabbitMQ", "RabbitMQ", "{F95622E6-9736-40A6-8B24-F12025551EEF}"
EndProject
Project("{2150E333-8FDC-42A3-9474-1A3956D46DE8}") = "Aspire", "Aspire", "{40878CB5-5DB1-4986-8C56-11DE26AA9E94}"
EndProject
Project("{FAE04EC0-301F-11D3-BF4B-00C04F79EFBC}") = "Api", "samples\RabbitMQ\Aspire\Api\Api.csproj", "{153DBED4-7517-4D2B-A511-AB64D7BDE8C3}"
EndProject
Project("{FAE04EC0-301F-11D3-BF4B-00C04F79EFBC}") = "BackendFinanceProcessor", "samples\RabbitMQ\Aspire\BackendFinanceProcessor\BackendFinanceProcessor.csproj", "{5FDBFE6E-FB93-4AF8-94D6-F6A581BDAD2A}"
EndProject
Project("{FAE04EC0-301F-11D3-BF4B-00C04F79EFBC}") = "BackendProcessor", "samples\RabbitMQ\Aspire\BackendProcessor\BackendProcessor.csproj", "{7AC82821-011D-4C8B-AB71-557954CD6C2F}"
EndProject
Project("{FAE04EC0-301F-11D3-BF4B-00C04F79EFBC}") = "MessageContracts", "samples\RabbitMQ\Aspire\MessageContracts\MessageContracts.csproj", "{730E4F5D-6C08-4ADB-9AC9-08BCE54128F5}"
EndProject
Project("{FAE04EC0-301F-11D3-BF4B-00C04F79EFBC}") = "RabbitMQAspire.AppHost", "samples\RabbitMQ\Aspire\RabbitMQAspire.AppHost\RabbitMQAspire.AppHost.csproj", "{395EBDC4-CAEF-4D2D-ACC4-70702B202FED}"
EndProject
Project("{FAE04EC0-301F-11D3-BF4B-00C04F79EFBC}") = "RabbitMQAspire.ServiceDefaults", "samples\RabbitMQ\Aspire\RabbitMQAspire.ServiceDefaults\RabbitMQAspire.ServiceDefaults.csproj", "{401E5D37-E61E-4487-8D8C-80AADE95D82B}"
EndProject
Project("{2150E333-8FDC-42A3-9474-1A3956D46DE8}") = "Events", "Events", "{D6CAAE3E-1036-4B07-A72A-19391FA3A97A}"
EndProject
Project("{FAE04EC0-301F-11D3-BF4B-00C04F79EFBC}") = "EventSender", "samples\RabbitMQ\Events\EventSender\EventSender.csproj", "{13AAE1BF-2E98-4EC2-92E9-3F9B647B2FE0}"
EndProject
Project("{FAE04EC0-301F-11D3-BF4B-00C04F79EFBC}") = "Messages", "samples\RabbitMQ\Events\Messages\Messages.csproj", "{9D912DDA-E7EA-4D43-A1C9-8D243D1191B2}"
EndProject
Project("{FAE04EC0-301F-11D3-BF4B-00C04F79EFBC}") = "ReceiverOne", "samples\RabbitMQ\Events\ReceiverOne\ReceiverOne.csproj", "{4D7D1B7C-BC42-47E7-AFA2-3AB8C47BFC27}"
EndProject
Project("{FAE04EC0-301F-11D3-BF4B-00C04F79EFBC}") = "ReceiverTwo", "samples\RabbitMQ\Events\ReceiverTwo\ReceiverTwo.csproj", "{1F3DFF47-B09C-4F29-908D-3E7D0B74A129}"
EndProject
Project("{2150E333-8FDC-42A3-9474-1A3956D46DE8}") = "EventsWithDeadLetterTracking", "EventsWithDeadLetterTracking", "{48C02DC9-D56C-4C0B-A625-B2E318771525}"
EndProject
Project("{FAE04EC0-301F-11D3-BF4B-00C04F79EFBC}") = "Console", "samples\RabbitMQ\EventsWithDeadLetterTracking\Console\Console.csproj", "{5C9FAD3B-239B-49A9-ADCB-A2A9D5F3F1DC}"
EndProject
Project("{FAE04EC0-301F-11D3-BF4B-00C04F79EFBC}") = "Messages", "samples\RabbitMQ\EventsWithDeadLetterTracking\Messages\Messages.csproj", "{F0F75E10-6223-4448-80AE-DC74ED61963F}"
EndProject
Project("{FAE04EC0-301F-11D3-BF4B-00C04F79EFBC}") = "Receiver", "samples\RabbitMQ\EventsWithDeadLetterTracking\Receiver\Receiver.csproj", "{E40A7704-C417-48AB-929F-B976747531F8}"
EndProject
Project("{FAE04EC0-301F-11D3-BF4B-00C04F79EFBC}") = "ReceiverNoRetry", "samples\RabbitMQ\EventsWithDeadLetterTracking\ReceiverNoRetry\ReceiverNoRetry.csproj", "{D0A45C2E-0D80-43EE-A289-449735E3A5E1}"
EndProject
Project("{FAE04EC0-301F-11D3-BF4B-00C04F79EFBC}") = "Sender", "samples\RabbitMQ\EventsWithDeadLetterTracking\Sender\Sender.csproj", "{6AF756DE-8718-49E7-B6D7-F50F951690B4}"
EndProject
Project("{2150E333-8FDC-42A3-9474-1A3956D46DE8}") = "HealthChecks", "HealthChecks", "{64BCCBD3-D6B5-429C-8128-095C79A48F57}"
EndProject
Project("{FAE04EC0-301F-11D3-BF4B-00C04F79EFBC}") = "Receiver", "samples\RabbitMQ\HealthChecks\Receiver\Receiver.csproj", "{16A66C49-2D5E-4739-B6D6-B34F0AB3D727}"
EndProject
Project("{2150E333-8FDC-42A3-9474-1A3956D46DE8}") = "SendReceive", "SendReceive", "{D8DE6028-CCD4-4C4D-BC9F-A9543FF586CE}"
EndProject
Project("{FAE04EC0-301F-11D3-BF4B-00C04F79EFBC}") = "Messages", "samples\RabbitMQ\SendReceive\Messages\Messages.csproj", "{A6ADE8A0-40A3-4CFE-9642-E9D61C9331E6}"
EndProject
Project("{FAE04EC0-301F-11D3-BF4B-00C04F79EFBC}") = "Receiver", "samples\RabbitMQ\SendReceive\Receiver\Receiver.csproj", "{E0BD4B44-B77C-45C2-A0BC-D200FFE466E8}"
EndProject
Project("{FAE04EC0-301F-11D3-BF4B-00C04F79EFBC}") = "Sender", "samples\RabbitMQ\SendReceive\Sender\Sender.csproj", "{3CEEBE72-DA6B-4AF4-AF88-E712E4556069}"
EndProject
Project("{2150E333-8FDC-42A3-9474-1A3956D46DE8}") = "MessagesWithDeadLetterTracking", "MessagesWithDeadLetterTracking", "{90157DD7-D022-458C-8E58-C6CBAA00686A}"
EndProject
Project("{FAE04EC0-301F-11D3-BF4B-00C04F79EFBC}") = "Messages", "samples\RabbitMQ\MessagesWithDeadLetterTracking\Messages\Messages.csproj", "{66EE1AA7-5C09-4BD2-8718-D9D76DBAAB60}"
EndProject
Project("{FAE04EC0-301F-11D3-BF4B-00C04F79EFBC}") = "Receiver", "samples\RabbitMQ\MessagesWithDeadLetterTracking\Receiver\Receiver.csproj", "{35C08AE8-2554-41E1-AC2B-1F01F077D1B6}"
EndProject
Project("{FAE04EC0-301F-11D3-BF4B-00C04F79EFBC}") = "Sender", "samples\RabbitMQ\MessagesWithDeadLetterTracking\Sender\Sender.csproj", "{7710C6DC-8AE5-4C57-853A-9D6C923663DE}"
EndProject
Project("{2150E333-8FDC-42A3-9474-1A3956D46DE8}") = "MessagesWithDeadLetterTracking", "MessagesWithDeadLetterTracking", "{9E1D38C3-B5FC-46B0-A7EA-B6F72851A157}"
EndProject
Project("{FAE04EC0-301F-11D3-BF4B-00C04F79EFBC}") = "Console", "samples\AzureServiceBus\MessagesWithDeadLetterTracking\Console\Console.csproj", "{F8E355D2-2BEE-470E-9F14-214448C2D5BE}"
EndProject
Project("{FAE04EC0-301F-11D3-BF4B-00C04F79EFBC}") = "Messages", "samples\AzureServiceBus\MessagesWithDeadLetterTracking\Messages\Messages.csproj", "{4859C8AC-D584-4166-A260-414F684AAE4A}"
EndProject
Project("{FAE04EC0-301F-11D3-BF4B-00C04F79EFBC}") = "Receiver", "samples\AzureServiceBus\MessagesWithDeadLetterTracking\Receiver\Receiver.csproj", "{9A87383B-9C80-4E6C-BAF7-B75A3C168DF3}"
EndProject
Project("{FAE04EC0-301F-11D3-BF4B-00C04F79EFBC}") = "Sender", "samples\AzureServiceBus\MessagesWithDeadLetterTracking\Sender\Sender.csproj", "{DBF9A802-E136-44E5-87FB-A47CB9FE218E}"
EndProject
Global
	GlobalSection(SolutionConfigurationPlatforms) = preSolution
		Debug|Any CPU = Debug|Any CPU
		Debug|x64 = Debug|x64
		Debug|x86 = Debug|x86
		Release|Any CPU = Release|Any CPU
		Release|x64 = Release|x64
		Release|x86 = Release|x86
	EndGlobalSection
	GlobalSection(ProjectConfigurationPlatforms) = postSolution
		{6BAFE6B4-7824-45C5-AB4E-226CAC0EA1AC}.Debug|Any CPU.ActiveCfg = Debug|Any CPU
		{6BAFE6B4-7824-45C5-AB4E-226CAC0EA1AC}.Debug|Any CPU.Build.0 = Debug|Any CPU
		{6BAFE6B4-7824-45C5-AB4E-226CAC0EA1AC}.Debug|x64.ActiveCfg = Debug|Any CPU
		{6BAFE6B4-7824-45C5-AB4E-226CAC0EA1AC}.Debug|x64.Build.0 = Debug|Any CPU
		{6BAFE6B4-7824-45C5-AB4E-226CAC0EA1AC}.Debug|x86.ActiveCfg = Debug|Any CPU
		{6BAFE6B4-7824-45C5-AB4E-226CAC0EA1AC}.Debug|x86.Build.0 = Debug|Any CPU
		{6BAFE6B4-7824-45C5-AB4E-226CAC0EA1AC}.Release|Any CPU.ActiveCfg = Release|Any CPU
		{6BAFE6B4-7824-45C5-AB4E-226CAC0EA1AC}.Release|Any CPU.Build.0 = Release|Any CPU
		{6BAFE6B4-7824-45C5-AB4E-226CAC0EA1AC}.Release|x64.ActiveCfg = Release|Any CPU
		{6BAFE6B4-7824-45C5-AB4E-226CAC0EA1AC}.Release|x64.Build.0 = Release|Any CPU
		{6BAFE6B4-7824-45C5-AB4E-226CAC0EA1AC}.Release|x86.ActiveCfg = Release|Any CPU
		{6BAFE6B4-7824-45C5-AB4E-226CAC0EA1AC}.Release|x86.Build.0 = Release|Any CPU
		{42F6C797-0B37-4C69-A670-35268B572DFD}.Debug|Any CPU.ActiveCfg = Debug|Any CPU
		{42F6C797-0B37-4C69-A670-35268B572DFD}.Debug|Any CPU.Build.0 = Debug|Any CPU
		{42F6C797-0B37-4C69-A670-35268B572DFD}.Debug|x64.ActiveCfg = Debug|Any CPU
		{42F6C797-0B37-4C69-A670-35268B572DFD}.Debug|x64.Build.0 = Debug|Any CPU
		{42F6C797-0B37-4C69-A670-35268B572DFD}.Debug|x86.ActiveCfg = Debug|Any CPU
		{42F6C797-0B37-4C69-A670-35268B572DFD}.Debug|x86.Build.0 = Debug|Any CPU
		{42F6C797-0B37-4C69-A670-35268B572DFD}.Release|Any CPU.ActiveCfg = Release|Any CPU
		{42F6C797-0B37-4C69-A670-35268B572DFD}.Release|Any CPU.Build.0 = Release|Any CPU
		{42F6C797-0B37-4C69-A670-35268B572DFD}.Release|x64.ActiveCfg = Release|Any CPU
		{42F6C797-0B37-4C69-A670-35268B572DFD}.Release|x64.Build.0 = Release|Any CPU
		{42F6C797-0B37-4C69-A670-35268B572DFD}.Release|x86.ActiveCfg = Release|Any CPU
		{42F6C797-0B37-4C69-A670-35268B572DFD}.Release|x86.Build.0 = Release|Any CPU
		{3835C3C6-ED55-46A0-98BC-2A8980A5A63F}.Debug|Any CPU.ActiveCfg = Debug|Any CPU
		{3835C3C6-ED55-46A0-98BC-2A8980A5A63F}.Debug|Any CPU.Build.0 = Debug|Any CPU
		{3835C3C6-ED55-46A0-98BC-2A8980A5A63F}.Debug|x64.ActiveCfg = Debug|Any CPU
		{3835C3C6-ED55-46A0-98BC-2A8980A5A63F}.Debug|x64.Build.0 = Debug|Any CPU
		{3835C3C6-ED55-46A0-98BC-2A8980A5A63F}.Debug|x86.ActiveCfg = Debug|Any CPU
		{3835C3C6-ED55-46A0-98BC-2A8980A5A63F}.Debug|x86.Build.0 = Debug|Any CPU
		{3835C3C6-ED55-46A0-98BC-2A8980A5A63F}.Release|Any CPU.ActiveCfg = Release|Any CPU
		{3835C3C6-ED55-46A0-98BC-2A8980A5A63F}.Release|Any CPU.Build.0 = Release|Any CPU
		{3835C3C6-ED55-46A0-98BC-2A8980A5A63F}.Release|x64.ActiveCfg = Release|Any CPU
		{3835C3C6-ED55-46A0-98BC-2A8980A5A63F}.Release|x64.Build.0 = Release|Any CPU
		{3835C3C6-ED55-46A0-98BC-2A8980A5A63F}.Release|x86.ActiveCfg = Release|Any CPU
		{3835C3C6-ED55-46A0-98BC-2A8980A5A63F}.Release|x86.Build.0 = Release|Any CPU
		{D1E2F3A4-B5C6-4D7E-8F9A-0B1C2D3E4F5A}.Debug|Any CPU.ActiveCfg = Debug|Any CPU
		{D1E2F3A4-B5C6-4D7E-8F9A-0B1C2D3E4F5A}.Debug|Any CPU.Build.0 = Debug|Any CPU
		{D1E2F3A4-B5C6-4D7E-8F9A-0B1C2D3E4F5A}.Debug|x64.ActiveCfg = Debug|Any CPU
		{D1E2F3A4-B5C6-4D7E-8F9A-0B1C2D3E4F5A}.Debug|x64.Build.0 = Debug|Any CPU
		{D1E2F3A4-B5C6-4D7E-8F9A-0B1C2D3E4F5A}.Debug|x86.ActiveCfg = Debug|Any CPU
		{D1E2F3A4-B5C6-4D7E-8F9A-0B1C2D3E4F5A}.Debug|x86.Build.0 = Debug|Any CPU
		{D1E2F3A4-B5C6-4D7E-8F9A-0B1C2D3E4F5A}.Release|Any CPU.ActiveCfg = Release|Any CPU
		{D1E2F3A4-B5C6-4D7E-8F9A-0B1C2D3E4F5A}.Release|Any CPU.Build.0 = Release|Any CPU
		{D1E2F3A4-B5C6-4D7E-8F9A-0B1C2D3E4F5A}.Release|x64.ActiveCfg = Release|Any CPU
		{D1E2F3A4-B5C6-4D7E-8F9A-0B1C2D3E4F5A}.Release|x64.Build.0 = Release|Any CPU
		{D1E2F3A4-B5C6-4D7E-8F9A-0B1C2D3E4F5A}.Release|x86.ActiveCfg = Release|Any CPU
		{D1E2F3A4-B5C6-4D7E-8F9A-0B1C2D3E4F5A}.Release|x86.Build.0 = Release|Any CPU
		{82563206-67AF-4BAF-B3B2-5AFFB0FCE01F}.Debug|Any CPU.ActiveCfg = Debug|Any CPU
		{82563206-67AF-4BAF-B3B2-5AFFB0FCE01F}.Debug|Any CPU.Build.0 = Debug|Any CPU
		{82563206-67AF-4BAF-B3B2-5AFFB0FCE01F}.Debug|x64.ActiveCfg = Debug|Any CPU
		{82563206-67AF-4BAF-B3B2-5AFFB0FCE01F}.Debug|x64.Build.0 = Debug|Any CPU
		{82563206-67AF-4BAF-B3B2-5AFFB0FCE01F}.Debug|x86.ActiveCfg = Debug|Any CPU
		{82563206-67AF-4BAF-B3B2-5AFFB0FCE01F}.Debug|x86.Build.0 = Debug|Any CPU
		{82563206-67AF-4BAF-B3B2-5AFFB0FCE01F}.Release|Any CPU.ActiveCfg = Release|Any CPU
		{82563206-67AF-4BAF-B3B2-5AFFB0FCE01F}.Release|Any CPU.Build.0 = Release|Any CPU
		{82563206-67AF-4BAF-B3B2-5AFFB0FCE01F}.Release|x64.ActiveCfg = Release|Any CPU
		{82563206-67AF-4BAF-B3B2-5AFFB0FCE01F}.Release|x64.Build.0 = Release|Any CPU
		{82563206-67AF-4BAF-B3B2-5AFFB0FCE01F}.Release|x86.ActiveCfg = Release|Any CPU
		{82563206-67AF-4BAF-B3B2-5AFFB0FCE01F}.Release|x86.Build.0 = Release|Any CPU
		{8F36D6CF-DDB6-40B0-BEE2-45030295B4C3}.Debug|Any CPU.ActiveCfg = Debug|Any CPU
		{8F36D6CF-DDB6-40B0-BEE2-45030295B4C3}.Debug|Any CPU.Build.0 = Debug|Any CPU
		{8F36D6CF-DDB6-40B0-BEE2-45030295B4C3}.Debug|x64.ActiveCfg = Debug|Any CPU
		{8F36D6CF-DDB6-40B0-BEE2-45030295B4C3}.Debug|x64.Build.0 = Debug|Any CPU
		{8F36D6CF-DDB6-40B0-BEE2-45030295B4C3}.Debug|x86.ActiveCfg = Debug|Any CPU
		{8F36D6CF-DDB6-40B0-BEE2-45030295B4C3}.Debug|x86.Build.0 = Debug|Any CPU
		{8F36D6CF-DDB6-40B0-BEE2-45030295B4C3}.Release|Any CPU.ActiveCfg = Release|Any CPU
		{8F36D6CF-DDB6-40B0-BEE2-45030295B4C3}.Release|Any CPU.Build.0 = Release|Any CPU
		{8F36D6CF-DDB6-40B0-BEE2-45030295B4C3}.Release|x64.ActiveCfg = Release|Any CPU
		{8F36D6CF-DDB6-40B0-BEE2-45030295B4C3}.Release|x64.Build.0 = Release|Any CPU
		{8F36D6CF-DDB6-40B0-BEE2-45030295B4C3}.Release|x86.ActiveCfg = Release|Any CPU
		{8F36D6CF-DDB6-40B0-BEE2-45030295B4C3}.Release|x86.Build.0 = Release|Any CPU
		{5C75165D-13B6-49F7-926D-6F014D6FA0BF}.Debug|Any CPU.ActiveCfg = Debug|Any CPU
		{5C75165D-13B6-49F7-926D-6F014D6FA0BF}.Debug|Any CPU.Build.0 = Debug|Any CPU
		{5C75165D-13B6-49F7-926D-6F014D6FA0BF}.Debug|x64.ActiveCfg = Debug|Any CPU
		{5C75165D-13B6-49F7-926D-6F014D6FA0BF}.Debug|x64.Build.0 = Debug|Any CPU
		{5C75165D-13B6-49F7-926D-6F014D6FA0BF}.Debug|x86.ActiveCfg = Debug|Any CPU
		{5C75165D-13B6-49F7-926D-6F014D6FA0BF}.Debug|x86.Build.0 = Debug|Any CPU
		{5C75165D-13B6-49F7-926D-6F014D6FA0BF}.Release|Any CPU.ActiveCfg = Release|Any CPU
		{5C75165D-13B6-49F7-926D-6F014D6FA0BF}.Release|Any CPU.Build.0 = Release|Any CPU
		{5C75165D-13B6-49F7-926D-6F014D6FA0BF}.Release|x64.ActiveCfg = Release|Any CPU
		{5C75165D-13B6-49F7-926D-6F014D6FA0BF}.Release|x64.Build.0 = Release|Any CPU
		{5C75165D-13B6-49F7-926D-6F014D6FA0BF}.Release|x86.ActiveCfg = Release|Any CPU
		{5C75165D-13B6-49F7-926D-6F014D6FA0BF}.Release|x86.Build.0 = Release|Any CPU
		{325CCA09-17ED-4204-AB5C-216FFC921C29}.Debug|Any CPU.ActiveCfg = Debug|Any CPU
		{325CCA09-17ED-4204-AB5C-216FFC921C29}.Debug|Any CPU.Build.0 = Debug|Any CPU
		{325CCA09-17ED-4204-AB5C-216FFC921C29}.Debug|x64.ActiveCfg = Debug|Any CPU
		{325CCA09-17ED-4204-AB5C-216FFC921C29}.Debug|x64.Build.0 = Debug|Any CPU
		{325CCA09-17ED-4204-AB5C-216FFC921C29}.Debug|x86.ActiveCfg = Debug|Any CPU
		{325CCA09-17ED-4204-AB5C-216FFC921C29}.Debug|x86.Build.0 = Debug|Any CPU
		{325CCA09-17ED-4204-AB5C-216FFC921C29}.Release|Any CPU.ActiveCfg = Release|Any CPU
		{325CCA09-17ED-4204-AB5C-216FFC921C29}.Release|Any CPU.Build.0 = Release|Any CPU
		{325CCA09-17ED-4204-AB5C-216FFC921C29}.Release|x64.ActiveCfg = Release|Any CPU
		{325CCA09-17ED-4204-AB5C-216FFC921C29}.Release|x64.Build.0 = Release|Any CPU
		{325CCA09-17ED-4204-AB5C-216FFC921C29}.Release|x86.ActiveCfg = Release|Any CPU
		{325CCA09-17ED-4204-AB5C-216FFC921C29}.Release|x86.Build.0 = Release|Any CPU
		{CC7E906E-3D93-461B-867A-24D141B95F0B}.Debug|Any CPU.ActiveCfg = Debug|Any CPU
		{CC7E906E-3D93-461B-867A-24D141B95F0B}.Debug|Any CPU.Build.0 = Debug|Any CPU
		{CC7E906E-3D93-461B-867A-24D141B95F0B}.Debug|x64.ActiveCfg = Debug|Any CPU
		{CC7E906E-3D93-461B-867A-24D141B95F0B}.Debug|x64.Build.0 = Debug|Any CPU
		{CC7E906E-3D93-461B-867A-24D141B95F0B}.Debug|x86.ActiveCfg = Debug|Any CPU
		{CC7E906E-3D93-461B-867A-24D141B95F0B}.Debug|x86.Build.0 = Debug|Any CPU
		{CC7E906E-3D93-461B-867A-24D141B95F0B}.Release|Any CPU.ActiveCfg = Release|Any CPU
		{CC7E906E-3D93-461B-867A-24D141B95F0B}.Release|Any CPU.Build.0 = Release|Any CPU
		{CC7E906E-3D93-461B-867A-24D141B95F0B}.Release|x64.ActiveCfg = Release|Any CPU
		{CC7E906E-3D93-461B-867A-24D141B95F0B}.Release|x64.Build.0 = Release|Any CPU
		{CC7E906E-3D93-461B-867A-24D141B95F0B}.Release|x86.ActiveCfg = Release|Any CPU
		{CC7E906E-3D93-461B-867A-24D141B95F0B}.Release|x86.Build.0 = Release|Any CPU
		{79A7108A-AAF2-4E6A-BEBF-C0954566DCCA}.Debug|Any CPU.ActiveCfg = Debug|Any CPU
		{79A7108A-AAF2-4E6A-BEBF-C0954566DCCA}.Debug|Any CPU.Build.0 = Debug|Any CPU
		{79A7108A-AAF2-4E6A-BEBF-C0954566DCCA}.Debug|x64.ActiveCfg = Debug|Any CPU
		{79A7108A-AAF2-4E6A-BEBF-C0954566DCCA}.Debug|x64.Build.0 = Debug|Any CPU
		{79A7108A-AAF2-4E6A-BEBF-C0954566DCCA}.Debug|x86.ActiveCfg = Debug|Any CPU
		{79A7108A-AAF2-4E6A-BEBF-C0954566DCCA}.Debug|x86.Build.0 = Debug|Any CPU
		{79A7108A-AAF2-4E6A-BEBF-C0954566DCCA}.Release|Any CPU.ActiveCfg = Release|Any CPU
		{79A7108A-AAF2-4E6A-BEBF-C0954566DCCA}.Release|Any CPU.Build.0 = Release|Any CPU
		{79A7108A-AAF2-4E6A-BEBF-C0954566DCCA}.Release|x64.ActiveCfg = Release|Any CPU
		{79A7108A-AAF2-4E6A-BEBF-C0954566DCCA}.Release|x64.Build.0 = Release|Any CPU
		{79A7108A-AAF2-4E6A-BEBF-C0954566DCCA}.Release|x86.ActiveCfg = Release|Any CPU
		{79A7108A-AAF2-4E6A-BEBF-C0954566DCCA}.Release|x86.Build.0 = Release|Any CPU
		{15D6C818-3EF8-44C7-8DD8-4B02E5E09E47}.Debug|Any CPU.ActiveCfg = Debug|Any CPU
		{15D6C818-3EF8-44C7-8DD8-4B02E5E09E47}.Debug|Any CPU.Build.0 = Debug|Any CPU
		{15D6C818-3EF8-44C7-8DD8-4B02E5E09E47}.Debug|x64.ActiveCfg = Debug|Any CPU
		{15D6C818-3EF8-44C7-8DD8-4B02E5E09E47}.Debug|x64.Build.0 = Debug|Any CPU
		{15D6C818-3EF8-44C7-8DD8-4B02E5E09E47}.Debug|x86.ActiveCfg = Debug|Any CPU
		{15D6C818-3EF8-44C7-8DD8-4B02E5E09E47}.Debug|x86.Build.0 = Debug|Any CPU
		{15D6C818-3EF8-44C7-8DD8-4B02E5E09E47}.Release|Any CPU.ActiveCfg = Release|Any CPU
		{15D6C818-3EF8-44C7-8DD8-4B02E5E09E47}.Release|Any CPU.Build.0 = Release|Any CPU
		{15D6C818-3EF8-44C7-8DD8-4B02E5E09E47}.Release|x64.ActiveCfg = Release|Any CPU
		{15D6C818-3EF8-44C7-8DD8-4B02E5E09E47}.Release|x64.Build.0 = Release|Any CPU
		{15D6C818-3EF8-44C7-8DD8-4B02E5E09E47}.Release|x86.ActiveCfg = Release|Any CPU
		{15D6C818-3EF8-44C7-8DD8-4B02E5E09E47}.Release|x86.Build.0 = Release|Any CPU
		{2536D2C7-5C54-44C1-AD40-9054A9EFD500}.Debug|Any CPU.ActiveCfg = Debug|Any CPU
		{2536D2C7-5C54-44C1-AD40-9054A9EFD500}.Debug|Any CPU.Build.0 = Debug|Any CPU
		{2536D2C7-5C54-44C1-AD40-9054A9EFD500}.Debug|x64.ActiveCfg = Debug|Any CPU
		{2536D2C7-5C54-44C1-AD40-9054A9EFD500}.Debug|x64.Build.0 = Debug|Any CPU
		{2536D2C7-5C54-44C1-AD40-9054A9EFD500}.Debug|x86.ActiveCfg = Debug|Any CPU
		{2536D2C7-5C54-44C1-AD40-9054A9EFD500}.Debug|x86.Build.0 = Debug|Any CPU
		{2536D2C7-5C54-44C1-AD40-9054A9EFD500}.Release|Any CPU.ActiveCfg = Release|Any CPU
		{2536D2C7-5C54-44C1-AD40-9054A9EFD500}.Release|Any CPU.Build.0 = Release|Any CPU
		{2536D2C7-5C54-44C1-AD40-9054A9EFD500}.Release|x64.ActiveCfg = Release|Any CPU
		{2536D2C7-5C54-44C1-AD40-9054A9EFD500}.Release|x64.Build.0 = Release|Any CPU
		{2536D2C7-5C54-44C1-AD40-9054A9EFD500}.Release|x86.ActiveCfg = Release|Any CPU
		{2536D2C7-5C54-44C1-AD40-9054A9EFD500}.Release|x86.Build.0 = Release|Any CPU
		{79F93E4C-138C-4229-AC26-1B75D5E72768}.Debug|Any CPU.ActiveCfg = Debug|Any CPU
		{79F93E4C-138C-4229-AC26-1B75D5E72768}.Debug|Any CPU.Build.0 = Debug|Any CPU
		{79F93E4C-138C-4229-AC26-1B75D5E72768}.Debug|x64.ActiveCfg = Debug|Any CPU
		{79F93E4C-138C-4229-AC26-1B75D5E72768}.Debug|x64.Build.0 = Debug|Any CPU
		{79F93E4C-138C-4229-AC26-1B75D5E72768}.Debug|x86.ActiveCfg = Debug|Any CPU
		{79F93E4C-138C-4229-AC26-1B75D5E72768}.Debug|x86.Build.0 = Debug|Any CPU
		{79F93E4C-138C-4229-AC26-1B75D5E72768}.Release|Any CPU.ActiveCfg = Release|Any CPU
		{79F93E4C-138C-4229-AC26-1B75D5E72768}.Release|Any CPU.Build.0 = Release|Any CPU
		{79F93E4C-138C-4229-AC26-1B75D5E72768}.Release|x64.ActiveCfg = Release|Any CPU
		{79F93E4C-138C-4229-AC26-1B75D5E72768}.Release|x64.Build.0 = Release|Any CPU
		{79F93E4C-138C-4229-AC26-1B75D5E72768}.Release|x86.ActiveCfg = Release|Any CPU
		{79F93E4C-138C-4229-AC26-1B75D5E72768}.Release|x86.Build.0 = Release|Any CPU
		{9C728E25-3523-4A7C-8AEE-1B805E2C10F4}.Debug|Any CPU.ActiveCfg = Debug|Any CPU
		{9C728E25-3523-4A7C-8AEE-1B805E2C10F4}.Debug|Any CPU.Build.0 = Debug|Any CPU
		{9C728E25-3523-4A7C-8AEE-1B805E2C10F4}.Debug|x64.ActiveCfg = Debug|Any CPU
		{9C728E25-3523-4A7C-8AEE-1B805E2C10F4}.Debug|x64.Build.0 = Debug|Any CPU
		{9C728E25-3523-4A7C-8AEE-1B805E2C10F4}.Debug|x86.ActiveCfg = Debug|Any CPU
		{9C728E25-3523-4A7C-8AEE-1B805E2C10F4}.Debug|x86.Build.0 = Debug|Any CPU
		{9C728E25-3523-4A7C-8AEE-1B805E2C10F4}.Release|Any CPU.ActiveCfg = Release|Any CPU
		{9C728E25-3523-4A7C-8AEE-1B805E2C10F4}.Release|Any CPU.Build.0 = Release|Any CPU
		{9C728E25-3523-4A7C-8AEE-1B805E2C10F4}.Release|x64.ActiveCfg = Release|Any CPU
		{9C728E25-3523-4A7C-8AEE-1B805E2C10F4}.Release|x64.Build.0 = Release|Any CPU
		{9C728E25-3523-4A7C-8AEE-1B805E2C10F4}.Release|x86.ActiveCfg = Release|Any CPU
		{9C728E25-3523-4A7C-8AEE-1B805E2C10F4}.Release|x86.Build.0 = Release|Any CPU
		{CE1A4DF8-8EDE-45AF-9594-7BAE7F30B567}.Debug|Any CPU.ActiveCfg = Debug|Any CPU
		{CE1A4DF8-8EDE-45AF-9594-7BAE7F30B567}.Debug|Any CPU.Build.0 = Debug|Any CPU
		{CE1A4DF8-8EDE-45AF-9594-7BAE7F30B567}.Debug|x64.ActiveCfg = Debug|Any CPU
		{CE1A4DF8-8EDE-45AF-9594-7BAE7F30B567}.Debug|x64.Build.0 = Debug|Any CPU
		{CE1A4DF8-8EDE-45AF-9594-7BAE7F30B567}.Debug|x86.ActiveCfg = Debug|Any CPU
		{CE1A4DF8-8EDE-45AF-9594-7BAE7F30B567}.Debug|x86.Build.0 = Debug|Any CPU
		{CE1A4DF8-8EDE-45AF-9594-7BAE7F30B567}.Release|Any CPU.ActiveCfg = Release|Any CPU
		{CE1A4DF8-8EDE-45AF-9594-7BAE7F30B567}.Release|Any CPU.Build.0 = Release|Any CPU
		{CE1A4DF8-8EDE-45AF-9594-7BAE7F30B567}.Release|x64.ActiveCfg = Release|Any CPU
		{CE1A4DF8-8EDE-45AF-9594-7BAE7F30B567}.Release|x64.Build.0 = Release|Any CPU
		{CE1A4DF8-8EDE-45AF-9594-7BAE7F30B567}.Release|x86.ActiveCfg = Release|Any CPU
		{CE1A4DF8-8EDE-45AF-9594-7BAE7F30B567}.Release|x86.Build.0 = Release|Any CPU
		{FE0F283E-6B95-4BF8-B7C4-1EB0893CE16D}.Debug|Any CPU.ActiveCfg = Debug|Any CPU
		{FE0F283E-6B95-4BF8-B7C4-1EB0893CE16D}.Debug|Any CPU.Build.0 = Debug|Any CPU
		{FE0F283E-6B95-4BF8-B7C4-1EB0893CE16D}.Debug|x64.ActiveCfg = Debug|Any CPU
		{FE0F283E-6B95-4BF8-B7C4-1EB0893CE16D}.Debug|x64.Build.0 = Debug|Any CPU
		{FE0F283E-6B95-4BF8-B7C4-1EB0893CE16D}.Debug|x86.ActiveCfg = Debug|Any CPU
		{FE0F283E-6B95-4BF8-B7C4-1EB0893CE16D}.Debug|x86.Build.0 = Debug|Any CPU
		{FE0F283E-6B95-4BF8-B7C4-1EB0893CE16D}.Release|Any CPU.ActiveCfg = Release|Any CPU
		{FE0F283E-6B95-4BF8-B7C4-1EB0893CE16D}.Release|Any CPU.Build.0 = Release|Any CPU
		{FE0F283E-6B95-4BF8-B7C4-1EB0893CE16D}.Release|x64.ActiveCfg = Release|Any CPU
		{FE0F283E-6B95-4BF8-B7C4-1EB0893CE16D}.Release|x64.Build.0 = Release|Any CPU
		{FE0F283E-6B95-4BF8-B7C4-1EB0893CE16D}.Release|x86.ActiveCfg = Release|Any CPU
		{FE0F283E-6B95-4BF8-B7C4-1EB0893CE16D}.Release|x86.Build.0 = Release|Any CPU
		{AD7E5D6D-1861-4D17-AAA5-B9743F17D771}.Debug|Any CPU.ActiveCfg = Debug|Any CPU
		{AD7E5D6D-1861-4D17-AAA5-B9743F17D771}.Debug|Any CPU.Build.0 = Debug|Any CPU
		{AD7E5D6D-1861-4D17-AAA5-B9743F17D771}.Debug|x64.ActiveCfg = Debug|Any CPU
		{AD7E5D6D-1861-4D17-AAA5-B9743F17D771}.Debug|x64.Build.0 = Debug|Any CPU
		{AD7E5D6D-1861-4D17-AAA5-B9743F17D771}.Debug|x86.ActiveCfg = Debug|Any CPU
		{AD7E5D6D-1861-4D17-AAA5-B9743F17D771}.Debug|x86.Build.0 = Debug|Any CPU
		{AD7E5D6D-1861-4D17-AAA5-B9743F17D771}.Release|Any CPU.ActiveCfg = Release|Any CPU
		{AD7E5D6D-1861-4D17-AAA5-B9743F17D771}.Release|Any CPU.Build.0 = Release|Any CPU
		{AD7E5D6D-1861-4D17-AAA5-B9743F17D771}.Release|x64.ActiveCfg = Release|Any CPU
		{AD7E5D6D-1861-4D17-AAA5-B9743F17D771}.Release|x64.Build.0 = Release|Any CPU
		{AD7E5D6D-1861-4D17-AAA5-B9743F17D771}.Release|x86.ActiveCfg = Release|Any CPU
		{AD7E5D6D-1861-4D17-AAA5-B9743F17D771}.Release|x86.Build.0 = Release|Any CPU
		{67149748-9FFB-44F9-B2C8-215C3602258F}.Debug|Any CPU.ActiveCfg = Debug|Any CPU
		{67149748-9FFB-44F9-B2C8-215C3602258F}.Debug|Any CPU.Build.0 = Debug|Any CPU
		{67149748-9FFB-44F9-B2C8-215C3602258F}.Debug|x64.ActiveCfg = Debug|Any CPU
		{67149748-9FFB-44F9-B2C8-215C3602258F}.Debug|x64.Build.0 = Debug|Any CPU
		{67149748-9FFB-44F9-B2C8-215C3602258F}.Debug|x86.ActiveCfg = Debug|Any CPU
		{67149748-9FFB-44F9-B2C8-215C3602258F}.Debug|x86.Build.0 = Debug|Any CPU
		{67149748-9FFB-44F9-B2C8-215C3602258F}.Release|Any CPU.ActiveCfg = Release|Any CPU
		{67149748-9FFB-44F9-B2C8-215C3602258F}.Release|Any CPU.Build.0 = Release|Any CPU
		{67149748-9FFB-44F9-B2C8-215C3602258F}.Release|x64.ActiveCfg = Release|Any CPU
		{67149748-9FFB-44F9-B2C8-215C3602258F}.Release|x64.Build.0 = Release|Any CPU
		{67149748-9FFB-44F9-B2C8-215C3602258F}.Release|x86.ActiveCfg = Release|Any CPU
		{67149748-9FFB-44F9-B2C8-215C3602258F}.Release|x86.Build.0 = Release|Any CPU
		{B2D04A09-29DF-462C-B753-B22AB9633DFD}.Debug|Any CPU.ActiveCfg = Debug|Any CPU
		{B2D04A09-29DF-462C-B753-B22AB9633DFD}.Debug|Any CPU.Build.0 = Debug|Any CPU
		{B2D04A09-29DF-462C-B753-B22AB9633DFD}.Debug|x64.ActiveCfg = Debug|Any CPU
		{B2D04A09-29DF-462C-B753-B22AB9633DFD}.Debug|x64.Build.0 = Debug|Any CPU
		{B2D04A09-29DF-462C-B753-B22AB9633DFD}.Debug|x86.ActiveCfg = Debug|Any CPU
		{B2D04A09-29DF-462C-B753-B22AB9633DFD}.Debug|x86.Build.0 = Debug|Any CPU
		{B2D04A09-29DF-462C-B753-B22AB9633DFD}.Release|Any CPU.ActiveCfg = Release|Any CPU
		{B2D04A09-29DF-462C-B753-B22AB9633DFD}.Release|Any CPU.Build.0 = Release|Any CPU
		{B2D04A09-29DF-462C-B753-B22AB9633DFD}.Release|x64.ActiveCfg = Release|Any CPU
		{B2D04A09-29DF-462C-B753-B22AB9633DFD}.Release|x64.Build.0 = Release|Any CPU
		{B2D04A09-29DF-462C-B753-B22AB9633DFD}.Release|x86.ActiveCfg = Release|Any CPU
		{B2D04A09-29DF-462C-B753-B22AB9633DFD}.Release|x86.Build.0 = Release|Any CPU
		{E984CFEE-171B-4AC4-8C89-7B446D97D1B8}.Debug|Any CPU.ActiveCfg = Debug|Any CPU
		{E984CFEE-171B-4AC4-8C89-7B446D97D1B8}.Debug|Any CPU.Build.0 = Debug|Any CPU
		{E984CFEE-171B-4AC4-8C89-7B446D97D1B8}.Debug|x64.ActiveCfg = Debug|Any CPU
		{E984CFEE-171B-4AC4-8C89-7B446D97D1B8}.Debug|x64.Build.0 = Debug|Any CPU
		{E984CFEE-171B-4AC4-8C89-7B446D97D1B8}.Debug|x86.ActiveCfg = Debug|Any CPU
		{E984CFEE-171B-4AC4-8C89-7B446D97D1B8}.Debug|x86.Build.0 = Debug|Any CPU
		{E984CFEE-171B-4AC4-8C89-7B446D97D1B8}.Release|Any CPU.ActiveCfg = Release|Any CPU
		{E984CFEE-171B-4AC4-8C89-7B446D97D1B8}.Release|Any CPU.Build.0 = Release|Any CPU
		{E984CFEE-171B-4AC4-8C89-7B446D97D1B8}.Release|x64.ActiveCfg = Release|Any CPU
		{E984CFEE-171B-4AC4-8C89-7B446D97D1B8}.Release|x64.Build.0 = Release|Any CPU
		{E984CFEE-171B-4AC4-8C89-7B446D97D1B8}.Release|x86.ActiveCfg = Release|Any CPU
		{E984CFEE-171B-4AC4-8C89-7B446D97D1B8}.Release|x86.Build.0 = Release|Any CPU
		{D1A19D5C-E8B0-4128-A362-60F7E21B9619}.Debug|Any CPU.ActiveCfg = Debug|Any CPU
		{D1A19D5C-E8B0-4128-A362-60F7E21B9619}.Debug|Any CPU.Build.0 = Debug|Any CPU
		{D1A19D5C-E8B0-4128-A362-60F7E21B9619}.Debug|x64.ActiveCfg = Debug|Any CPU
		{D1A19D5C-E8B0-4128-A362-60F7E21B9619}.Debug|x64.Build.0 = Debug|Any CPU
		{D1A19D5C-E8B0-4128-A362-60F7E21B9619}.Debug|x86.ActiveCfg = Debug|Any CPU
		{D1A19D5C-E8B0-4128-A362-60F7E21B9619}.Debug|x86.Build.0 = Debug|Any CPU
		{D1A19D5C-E8B0-4128-A362-60F7E21B9619}.Release|Any CPU.ActiveCfg = Release|Any CPU
		{D1A19D5C-E8B0-4128-A362-60F7E21B9619}.Release|Any CPU.Build.0 = Release|Any CPU
		{D1A19D5C-E8B0-4128-A362-60F7E21B9619}.Release|x64.ActiveCfg = Release|Any CPU
		{D1A19D5C-E8B0-4128-A362-60F7E21B9619}.Release|x64.Build.0 = Release|Any CPU
		{D1A19D5C-E8B0-4128-A362-60F7E21B9619}.Release|x86.ActiveCfg = Release|Any CPU
		{D1A19D5C-E8B0-4128-A362-60F7E21B9619}.Release|x86.Build.0 = Release|Any CPU
		{4726C46B-E9EA-47FD-B5D0-2688635286E3}.Debug|Any CPU.ActiveCfg = Debug|Any CPU
		{4726C46B-E9EA-47FD-B5D0-2688635286E3}.Debug|Any CPU.Build.0 = Debug|Any CPU
		{4726C46B-E9EA-47FD-B5D0-2688635286E3}.Debug|x64.ActiveCfg = Debug|Any CPU
		{4726C46B-E9EA-47FD-B5D0-2688635286E3}.Debug|x64.Build.0 = Debug|Any CPU
		{4726C46B-E9EA-47FD-B5D0-2688635286E3}.Debug|x86.ActiveCfg = Debug|Any CPU
		{4726C46B-E9EA-47FD-B5D0-2688635286E3}.Debug|x86.Build.0 = Debug|Any CPU
		{4726C46B-E9EA-47FD-B5D0-2688635286E3}.Release|Any CPU.ActiveCfg = Release|Any CPU
		{4726C46B-E9EA-47FD-B5D0-2688635286E3}.Release|Any CPU.Build.0 = Release|Any CPU
		{4726C46B-E9EA-47FD-B5D0-2688635286E3}.Release|x64.ActiveCfg = Release|Any CPU
		{4726C46B-E9EA-47FD-B5D0-2688635286E3}.Release|x64.Build.0 = Release|Any CPU
		{4726C46B-E9EA-47FD-B5D0-2688635286E3}.Release|x86.ActiveCfg = Release|Any CPU
		{4726C46B-E9EA-47FD-B5D0-2688635286E3}.Release|x86.Build.0 = Release|Any CPU
		{A180B555-DBDA-4910-8832-EC0E1A1EED49}.Debug|Any CPU.ActiveCfg = Debug|Any CPU
		{A180B555-DBDA-4910-8832-EC0E1A1EED49}.Debug|Any CPU.Build.0 = Debug|Any CPU
		{A180B555-DBDA-4910-8832-EC0E1A1EED49}.Debug|x64.ActiveCfg = Debug|Any CPU
		{A180B555-DBDA-4910-8832-EC0E1A1EED49}.Debug|x64.Build.0 = Debug|Any CPU
		{A180B555-DBDA-4910-8832-EC0E1A1EED49}.Debug|x86.ActiveCfg = Debug|Any CPU
		{A180B555-DBDA-4910-8832-EC0E1A1EED49}.Debug|x86.Build.0 = Debug|Any CPU
		{A180B555-DBDA-4910-8832-EC0E1A1EED49}.Release|Any CPU.ActiveCfg = Release|Any CPU
		{A180B555-DBDA-4910-8832-EC0E1A1EED49}.Release|Any CPU.Build.0 = Release|Any CPU
		{A180B555-DBDA-4910-8832-EC0E1A1EED49}.Release|x64.ActiveCfg = Release|Any CPU
		{A180B555-DBDA-4910-8832-EC0E1A1EED49}.Release|x64.Build.0 = Release|Any CPU
		{A180B555-DBDA-4910-8832-EC0E1A1EED49}.Release|x86.ActiveCfg = Release|Any CPU
		{A180B555-DBDA-4910-8832-EC0E1A1EED49}.Release|x86.Build.0 = Release|Any CPU
		{3551897C-2CB5-4D43-8B0D-73A828BA153C}.Debug|Any CPU.ActiveCfg = Debug|Any CPU
		{3551897C-2CB5-4D43-8B0D-73A828BA153C}.Debug|Any CPU.Build.0 = Debug|Any CPU
		{3551897C-2CB5-4D43-8B0D-73A828BA153C}.Debug|x64.ActiveCfg = Debug|Any CPU
		{3551897C-2CB5-4D43-8B0D-73A828BA153C}.Debug|x64.Build.0 = Debug|Any CPU
		{3551897C-2CB5-4D43-8B0D-73A828BA153C}.Debug|x86.ActiveCfg = Debug|Any CPU
		{3551897C-2CB5-4D43-8B0D-73A828BA153C}.Debug|x86.Build.0 = Debug|Any CPU
		{3551897C-2CB5-4D43-8B0D-73A828BA153C}.Release|Any CPU.ActiveCfg = Release|Any CPU
		{3551897C-2CB5-4D43-8B0D-73A828BA153C}.Release|Any CPU.Build.0 = Release|Any CPU
		{3551897C-2CB5-4D43-8B0D-73A828BA153C}.Release|x64.ActiveCfg = Release|Any CPU
		{3551897C-2CB5-4D43-8B0D-73A828BA153C}.Release|x64.Build.0 = Release|Any CPU
		{3551897C-2CB5-4D43-8B0D-73A828BA153C}.Release|x86.ActiveCfg = Release|Any CPU
		{3551897C-2CB5-4D43-8B0D-73A828BA153C}.Release|x86.Build.0 = Release|Any CPU
		{96FB0BAE-A50D-42CE-982A-092FAE0C6CE7}.Debug|Any CPU.ActiveCfg = Debug|Any CPU
		{96FB0BAE-A50D-42CE-982A-092FAE0C6CE7}.Debug|Any CPU.Build.0 = Debug|Any CPU
		{96FB0BAE-A50D-42CE-982A-092FAE0C6CE7}.Debug|x64.ActiveCfg = Debug|Any CPU
		{96FB0BAE-A50D-42CE-982A-092FAE0C6CE7}.Debug|x64.Build.0 = Debug|Any CPU
		{96FB0BAE-A50D-42CE-982A-092FAE0C6CE7}.Debug|x86.ActiveCfg = Debug|Any CPU
		{96FB0BAE-A50D-42CE-982A-092FAE0C6CE7}.Debug|x86.Build.0 = Debug|Any CPU
		{96FB0BAE-A50D-42CE-982A-092FAE0C6CE7}.Release|Any CPU.ActiveCfg = Release|Any CPU
		{96FB0BAE-A50D-42CE-982A-092FAE0C6CE7}.Release|Any CPU.Build.0 = Release|Any CPU
		{96FB0BAE-A50D-42CE-982A-092FAE0C6CE7}.Release|x64.ActiveCfg = Release|Any CPU
		{96FB0BAE-A50D-42CE-982A-092FAE0C6CE7}.Release|x64.Build.0 = Release|Any CPU
		{96FB0BAE-A50D-42CE-982A-092FAE0C6CE7}.Release|x86.ActiveCfg = Release|Any CPU
		{96FB0BAE-A50D-42CE-982A-092FAE0C6CE7}.Release|x86.Build.0 = Release|Any CPU
		{B19C2D10-3DA3-499F-957C-F3ED94F1D387}.Debug|Any CPU.ActiveCfg = Debug|Any CPU
		{B19C2D10-3DA3-499F-957C-F3ED94F1D387}.Debug|Any CPU.Build.0 = Debug|Any CPU
		{B19C2D10-3DA3-499F-957C-F3ED94F1D387}.Debug|x64.ActiveCfg = Debug|Any CPU
		{B19C2D10-3DA3-499F-957C-F3ED94F1D387}.Debug|x64.Build.0 = Debug|Any CPU
		{B19C2D10-3DA3-499F-957C-F3ED94F1D387}.Debug|x86.ActiveCfg = Debug|Any CPU
		{B19C2D10-3DA3-499F-957C-F3ED94F1D387}.Debug|x86.Build.0 = Debug|Any CPU
		{B19C2D10-3DA3-499F-957C-F3ED94F1D387}.Release|Any CPU.ActiveCfg = Release|Any CPU
		{B19C2D10-3DA3-499F-957C-F3ED94F1D387}.Release|Any CPU.Build.0 = Release|Any CPU
		{B19C2D10-3DA3-499F-957C-F3ED94F1D387}.Release|x64.ActiveCfg = Release|Any CPU
		{B19C2D10-3DA3-499F-957C-F3ED94F1D387}.Release|x64.Build.0 = Release|Any CPU
		{B19C2D10-3DA3-499F-957C-F3ED94F1D387}.Release|x86.ActiveCfg = Release|Any CPU
		{B19C2D10-3DA3-499F-957C-F3ED94F1D387}.Release|x86.Build.0 = Release|Any CPU
		{9B3FBBA2-45AE-40C9-A4B4-A0D176B01077}.Debug|Any CPU.ActiveCfg = Debug|Any CPU
		{9B3FBBA2-45AE-40C9-A4B4-A0D176B01077}.Debug|Any CPU.Build.0 = Debug|Any CPU
		{9B3FBBA2-45AE-40C9-A4B4-A0D176B01077}.Debug|x64.ActiveCfg = Debug|Any CPU
		{9B3FBBA2-45AE-40C9-A4B4-A0D176B01077}.Debug|x64.Build.0 = Debug|Any CPU
		{9B3FBBA2-45AE-40C9-A4B4-A0D176B01077}.Debug|x86.ActiveCfg = Debug|Any CPU
		{9B3FBBA2-45AE-40C9-A4B4-A0D176B01077}.Debug|x86.Build.0 = Debug|Any CPU
		{9B3FBBA2-45AE-40C9-A4B4-A0D176B01077}.Release|Any CPU.ActiveCfg = Release|Any CPU
		{9B3FBBA2-45AE-40C9-A4B4-A0D176B01077}.Release|Any CPU.Build.0 = Release|Any CPU
		{9B3FBBA2-45AE-40C9-A4B4-A0D176B01077}.Release|x64.ActiveCfg = Release|Any CPU
		{9B3FBBA2-45AE-40C9-A4B4-A0D176B01077}.Release|x64.Build.0 = Release|Any CPU
		{9B3FBBA2-45AE-40C9-A4B4-A0D176B01077}.Release|x86.ActiveCfg = Release|Any CPU
		{9B3FBBA2-45AE-40C9-A4B4-A0D176B01077}.Release|x86.Build.0 = Release|Any CPU
		{6E88E3D8-73AF-422C-975B-60C3955EA885}.Debug|Any CPU.ActiveCfg = Debug|Any CPU
		{6E88E3D8-73AF-422C-975B-60C3955EA885}.Debug|Any CPU.Build.0 = Debug|Any CPU
		{6E88E3D8-73AF-422C-975B-60C3955EA885}.Debug|x64.ActiveCfg = Debug|Any CPU
		{6E88E3D8-73AF-422C-975B-60C3955EA885}.Debug|x64.Build.0 = Debug|Any CPU
		{6E88E3D8-73AF-422C-975B-60C3955EA885}.Debug|x86.ActiveCfg = Debug|Any CPU
		{6E88E3D8-73AF-422C-975B-60C3955EA885}.Debug|x86.Build.0 = Debug|Any CPU
		{6E88E3D8-73AF-422C-975B-60C3955EA885}.Release|Any CPU.ActiveCfg = Release|Any CPU
		{6E88E3D8-73AF-422C-975B-60C3955EA885}.Release|Any CPU.Build.0 = Release|Any CPU
		{6E88E3D8-73AF-422C-975B-60C3955EA885}.Release|x64.ActiveCfg = Release|Any CPU
		{6E88E3D8-73AF-422C-975B-60C3955EA885}.Release|x64.Build.0 = Release|Any CPU
		{6E88E3D8-73AF-422C-975B-60C3955EA885}.Release|x86.ActiveCfg = Release|Any CPU
		{6E88E3D8-73AF-422C-975B-60C3955EA885}.Release|x86.Build.0 = Release|Any CPU
		{3AB8B54F-2CA6-41E0-8464-003830F9D548}.Debug|Any CPU.ActiveCfg = Debug|Any CPU
		{3AB8B54F-2CA6-41E0-8464-003830F9D548}.Debug|Any CPU.Build.0 = Debug|Any CPU
		{3AB8B54F-2CA6-41E0-8464-003830F9D548}.Debug|x64.ActiveCfg = Debug|Any CPU
		{3AB8B54F-2CA6-41E0-8464-003830F9D548}.Debug|x64.Build.0 = Debug|Any CPU
		{3AB8B54F-2CA6-41E0-8464-003830F9D548}.Debug|x86.ActiveCfg = Debug|Any CPU
		{3AB8B54F-2CA6-41E0-8464-003830F9D548}.Debug|x86.Build.0 = Debug|Any CPU
		{3AB8B54F-2CA6-41E0-8464-003830F9D548}.Release|Any CPU.ActiveCfg = Release|Any CPU
		{3AB8B54F-2CA6-41E0-8464-003830F9D548}.Release|Any CPU.Build.0 = Release|Any CPU
		{3AB8B54F-2CA6-41E0-8464-003830F9D548}.Release|x64.ActiveCfg = Release|Any CPU
		{3AB8B54F-2CA6-41E0-8464-003830F9D548}.Release|x64.Build.0 = Release|Any CPU
		{3AB8B54F-2CA6-41E0-8464-003830F9D548}.Release|x86.ActiveCfg = Release|Any CPU
		{3AB8B54F-2CA6-41E0-8464-003830F9D548}.Release|x86.Build.0 = Release|Any CPU
		{DC4C79AA-6DFB-41A4-B6B2-14B05DCC0148}.Debug|Any CPU.ActiveCfg = Debug|Any CPU
		{DC4C79AA-6DFB-41A4-B6B2-14B05DCC0148}.Debug|Any CPU.Build.0 = Debug|Any CPU
		{DC4C79AA-6DFB-41A4-B6B2-14B05DCC0148}.Debug|x64.ActiveCfg = Debug|Any CPU
		{DC4C79AA-6DFB-41A4-B6B2-14B05DCC0148}.Debug|x64.Build.0 = Debug|Any CPU
		{DC4C79AA-6DFB-41A4-B6B2-14B05DCC0148}.Debug|x86.ActiveCfg = Debug|Any CPU
		{DC4C79AA-6DFB-41A4-B6B2-14B05DCC0148}.Debug|x86.Build.0 = Debug|Any CPU
		{DC4C79AA-6DFB-41A4-B6B2-14B05DCC0148}.Release|Any CPU.ActiveCfg = Release|Any CPU
		{DC4C79AA-6DFB-41A4-B6B2-14B05DCC0148}.Release|Any CPU.Build.0 = Release|Any CPU
		{DC4C79AA-6DFB-41A4-B6B2-14B05DCC0148}.Release|x64.ActiveCfg = Release|Any CPU
		{DC4C79AA-6DFB-41A4-B6B2-14B05DCC0148}.Release|x64.Build.0 = Release|Any CPU
		{DC4C79AA-6DFB-41A4-B6B2-14B05DCC0148}.Release|x86.ActiveCfg = Release|Any CPU
		{DC4C79AA-6DFB-41A4-B6B2-14B05DCC0148}.Release|x86.Build.0 = Release|Any CPU
		{7B95261B-2329-4110-A915-8D8B086F6C0E}.Debug|Any CPU.ActiveCfg = Debug|Any CPU
		{7B95261B-2329-4110-A915-8D8B086F6C0E}.Debug|Any CPU.Build.0 = Debug|Any CPU
		{7B95261B-2329-4110-A915-8D8B086F6C0E}.Debug|x64.ActiveCfg = Debug|Any CPU
		{7B95261B-2329-4110-A915-8D8B086F6C0E}.Debug|x64.Build.0 = Debug|Any CPU
		{7B95261B-2329-4110-A915-8D8B086F6C0E}.Debug|x86.ActiveCfg = Debug|Any CPU
		{7B95261B-2329-4110-A915-8D8B086F6C0E}.Debug|x86.Build.0 = Debug|Any CPU
		{7B95261B-2329-4110-A915-8D8B086F6C0E}.Release|Any CPU.ActiveCfg = Release|Any CPU
		{7B95261B-2329-4110-A915-8D8B086F6C0E}.Release|Any CPU.Build.0 = Release|Any CPU
		{7B95261B-2329-4110-A915-8D8B086F6C0E}.Release|x64.ActiveCfg = Release|Any CPU
		{7B95261B-2329-4110-A915-8D8B086F6C0E}.Release|x64.Build.0 = Release|Any CPU
		{7B95261B-2329-4110-A915-8D8B086F6C0E}.Release|x86.ActiveCfg = Release|Any CPU
		{7B95261B-2329-4110-A915-8D8B086F6C0E}.Release|x86.Build.0 = Release|Any CPU
		{80746F74-E625-49E8-B90C-2654B74A5678}.Debug|Any CPU.ActiveCfg = Debug|Any CPU
		{80746F74-E625-49E8-B90C-2654B74A5678}.Debug|Any CPU.Build.0 = Debug|Any CPU
		{80746F74-E625-49E8-B90C-2654B74A5678}.Debug|x64.ActiveCfg = Debug|Any CPU
		{80746F74-E625-49E8-B90C-2654B74A5678}.Debug|x64.Build.0 = Debug|Any CPU
		{80746F74-E625-49E8-B90C-2654B74A5678}.Debug|x86.ActiveCfg = Debug|Any CPU
		{80746F74-E625-49E8-B90C-2654B74A5678}.Debug|x86.Build.0 = Debug|Any CPU
		{80746F74-E625-49E8-B90C-2654B74A5678}.Release|Any CPU.ActiveCfg = Release|Any CPU
		{80746F74-E625-49E8-B90C-2654B74A5678}.Release|Any CPU.Build.0 = Release|Any CPU
		{80746F74-E625-49E8-B90C-2654B74A5678}.Release|x64.ActiveCfg = Release|Any CPU
		{80746F74-E625-49E8-B90C-2654B74A5678}.Release|x64.Build.0 = Release|Any CPU
		{80746F74-E625-49E8-B90C-2654B74A5678}.Release|x86.ActiveCfg = Release|Any CPU
		{80746F74-E625-49E8-B90C-2654B74A5678}.Release|x86.Build.0 = Release|Any CPU
		{C8503513-753B-4786-964F-DE14F4FB22D8}.Debug|Any CPU.ActiveCfg = Debug|Any CPU
		{C8503513-753B-4786-964F-DE14F4FB22D8}.Debug|Any CPU.Build.0 = Debug|Any CPU
		{C8503513-753B-4786-964F-DE14F4FB22D8}.Debug|x64.ActiveCfg = Debug|Any CPU
		{C8503513-753B-4786-964F-DE14F4FB22D8}.Debug|x64.Build.0 = Debug|Any CPU
		{C8503513-753B-4786-964F-DE14F4FB22D8}.Debug|x86.ActiveCfg = Debug|Any CPU
		{C8503513-753B-4786-964F-DE14F4FB22D8}.Debug|x86.Build.0 = Debug|Any CPU
		{C8503513-753B-4786-964F-DE14F4FB22D8}.Release|Any CPU.ActiveCfg = Release|Any CPU
		{C8503513-753B-4786-964F-DE14F4FB22D8}.Release|Any CPU.Build.0 = Release|Any CPU
		{C8503513-753B-4786-964F-DE14F4FB22D8}.Release|x64.ActiveCfg = Release|Any CPU
		{C8503513-753B-4786-964F-DE14F4FB22D8}.Release|x64.Build.0 = Release|Any CPU
		{C8503513-753B-4786-964F-DE14F4FB22D8}.Release|x86.ActiveCfg = Release|Any CPU
		{C8503513-753B-4786-964F-DE14F4FB22D8}.Release|x86.Build.0 = Release|Any CPU
		{0D17B36B-46A0-4FED-BF0C-B4726DB14E9D}.Debug|Any CPU.ActiveCfg = Debug|Any CPU
		{0D17B36B-46A0-4FED-BF0C-B4726DB14E9D}.Debug|Any CPU.Build.0 = Debug|Any CPU
		{0D17B36B-46A0-4FED-BF0C-B4726DB14E9D}.Debug|x64.ActiveCfg = Debug|Any CPU
		{0D17B36B-46A0-4FED-BF0C-B4726DB14E9D}.Debug|x64.Build.0 = Debug|Any CPU
		{0D17B36B-46A0-4FED-BF0C-B4726DB14E9D}.Debug|x86.ActiveCfg = Debug|Any CPU
		{0D17B36B-46A0-4FED-BF0C-B4726DB14E9D}.Debug|x86.Build.0 = Debug|Any CPU
		{0D17B36B-46A0-4FED-BF0C-B4726DB14E9D}.Release|Any CPU.ActiveCfg = Release|Any CPU
		{0D17B36B-46A0-4FED-BF0C-B4726DB14E9D}.Release|Any CPU.Build.0 = Release|Any CPU
		{0D17B36B-46A0-4FED-BF0C-B4726DB14E9D}.Release|x64.ActiveCfg = Release|Any CPU
		{0D17B36B-46A0-4FED-BF0C-B4726DB14E9D}.Release|x64.Build.0 = Release|Any CPU
		{0D17B36B-46A0-4FED-BF0C-B4726DB14E9D}.Release|x86.ActiveCfg = Release|Any CPU
		{0D17B36B-46A0-4FED-BF0C-B4726DB14E9D}.Release|x86.Build.0 = Release|Any CPU
		{860AB150-C35F-4BEB-86FB-04B025198941}.Debug|Any CPU.ActiveCfg = Debug|Any CPU
		{860AB150-C35F-4BEB-86FB-04B025198941}.Debug|Any CPU.Build.0 = Debug|Any CPU
		{860AB150-C35F-4BEB-86FB-04B025198941}.Debug|x64.ActiveCfg = Debug|Any CPU
		{860AB150-C35F-4BEB-86FB-04B025198941}.Debug|x64.Build.0 = Debug|Any CPU
		{860AB150-C35F-4BEB-86FB-04B025198941}.Debug|x86.ActiveCfg = Debug|Any CPU
		{860AB150-C35F-4BEB-86FB-04B025198941}.Debug|x86.Build.0 = Debug|Any CPU
		{860AB150-C35F-4BEB-86FB-04B025198941}.Release|Any CPU.ActiveCfg = Release|Any CPU
		{860AB150-C35F-4BEB-86FB-04B025198941}.Release|Any CPU.Build.0 = Release|Any CPU
		{860AB150-C35F-4BEB-86FB-04B025198941}.Release|x64.ActiveCfg = Release|Any CPU
		{860AB150-C35F-4BEB-86FB-04B025198941}.Release|x64.Build.0 = Release|Any CPU
		{860AB150-C35F-4BEB-86FB-04B025198941}.Release|x86.ActiveCfg = Release|Any CPU
		{860AB150-C35F-4BEB-86FB-04B025198941}.Release|x86.Build.0 = Release|Any CPU
		{B552E626-E1F3-467C-8E20-EAAB1D35C72F}.Debug|Any CPU.ActiveCfg = Debug|Any CPU
		{B552E626-E1F3-467C-8E20-EAAB1D35C72F}.Debug|Any CPU.Build.0 = Debug|Any CPU
		{B552E626-E1F3-467C-8E20-EAAB1D35C72F}.Debug|x64.ActiveCfg = Debug|Any CPU
		{B552E626-E1F3-467C-8E20-EAAB1D35C72F}.Debug|x64.Build.0 = Debug|Any CPU
		{B552E626-E1F3-467C-8E20-EAAB1D35C72F}.Debug|x86.ActiveCfg = Debug|Any CPU
		{B552E626-E1F3-467C-8E20-EAAB1D35C72F}.Debug|x86.Build.0 = Debug|Any CPU
		{B552E626-E1F3-467C-8E20-EAAB1D35C72F}.Release|Any CPU.ActiveCfg = Release|Any CPU
		{B552E626-E1F3-467C-8E20-EAAB1D35C72F}.Release|Any CPU.Build.0 = Release|Any CPU
		{B552E626-E1F3-467C-8E20-EAAB1D35C72F}.Release|x64.ActiveCfg = Release|Any CPU
		{B552E626-E1F3-467C-8E20-EAAB1D35C72F}.Release|x64.Build.0 = Release|Any CPU
		{B552E626-E1F3-467C-8E20-EAAB1D35C72F}.Release|x86.ActiveCfg = Release|Any CPU
		{B552E626-E1F3-467C-8E20-EAAB1D35C72F}.Release|x86.Build.0 = Release|Any CPU
		{5ADAF0ED-690A-440D-AD4F-F561DABCA03C}.Debug|Any CPU.ActiveCfg = Debug|Any CPU
		{5ADAF0ED-690A-440D-AD4F-F561DABCA03C}.Debug|Any CPU.Build.0 = Debug|Any CPU
		{5ADAF0ED-690A-440D-AD4F-F561DABCA03C}.Debug|x64.ActiveCfg = Debug|Any CPU
		{5ADAF0ED-690A-440D-AD4F-F561DABCA03C}.Debug|x64.Build.0 = Debug|Any CPU
		{5ADAF0ED-690A-440D-AD4F-F561DABCA03C}.Debug|x86.ActiveCfg = Debug|Any CPU
		{5ADAF0ED-690A-440D-AD4F-F561DABCA03C}.Debug|x86.Build.0 = Debug|Any CPU
		{5ADAF0ED-690A-440D-AD4F-F561DABCA03C}.Release|Any CPU.ActiveCfg = Release|Any CPU
		{5ADAF0ED-690A-440D-AD4F-F561DABCA03C}.Release|Any CPU.Build.0 = Release|Any CPU
		{5ADAF0ED-690A-440D-AD4F-F561DABCA03C}.Release|x64.ActiveCfg = Release|Any CPU
		{5ADAF0ED-690A-440D-AD4F-F561DABCA03C}.Release|x64.Build.0 = Release|Any CPU
		{5ADAF0ED-690A-440D-AD4F-F561DABCA03C}.Release|x86.ActiveCfg = Release|Any CPU
		{5ADAF0ED-690A-440D-AD4F-F561DABCA03C}.Release|x86.Build.0 = Release|Any CPU
		{E4E2ECB0-E380-4B54-B95E-6C9957D8C013}.Debug|Any CPU.ActiveCfg = Debug|Any CPU
		{E4E2ECB0-E380-4B54-B95E-6C9957D8C013}.Debug|Any CPU.Build.0 = Debug|Any CPU
		{E4E2ECB0-E380-4B54-B95E-6C9957D8C013}.Debug|x64.ActiveCfg = Debug|Any CPU
		{E4E2ECB0-E380-4B54-B95E-6C9957D8C013}.Debug|x64.Build.0 = Debug|Any CPU
		{E4E2ECB0-E380-4B54-B95E-6C9957D8C013}.Debug|x86.ActiveCfg = Debug|Any CPU
		{E4E2ECB0-E380-4B54-B95E-6C9957D8C013}.Debug|x86.Build.0 = Debug|Any CPU
		{E4E2ECB0-E380-4B54-B95E-6C9957D8C013}.Release|Any CPU.ActiveCfg = Release|Any CPU
		{E4E2ECB0-E380-4B54-B95E-6C9957D8C013}.Release|Any CPU.Build.0 = Release|Any CPU
		{E4E2ECB0-E380-4B54-B95E-6C9957D8C013}.Release|x64.ActiveCfg = Release|Any CPU
		{E4E2ECB0-E380-4B54-B95E-6C9957D8C013}.Release|x64.Build.0 = Release|Any CPU
		{E4E2ECB0-E380-4B54-B95E-6C9957D8C013}.Release|x86.ActiveCfg = Release|Any CPU
		{E4E2ECB0-E380-4B54-B95E-6C9957D8C013}.Release|x86.Build.0 = Release|Any CPU
		{D6FC7A3B-5B7E-4ED4-A6CB-4765923D321C}.Debug|Any CPU.ActiveCfg = Debug|Any CPU
		{D6FC7A3B-5B7E-4ED4-A6CB-4765923D321C}.Debug|Any CPU.Build.0 = Debug|Any CPU
		{D6FC7A3B-5B7E-4ED4-A6CB-4765923D321C}.Debug|x64.ActiveCfg = Debug|Any CPU
		{D6FC7A3B-5B7E-4ED4-A6CB-4765923D321C}.Debug|x64.Build.0 = Debug|Any CPU
		{D6FC7A3B-5B7E-4ED4-A6CB-4765923D321C}.Debug|x86.ActiveCfg = Debug|Any CPU
		{D6FC7A3B-5B7E-4ED4-A6CB-4765923D321C}.Debug|x86.Build.0 = Debug|Any CPU
		{D6FC7A3B-5B7E-4ED4-A6CB-4765923D321C}.Release|Any CPU.ActiveCfg = Release|Any CPU
		{D6FC7A3B-5B7E-4ED4-A6CB-4765923D321C}.Release|Any CPU.Build.0 = Release|Any CPU
		{D6FC7A3B-5B7E-4ED4-A6CB-4765923D321C}.Release|x64.ActiveCfg = Release|Any CPU
		{D6FC7A3B-5B7E-4ED4-A6CB-4765923D321C}.Release|x64.Build.0 = Release|Any CPU
		{D6FC7A3B-5B7E-4ED4-A6CB-4765923D321C}.Release|x86.ActiveCfg = Release|Any CPU
		{D6FC7A3B-5B7E-4ED4-A6CB-4765923D321C}.Release|x86.Build.0 = Release|Any CPU
		{6DEC1FE9-5166-4CAA-9FDD-4E271939CF24}.Debug|Any CPU.ActiveCfg = Debug|Any CPU
		{6DEC1FE9-5166-4CAA-9FDD-4E271939CF24}.Debug|Any CPU.Build.0 = Debug|Any CPU
		{6DEC1FE9-5166-4CAA-9FDD-4E271939CF24}.Debug|x64.ActiveCfg = Debug|Any CPU
		{6DEC1FE9-5166-4CAA-9FDD-4E271939CF24}.Debug|x64.Build.0 = Debug|Any CPU
		{6DEC1FE9-5166-4CAA-9FDD-4E271939CF24}.Debug|x86.ActiveCfg = Debug|Any CPU
		{6DEC1FE9-5166-4CAA-9FDD-4E271939CF24}.Debug|x86.Build.0 = Debug|Any CPU
		{6DEC1FE9-5166-4CAA-9FDD-4E271939CF24}.Release|Any CPU.ActiveCfg = Release|Any CPU
		{6DEC1FE9-5166-4CAA-9FDD-4E271939CF24}.Release|Any CPU.Build.0 = Release|Any CPU
		{6DEC1FE9-5166-4CAA-9FDD-4E271939CF24}.Release|x64.ActiveCfg = Release|Any CPU
		{6DEC1FE9-5166-4CAA-9FDD-4E271939CF24}.Release|x64.Build.0 = Release|Any CPU
		{6DEC1FE9-5166-4CAA-9FDD-4E271939CF24}.Release|x86.ActiveCfg = Release|Any CPU
		{6DEC1FE9-5166-4CAA-9FDD-4E271939CF24}.Release|x86.Build.0 = Release|Any CPU
		{153DBED4-7517-4D2B-A511-AB64D7BDE8C3}.Debug|Any CPU.ActiveCfg = Debug|Any CPU
		{153DBED4-7517-4D2B-A511-AB64D7BDE8C3}.Debug|Any CPU.Build.0 = Debug|Any CPU
		{153DBED4-7517-4D2B-A511-AB64D7BDE8C3}.Debug|x64.ActiveCfg = Debug|Any CPU
		{153DBED4-7517-4D2B-A511-AB64D7BDE8C3}.Debug|x64.Build.0 = Debug|Any CPU
		{153DBED4-7517-4D2B-A511-AB64D7BDE8C3}.Debug|x86.ActiveCfg = Debug|Any CPU
		{153DBED4-7517-4D2B-A511-AB64D7BDE8C3}.Debug|x86.Build.0 = Debug|Any CPU
		{153DBED4-7517-4D2B-A511-AB64D7BDE8C3}.Release|Any CPU.ActiveCfg = Release|Any CPU
		{153DBED4-7517-4D2B-A511-AB64D7BDE8C3}.Release|Any CPU.Build.0 = Release|Any CPU
		{153DBED4-7517-4D2B-A511-AB64D7BDE8C3}.Release|x64.ActiveCfg = Release|Any CPU
		{153DBED4-7517-4D2B-A511-AB64D7BDE8C3}.Release|x64.Build.0 = Release|Any CPU
		{153DBED4-7517-4D2B-A511-AB64D7BDE8C3}.Release|x86.ActiveCfg = Release|Any CPU
		{153DBED4-7517-4D2B-A511-AB64D7BDE8C3}.Release|x86.Build.0 = Release|Any CPU
		{5FDBFE6E-FB93-4AF8-94D6-F6A581BDAD2A}.Debug|Any CPU.ActiveCfg = Debug|Any CPU
		{5FDBFE6E-FB93-4AF8-94D6-F6A581BDAD2A}.Debug|Any CPU.Build.0 = Debug|Any CPU
		{5FDBFE6E-FB93-4AF8-94D6-F6A581BDAD2A}.Debug|x64.ActiveCfg = Debug|Any CPU
		{5FDBFE6E-FB93-4AF8-94D6-F6A581BDAD2A}.Debug|x64.Build.0 = Debug|Any CPU
		{5FDBFE6E-FB93-4AF8-94D6-F6A581BDAD2A}.Debug|x86.ActiveCfg = Debug|Any CPU
		{5FDBFE6E-FB93-4AF8-94D6-F6A581BDAD2A}.Debug|x86.Build.0 = Debug|Any CPU
		{5FDBFE6E-FB93-4AF8-94D6-F6A581BDAD2A}.Release|Any CPU.ActiveCfg = Release|Any CPU
		{5FDBFE6E-FB93-4AF8-94D6-F6A581BDAD2A}.Release|Any CPU.Build.0 = Release|Any CPU
		{5FDBFE6E-FB93-4AF8-94D6-F6A581BDAD2A}.Release|x64.ActiveCfg = Release|Any CPU
		{5FDBFE6E-FB93-4AF8-94D6-F6A581BDAD2A}.Release|x64.Build.0 = Release|Any CPU
		{5FDBFE6E-FB93-4AF8-94D6-F6A581BDAD2A}.Release|x86.ActiveCfg = Release|Any CPU
		{5FDBFE6E-FB93-4AF8-94D6-F6A581BDAD2A}.Release|x86.Build.0 = Release|Any CPU
		{7AC82821-011D-4C8B-AB71-557954CD6C2F}.Debug|Any CPU.ActiveCfg = Debug|Any CPU
		{7AC82821-011D-4C8B-AB71-557954CD6C2F}.Debug|Any CPU.Build.0 = Debug|Any CPU
		{7AC82821-011D-4C8B-AB71-557954CD6C2F}.Debug|x64.ActiveCfg = Debug|Any CPU
		{7AC82821-011D-4C8B-AB71-557954CD6C2F}.Debug|x64.Build.0 = Debug|Any CPU
		{7AC82821-011D-4C8B-AB71-557954CD6C2F}.Debug|x86.ActiveCfg = Debug|Any CPU
		{7AC82821-011D-4C8B-AB71-557954CD6C2F}.Debug|x86.Build.0 = Debug|Any CPU
		{7AC82821-011D-4C8B-AB71-557954CD6C2F}.Release|Any CPU.ActiveCfg = Release|Any CPU
		{7AC82821-011D-4C8B-AB71-557954CD6C2F}.Release|Any CPU.Build.0 = Release|Any CPU
		{7AC82821-011D-4C8B-AB71-557954CD6C2F}.Release|x64.ActiveCfg = Release|Any CPU
		{7AC82821-011D-4C8B-AB71-557954CD6C2F}.Release|x64.Build.0 = Release|Any CPU
		{7AC82821-011D-4C8B-AB71-557954CD6C2F}.Release|x86.ActiveCfg = Release|Any CPU
		{7AC82821-011D-4C8B-AB71-557954CD6C2F}.Release|x86.Build.0 = Release|Any CPU
		{730E4F5D-6C08-4ADB-9AC9-08BCE54128F5}.Debug|Any CPU.ActiveCfg = Debug|Any CPU
		{730E4F5D-6C08-4ADB-9AC9-08BCE54128F5}.Debug|Any CPU.Build.0 = Debug|Any CPU
		{730E4F5D-6C08-4ADB-9AC9-08BCE54128F5}.Debug|x64.ActiveCfg = Debug|Any CPU
		{730E4F5D-6C08-4ADB-9AC9-08BCE54128F5}.Debug|x64.Build.0 = Debug|Any CPU
		{730E4F5D-6C08-4ADB-9AC9-08BCE54128F5}.Debug|x86.ActiveCfg = Debug|Any CPU
		{730E4F5D-6C08-4ADB-9AC9-08BCE54128F5}.Debug|x86.Build.0 = Debug|Any CPU
		{730E4F5D-6C08-4ADB-9AC9-08BCE54128F5}.Release|Any CPU.ActiveCfg = Release|Any CPU
		{730E4F5D-6C08-4ADB-9AC9-08BCE54128F5}.Release|Any CPU.Build.0 = Release|Any CPU
		{730E4F5D-6C08-4ADB-9AC9-08BCE54128F5}.Release|x64.ActiveCfg = Release|Any CPU
		{730E4F5D-6C08-4ADB-9AC9-08BCE54128F5}.Release|x64.Build.0 = Release|Any CPU
		{730E4F5D-6C08-4ADB-9AC9-08BCE54128F5}.Release|x86.ActiveCfg = Release|Any CPU
		{730E4F5D-6C08-4ADB-9AC9-08BCE54128F5}.Release|x86.Build.0 = Release|Any CPU
		{395EBDC4-CAEF-4D2D-ACC4-70702B202FED}.Debug|Any CPU.ActiveCfg = Debug|Any CPU
		{395EBDC4-CAEF-4D2D-ACC4-70702B202FED}.Debug|Any CPU.Build.0 = Debug|Any CPU
		{395EBDC4-CAEF-4D2D-ACC4-70702B202FED}.Debug|x64.ActiveCfg = Debug|Any CPU
		{395EBDC4-CAEF-4D2D-ACC4-70702B202FED}.Debug|x64.Build.0 = Debug|Any CPU
		{395EBDC4-CAEF-4D2D-ACC4-70702B202FED}.Debug|x86.ActiveCfg = Debug|Any CPU
		{395EBDC4-CAEF-4D2D-ACC4-70702B202FED}.Debug|x86.Build.0 = Debug|Any CPU
		{395EBDC4-CAEF-4D2D-ACC4-70702B202FED}.Release|Any CPU.ActiveCfg = Release|Any CPU
		{395EBDC4-CAEF-4D2D-ACC4-70702B202FED}.Release|Any CPU.Build.0 = Release|Any CPU
		{395EBDC4-CAEF-4D2D-ACC4-70702B202FED}.Release|x64.ActiveCfg = Release|Any CPU
		{395EBDC4-CAEF-4D2D-ACC4-70702B202FED}.Release|x64.Build.0 = Release|Any CPU
		{395EBDC4-CAEF-4D2D-ACC4-70702B202FED}.Release|x86.ActiveCfg = Release|Any CPU
		{395EBDC4-CAEF-4D2D-ACC4-70702B202FED}.Release|x86.Build.0 = Release|Any CPU
		{401E5D37-E61E-4487-8D8C-80AADE95D82B}.Debug|Any CPU.ActiveCfg = Debug|Any CPU
		{401E5D37-E61E-4487-8D8C-80AADE95D82B}.Debug|Any CPU.Build.0 = Debug|Any CPU
		{401E5D37-E61E-4487-8D8C-80AADE95D82B}.Debug|x64.ActiveCfg = Debug|Any CPU
		{401E5D37-E61E-4487-8D8C-80AADE95D82B}.Debug|x64.Build.0 = Debug|Any CPU
		{401E5D37-E61E-4487-8D8C-80AADE95D82B}.Debug|x86.ActiveCfg = Debug|Any CPU
		{401E5D37-E61E-4487-8D8C-80AADE95D82B}.Debug|x86.Build.0 = Debug|Any CPU
		{401E5D37-E61E-4487-8D8C-80AADE95D82B}.Release|Any CPU.ActiveCfg = Release|Any CPU
		{401E5D37-E61E-4487-8D8C-80AADE95D82B}.Release|Any CPU.Build.0 = Release|Any CPU
		{401E5D37-E61E-4487-8D8C-80AADE95D82B}.Release|x64.ActiveCfg = Release|Any CPU
		{401E5D37-E61E-4487-8D8C-80AADE95D82B}.Release|x64.Build.0 = Release|Any CPU
		{401E5D37-E61E-4487-8D8C-80AADE95D82B}.Release|x86.ActiveCfg = Release|Any CPU
		{401E5D37-E61E-4487-8D8C-80AADE95D82B}.Release|x86.Build.0 = Release|Any CPU
		{13AAE1BF-2E98-4EC2-92E9-3F9B647B2FE0}.Debug|Any CPU.ActiveCfg = Debug|Any CPU
		{13AAE1BF-2E98-4EC2-92E9-3F9B647B2FE0}.Debug|Any CPU.Build.0 = Debug|Any CPU
		{13AAE1BF-2E98-4EC2-92E9-3F9B647B2FE0}.Debug|x64.ActiveCfg = Debug|Any CPU
		{13AAE1BF-2E98-4EC2-92E9-3F9B647B2FE0}.Debug|x64.Build.0 = Debug|Any CPU
		{13AAE1BF-2E98-4EC2-92E9-3F9B647B2FE0}.Debug|x86.ActiveCfg = Debug|Any CPU
		{13AAE1BF-2E98-4EC2-92E9-3F9B647B2FE0}.Debug|x86.Build.0 = Debug|Any CPU
		{13AAE1BF-2E98-4EC2-92E9-3F9B647B2FE0}.Release|Any CPU.ActiveCfg = Release|Any CPU
		{13AAE1BF-2E98-4EC2-92E9-3F9B647B2FE0}.Release|Any CPU.Build.0 = Release|Any CPU
		{13AAE1BF-2E98-4EC2-92E9-3F9B647B2FE0}.Release|x64.ActiveCfg = Release|Any CPU
		{13AAE1BF-2E98-4EC2-92E9-3F9B647B2FE0}.Release|x64.Build.0 = Release|Any CPU
		{13AAE1BF-2E98-4EC2-92E9-3F9B647B2FE0}.Release|x86.ActiveCfg = Release|Any CPU
		{13AAE1BF-2E98-4EC2-92E9-3F9B647B2FE0}.Release|x86.Build.0 = Release|Any CPU
		{9D912DDA-E7EA-4D43-A1C9-8D243D1191B2}.Debug|Any CPU.ActiveCfg = Debug|Any CPU
		{9D912DDA-E7EA-4D43-A1C9-8D243D1191B2}.Debug|Any CPU.Build.0 = Debug|Any CPU
		{9D912DDA-E7EA-4D43-A1C9-8D243D1191B2}.Debug|x64.ActiveCfg = Debug|Any CPU
		{9D912DDA-E7EA-4D43-A1C9-8D243D1191B2}.Debug|x64.Build.0 = Debug|Any CPU
		{9D912DDA-E7EA-4D43-A1C9-8D243D1191B2}.Debug|x86.ActiveCfg = Debug|Any CPU
		{9D912DDA-E7EA-4D43-A1C9-8D243D1191B2}.Debug|x86.Build.0 = Debug|Any CPU
		{9D912DDA-E7EA-4D43-A1C9-8D243D1191B2}.Release|Any CPU.ActiveCfg = Release|Any CPU
		{9D912DDA-E7EA-4D43-A1C9-8D243D1191B2}.Release|Any CPU.Build.0 = Release|Any CPU
		{9D912DDA-E7EA-4D43-A1C9-8D243D1191B2}.Release|x64.ActiveCfg = Release|Any CPU
		{9D912DDA-E7EA-4D43-A1C9-8D243D1191B2}.Release|x64.Build.0 = Release|Any CPU
		{9D912DDA-E7EA-4D43-A1C9-8D243D1191B2}.Release|x86.ActiveCfg = Release|Any CPU
		{9D912DDA-E7EA-4D43-A1C9-8D243D1191B2}.Release|x86.Build.0 = Release|Any CPU
		{4D7D1B7C-BC42-47E7-AFA2-3AB8C47BFC27}.Debug|Any CPU.ActiveCfg = Debug|Any CPU
		{4D7D1B7C-BC42-47E7-AFA2-3AB8C47BFC27}.Debug|Any CPU.Build.0 = Debug|Any CPU
		{4D7D1B7C-BC42-47E7-AFA2-3AB8C47BFC27}.Debug|x64.ActiveCfg = Debug|Any CPU
		{4D7D1B7C-BC42-47E7-AFA2-3AB8C47BFC27}.Debug|x64.Build.0 = Debug|Any CPU
		{4D7D1B7C-BC42-47E7-AFA2-3AB8C47BFC27}.Debug|x86.ActiveCfg = Debug|Any CPU
		{4D7D1B7C-BC42-47E7-AFA2-3AB8C47BFC27}.Debug|x86.Build.0 = Debug|Any CPU
		{4D7D1B7C-BC42-47E7-AFA2-3AB8C47BFC27}.Release|Any CPU.ActiveCfg = Release|Any CPU
		{4D7D1B7C-BC42-47E7-AFA2-3AB8C47BFC27}.Release|Any CPU.Build.0 = Release|Any CPU
		{4D7D1B7C-BC42-47E7-AFA2-3AB8C47BFC27}.Release|x64.ActiveCfg = Release|Any CPU
		{4D7D1B7C-BC42-47E7-AFA2-3AB8C47BFC27}.Release|x64.Build.0 = Release|Any CPU
		{4D7D1B7C-BC42-47E7-AFA2-3AB8C47BFC27}.Release|x86.ActiveCfg = Release|Any CPU
		{4D7D1B7C-BC42-47E7-AFA2-3AB8C47BFC27}.Release|x86.Build.0 = Release|Any CPU
		{1F3DFF47-B09C-4F29-908D-3E7D0B74A129}.Debug|Any CPU.ActiveCfg = Debug|Any CPU
		{1F3DFF47-B09C-4F29-908D-3E7D0B74A129}.Debug|Any CPU.Build.0 = Debug|Any CPU
		{1F3DFF47-B09C-4F29-908D-3E7D0B74A129}.Debug|x64.ActiveCfg = Debug|Any CPU
		{1F3DFF47-B09C-4F29-908D-3E7D0B74A129}.Debug|x64.Build.0 = Debug|Any CPU
		{1F3DFF47-B09C-4F29-908D-3E7D0B74A129}.Debug|x86.ActiveCfg = Debug|Any CPU
		{1F3DFF47-B09C-4F29-908D-3E7D0B74A129}.Debug|x86.Build.0 = Debug|Any CPU
		{1F3DFF47-B09C-4F29-908D-3E7D0B74A129}.Release|Any CPU.ActiveCfg = Release|Any CPU
		{1F3DFF47-B09C-4F29-908D-3E7D0B74A129}.Release|Any CPU.Build.0 = Release|Any CPU
		{1F3DFF47-B09C-4F29-908D-3E7D0B74A129}.Release|x64.ActiveCfg = Release|Any CPU
		{1F3DFF47-B09C-4F29-908D-3E7D0B74A129}.Release|x64.Build.0 = Release|Any CPU
		{1F3DFF47-B09C-4F29-908D-3E7D0B74A129}.Release|x86.ActiveCfg = Release|Any CPU
		{1F3DFF47-B09C-4F29-908D-3E7D0B74A129}.Release|x86.Build.0 = Release|Any CPU
		{5C9FAD3B-239B-49A9-ADCB-A2A9D5F3F1DC}.Debug|Any CPU.ActiveCfg = Debug|Any CPU
		{5C9FAD3B-239B-49A9-ADCB-A2A9D5F3F1DC}.Debug|Any CPU.Build.0 = Debug|Any CPU
		{5C9FAD3B-239B-49A9-ADCB-A2A9D5F3F1DC}.Debug|x64.ActiveCfg = Debug|Any CPU
		{5C9FAD3B-239B-49A9-ADCB-A2A9D5F3F1DC}.Debug|x64.Build.0 = Debug|Any CPU
		{5C9FAD3B-239B-49A9-ADCB-A2A9D5F3F1DC}.Debug|x86.ActiveCfg = Debug|Any CPU
		{5C9FAD3B-239B-49A9-ADCB-A2A9D5F3F1DC}.Debug|x86.Build.0 = Debug|Any CPU
		{5C9FAD3B-239B-49A9-ADCB-A2A9D5F3F1DC}.Release|Any CPU.ActiveCfg = Release|Any CPU
		{5C9FAD3B-239B-49A9-ADCB-A2A9D5F3F1DC}.Release|Any CPU.Build.0 = Release|Any CPU
		{5C9FAD3B-239B-49A9-ADCB-A2A9D5F3F1DC}.Release|x64.ActiveCfg = Release|Any CPU
		{5C9FAD3B-239B-49A9-ADCB-A2A9D5F3F1DC}.Release|x64.Build.0 = Release|Any CPU
		{5C9FAD3B-239B-49A9-ADCB-A2A9D5F3F1DC}.Release|x86.ActiveCfg = Release|Any CPU
		{5C9FAD3B-239B-49A9-ADCB-A2A9D5F3F1DC}.Release|x86.Build.0 = Release|Any CPU
		{F0F75E10-6223-4448-80AE-DC74ED61963F}.Debug|Any CPU.ActiveCfg = Debug|Any CPU
		{F0F75E10-6223-4448-80AE-DC74ED61963F}.Debug|Any CPU.Build.0 = Debug|Any CPU
		{F0F75E10-6223-4448-80AE-DC74ED61963F}.Debug|x64.ActiveCfg = Debug|Any CPU
		{F0F75E10-6223-4448-80AE-DC74ED61963F}.Debug|x64.Build.0 = Debug|Any CPU
		{F0F75E10-6223-4448-80AE-DC74ED61963F}.Debug|x86.ActiveCfg = Debug|Any CPU
		{F0F75E10-6223-4448-80AE-DC74ED61963F}.Debug|x86.Build.0 = Debug|Any CPU
		{F0F75E10-6223-4448-80AE-DC74ED61963F}.Release|Any CPU.ActiveCfg = Release|Any CPU
		{F0F75E10-6223-4448-80AE-DC74ED61963F}.Release|Any CPU.Build.0 = Release|Any CPU
		{F0F75E10-6223-4448-80AE-DC74ED61963F}.Release|x64.ActiveCfg = Release|Any CPU
		{F0F75E10-6223-4448-80AE-DC74ED61963F}.Release|x64.Build.0 = Release|Any CPU
		{F0F75E10-6223-4448-80AE-DC74ED61963F}.Release|x86.ActiveCfg = Release|Any CPU
		{F0F75E10-6223-4448-80AE-DC74ED61963F}.Release|x86.Build.0 = Release|Any CPU
		{E40A7704-C417-48AB-929F-B976747531F8}.Debug|Any CPU.ActiveCfg = Debug|Any CPU
		{E40A7704-C417-48AB-929F-B976747531F8}.Debug|Any CPU.Build.0 = Debug|Any CPU
		{E40A7704-C417-48AB-929F-B976747531F8}.Debug|x64.ActiveCfg = Debug|Any CPU
		{E40A7704-C417-48AB-929F-B976747531F8}.Debug|x64.Build.0 = Debug|Any CPU
		{E40A7704-C417-48AB-929F-B976747531F8}.Debug|x86.ActiveCfg = Debug|Any CPU
		{E40A7704-C417-48AB-929F-B976747531F8}.Debug|x86.Build.0 = Debug|Any CPU
		{E40A7704-C417-48AB-929F-B976747531F8}.Release|Any CPU.ActiveCfg = Release|Any CPU
		{E40A7704-C417-48AB-929F-B976747531F8}.Release|Any CPU.Build.0 = Release|Any CPU
		{E40A7704-C417-48AB-929F-B976747531F8}.Release|x64.ActiveCfg = Release|Any CPU
		{E40A7704-C417-48AB-929F-B976747531F8}.Release|x64.Build.0 = Release|Any CPU
		{E40A7704-C417-48AB-929F-B976747531F8}.Release|x86.ActiveCfg = Release|Any CPU
		{E40A7704-C417-48AB-929F-B976747531F8}.Release|x86.Build.0 = Release|Any CPU
		{D0A45C2E-0D80-43EE-A289-449735E3A5E1}.Debug|Any CPU.ActiveCfg = Debug|Any CPU
		{D0A45C2E-0D80-43EE-A289-449735E3A5E1}.Debug|Any CPU.Build.0 = Debug|Any CPU
		{D0A45C2E-0D80-43EE-A289-449735E3A5E1}.Debug|x64.ActiveCfg = Debug|Any CPU
		{D0A45C2E-0D80-43EE-A289-449735E3A5E1}.Debug|x64.Build.0 = Debug|Any CPU
		{D0A45C2E-0D80-43EE-A289-449735E3A5E1}.Debug|x86.ActiveCfg = Debug|Any CPU
		{D0A45C2E-0D80-43EE-A289-449735E3A5E1}.Debug|x86.Build.0 = Debug|Any CPU
		{D0A45C2E-0D80-43EE-A289-449735E3A5E1}.Release|Any CPU.ActiveCfg = Release|Any CPU
		{D0A45C2E-0D80-43EE-A289-449735E3A5E1}.Release|Any CPU.Build.0 = Release|Any CPU
		{D0A45C2E-0D80-43EE-A289-449735E3A5E1}.Release|x64.ActiveCfg = Release|Any CPU
		{D0A45C2E-0D80-43EE-A289-449735E3A5E1}.Release|x64.Build.0 = Release|Any CPU
		{D0A45C2E-0D80-43EE-A289-449735E3A5E1}.Release|x86.ActiveCfg = Release|Any CPU
		{D0A45C2E-0D80-43EE-A289-449735E3A5E1}.Release|x86.Build.0 = Release|Any CPU
		{6AF756DE-8718-49E7-B6D7-F50F951690B4}.Debug|Any CPU.ActiveCfg = Debug|Any CPU
		{6AF756DE-8718-49E7-B6D7-F50F951690B4}.Debug|Any CPU.Build.0 = Debug|Any CPU
		{6AF756DE-8718-49E7-B6D7-F50F951690B4}.Debug|x64.ActiveCfg = Debug|Any CPU
		{6AF756DE-8718-49E7-B6D7-F50F951690B4}.Debug|x64.Build.0 = Debug|Any CPU
		{6AF756DE-8718-49E7-B6D7-F50F951690B4}.Debug|x86.ActiveCfg = Debug|Any CPU
		{6AF756DE-8718-49E7-B6D7-F50F951690B4}.Debug|x86.Build.0 = Debug|Any CPU
		{6AF756DE-8718-49E7-B6D7-F50F951690B4}.Release|Any CPU.ActiveCfg = Release|Any CPU
		{6AF756DE-8718-49E7-B6D7-F50F951690B4}.Release|Any CPU.Build.0 = Release|Any CPU
		{6AF756DE-8718-49E7-B6D7-F50F951690B4}.Release|x64.ActiveCfg = Release|Any CPU
		{6AF756DE-8718-49E7-B6D7-F50F951690B4}.Release|x64.Build.0 = Release|Any CPU
		{6AF756DE-8718-49E7-B6D7-F50F951690B4}.Release|x86.ActiveCfg = Release|Any CPU
		{6AF756DE-8718-49E7-B6D7-F50F951690B4}.Release|x86.Build.0 = Release|Any CPU
		{16A66C49-2D5E-4739-B6D6-B34F0AB3D727}.Debug|Any CPU.ActiveCfg = Debug|Any CPU
		{16A66C49-2D5E-4739-B6D6-B34F0AB3D727}.Debug|Any CPU.Build.0 = Debug|Any CPU
		{16A66C49-2D5E-4739-B6D6-B34F0AB3D727}.Debug|x64.ActiveCfg = Debug|Any CPU
		{16A66C49-2D5E-4739-B6D6-B34F0AB3D727}.Debug|x64.Build.0 = Debug|Any CPU
		{16A66C49-2D5E-4739-B6D6-B34F0AB3D727}.Debug|x86.ActiveCfg = Debug|Any CPU
		{16A66C49-2D5E-4739-B6D6-B34F0AB3D727}.Debug|x86.Build.0 = Debug|Any CPU
		{16A66C49-2D5E-4739-B6D6-B34F0AB3D727}.Release|Any CPU.ActiveCfg = Release|Any CPU
		{16A66C49-2D5E-4739-B6D6-B34F0AB3D727}.Release|Any CPU.Build.0 = Release|Any CPU
		{16A66C49-2D5E-4739-B6D6-B34F0AB3D727}.Release|x64.ActiveCfg = Release|Any CPU
		{16A66C49-2D5E-4739-B6D6-B34F0AB3D727}.Release|x64.Build.0 = Release|Any CPU
		{16A66C49-2D5E-4739-B6D6-B34F0AB3D727}.Release|x86.ActiveCfg = Release|Any CPU
		{16A66C49-2D5E-4739-B6D6-B34F0AB3D727}.Release|x86.Build.0 = Release|Any CPU
		{A6ADE8A0-40A3-4CFE-9642-E9D61C9331E6}.Debug|Any CPU.ActiveCfg = Debug|Any CPU
		{A6ADE8A0-40A3-4CFE-9642-E9D61C9331E6}.Debug|Any CPU.Build.0 = Debug|Any CPU
		{A6ADE8A0-40A3-4CFE-9642-E9D61C9331E6}.Debug|x64.ActiveCfg = Debug|Any CPU
		{A6ADE8A0-40A3-4CFE-9642-E9D61C9331E6}.Debug|x64.Build.0 = Debug|Any CPU
		{A6ADE8A0-40A3-4CFE-9642-E9D61C9331E6}.Debug|x86.ActiveCfg = Debug|Any CPU
		{A6ADE8A0-40A3-4CFE-9642-E9D61C9331E6}.Debug|x86.Build.0 = Debug|Any CPU
		{A6ADE8A0-40A3-4CFE-9642-E9D61C9331E6}.Release|Any CPU.ActiveCfg = Release|Any CPU
		{A6ADE8A0-40A3-4CFE-9642-E9D61C9331E6}.Release|Any CPU.Build.0 = Release|Any CPU
		{A6ADE8A0-40A3-4CFE-9642-E9D61C9331E6}.Release|x64.ActiveCfg = Release|Any CPU
		{A6ADE8A0-40A3-4CFE-9642-E9D61C9331E6}.Release|x64.Build.0 = Release|Any CPU
		{A6ADE8A0-40A3-4CFE-9642-E9D61C9331E6}.Release|x86.ActiveCfg = Release|Any CPU
		{A6ADE8A0-40A3-4CFE-9642-E9D61C9331E6}.Release|x86.Build.0 = Release|Any CPU
		{E0BD4B44-B77C-45C2-A0BC-D200FFE466E8}.Debug|Any CPU.ActiveCfg = Debug|Any CPU
		{E0BD4B44-B77C-45C2-A0BC-D200FFE466E8}.Debug|Any CPU.Build.0 = Debug|Any CPU
		{E0BD4B44-B77C-45C2-A0BC-D200FFE466E8}.Debug|x64.ActiveCfg = Debug|Any CPU
		{E0BD4B44-B77C-45C2-A0BC-D200FFE466E8}.Debug|x64.Build.0 = Debug|Any CPU
		{E0BD4B44-B77C-45C2-A0BC-D200FFE466E8}.Debug|x86.ActiveCfg = Debug|Any CPU
		{E0BD4B44-B77C-45C2-A0BC-D200FFE466E8}.Debug|x86.Build.0 = Debug|Any CPU
		{E0BD4B44-B77C-45C2-A0BC-D200FFE466E8}.Release|Any CPU.ActiveCfg = Release|Any CPU
		{E0BD4B44-B77C-45C2-A0BC-D200FFE466E8}.Release|Any CPU.Build.0 = Release|Any CPU
		{E0BD4B44-B77C-45C2-A0BC-D200FFE466E8}.Release|x64.ActiveCfg = Release|Any CPU
		{E0BD4B44-B77C-45C2-A0BC-D200FFE466E8}.Release|x64.Build.0 = Release|Any CPU
		{E0BD4B44-B77C-45C2-A0BC-D200FFE466E8}.Release|x86.ActiveCfg = Release|Any CPU
		{E0BD4B44-B77C-45C2-A0BC-D200FFE466E8}.Release|x86.Build.0 = Release|Any CPU
		{3CEEBE72-DA6B-4AF4-AF88-E712E4556069}.Debug|Any CPU.ActiveCfg = Debug|Any CPU
		{3CEEBE72-DA6B-4AF4-AF88-E712E4556069}.Debug|Any CPU.Build.0 = Debug|Any CPU
		{3CEEBE72-DA6B-4AF4-AF88-E712E4556069}.Debug|x64.ActiveCfg = Debug|Any CPU
		{3CEEBE72-DA6B-4AF4-AF88-E712E4556069}.Debug|x64.Build.0 = Debug|Any CPU
		{3CEEBE72-DA6B-4AF4-AF88-E712E4556069}.Debug|x86.ActiveCfg = Debug|Any CPU
		{3CEEBE72-DA6B-4AF4-AF88-E712E4556069}.Debug|x86.Build.0 = Debug|Any CPU
		{3CEEBE72-DA6B-4AF4-AF88-E712E4556069}.Release|Any CPU.ActiveCfg = Release|Any CPU
		{3CEEBE72-DA6B-4AF4-AF88-E712E4556069}.Release|Any CPU.Build.0 = Release|Any CPU
		{3CEEBE72-DA6B-4AF4-AF88-E712E4556069}.Release|x64.ActiveCfg = Release|Any CPU
		{3CEEBE72-DA6B-4AF4-AF88-E712E4556069}.Release|x64.Build.0 = Release|Any CPU
		{3CEEBE72-DA6B-4AF4-AF88-E712E4556069}.Release|x86.ActiveCfg = Release|Any CPU
		{3CEEBE72-DA6B-4AF4-AF88-E712E4556069}.Release|x86.Build.0 = Release|Any CPU
		{66EE1AA7-5C09-4BD2-8718-D9D76DBAAB60}.Debug|Any CPU.ActiveCfg = Debug|Any CPU
		{66EE1AA7-5C09-4BD2-8718-D9D76DBAAB60}.Debug|Any CPU.Build.0 = Debug|Any CPU
		{66EE1AA7-5C09-4BD2-8718-D9D76DBAAB60}.Debug|x64.ActiveCfg = Debug|Any CPU
		{66EE1AA7-5C09-4BD2-8718-D9D76DBAAB60}.Debug|x64.Build.0 = Debug|Any CPU
		{66EE1AA7-5C09-4BD2-8718-D9D76DBAAB60}.Debug|x86.ActiveCfg = Debug|Any CPU
		{66EE1AA7-5C09-4BD2-8718-D9D76DBAAB60}.Debug|x86.Build.0 = Debug|Any CPU
		{66EE1AA7-5C09-4BD2-8718-D9D76DBAAB60}.Release|Any CPU.ActiveCfg = Release|Any CPU
		{66EE1AA7-5C09-4BD2-8718-D9D76DBAAB60}.Release|Any CPU.Build.0 = Release|Any CPU
		{66EE1AA7-5C09-4BD2-8718-D9D76DBAAB60}.Release|x64.ActiveCfg = Release|Any CPU
		{66EE1AA7-5C09-4BD2-8718-D9D76DBAAB60}.Release|x64.Build.0 = Release|Any CPU
		{66EE1AA7-5C09-4BD2-8718-D9D76DBAAB60}.Release|x86.ActiveCfg = Release|Any CPU
		{66EE1AA7-5C09-4BD2-8718-D9D76DBAAB60}.Release|x86.Build.0 = Release|Any CPU
		{35C08AE8-2554-41E1-AC2B-1F01F077D1B6}.Debug|Any CPU.ActiveCfg = Debug|Any CPU
		{35C08AE8-2554-41E1-AC2B-1F01F077D1B6}.Debug|Any CPU.Build.0 = Debug|Any CPU
		{35C08AE8-2554-41E1-AC2B-1F01F077D1B6}.Debug|x64.ActiveCfg = Debug|Any CPU
		{35C08AE8-2554-41E1-AC2B-1F01F077D1B6}.Debug|x64.Build.0 = Debug|Any CPU
		{35C08AE8-2554-41E1-AC2B-1F01F077D1B6}.Debug|x86.ActiveCfg = Debug|Any CPU
		{35C08AE8-2554-41E1-AC2B-1F01F077D1B6}.Debug|x86.Build.0 = Debug|Any CPU
		{35C08AE8-2554-41E1-AC2B-1F01F077D1B6}.Release|Any CPU.ActiveCfg = Release|Any CPU
		{35C08AE8-2554-41E1-AC2B-1F01F077D1B6}.Release|Any CPU.Build.0 = Release|Any CPU
		{35C08AE8-2554-41E1-AC2B-1F01F077D1B6}.Release|x64.ActiveCfg = Release|Any CPU
		{35C08AE8-2554-41E1-AC2B-1F01F077D1B6}.Release|x64.Build.0 = Release|Any CPU
		{35C08AE8-2554-41E1-AC2B-1F01F077D1B6}.Release|x86.ActiveCfg = Release|Any CPU
		{35C08AE8-2554-41E1-AC2B-1F01F077D1B6}.Release|x86.Build.0 = Release|Any CPU
		{7710C6DC-8AE5-4C57-853A-9D6C923663DE}.Debug|Any CPU.ActiveCfg = Debug|Any CPU
		{7710C6DC-8AE5-4C57-853A-9D6C923663DE}.Debug|Any CPU.Build.0 = Debug|Any CPU
		{7710C6DC-8AE5-4C57-853A-9D6C923663DE}.Debug|x64.ActiveCfg = Debug|Any CPU
		{7710C6DC-8AE5-4C57-853A-9D6C923663DE}.Debug|x64.Build.0 = Debug|Any CPU
		{7710C6DC-8AE5-4C57-853A-9D6C923663DE}.Debug|x86.ActiveCfg = Debug|Any CPU
		{7710C6DC-8AE5-4C57-853A-9D6C923663DE}.Debug|x86.Build.0 = Debug|Any CPU
		{7710C6DC-8AE5-4C57-853A-9D6C923663DE}.Release|Any CPU.ActiveCfg = Release|Any CPU
		{7710C6DC-8AE5-4C57-853A-9D6C923663DE}.Release|Any CPU.Build.0 = Release|Any CPU
		{7710C6DC-8AE5-4C57-853A-9D6C923663DE}.Release|x64.ActiveCfg = Release|Any CPU
		{7710C6DC-8AE5-4C57-853A-9D6C923663DE}.Release|x64.Build.0 = Release|Any CPU
		{7710C6DC-8AE5-4C57-853A-9D6C923663DE}.Release|x86.ActiveCfg = Release|Any CPU
		{7710C6DC-8AE5-4C57-853A-9D6C923663DE}.Release|x86.Build.0 = Release|Any CPU
		{F8E355D2-2BEE-470E-9F14-214448C2D5BE}.Debug|Any CPU.ActiveCfg = Debug|Any CPU
		{F8E355D2-2BEE-470E-9F14-214448C2D5BE}.Debug|Any CPU.Build.0 = Debug|Any CPU
		{F8E355D2-2BEE-470E-9F14-214448C2D5BE}.Debug|x64.ActiveCfg = Debug|Any CPU
		{F8E355D2-2BEE-470E-9F14-214448C2D5BE}.Debug|x64.Build.0 = Debug|Any CPU
		{F8E355D2-2BEE-470E-9F14-214448C2D5BE}.Debug|x86.ActiveCfg = Debug|Any CPU
		{F8E355D2-2BEE-470E-9F14-214448C2D5BE}.Debug|x86.Build.0 = Debug|Any CPU
		{F8E355D2-2BEE-470E-9F14-214448C2D5BE}.Release|Any CPU.ActiveCfg = Release|Any CPU
		{F8E355D2-2BEE-470E-9F14-214448C2D5BE}.Release|Any CPU.Build.0 = Release|Any CPU
		{F8E355D2-2BEE-470E-9F14-214448C2D5BE}.Release|x64.ActiveCfg = Release|Any CPU
		{F8E355D2-2BEE-470E-9F14-214448C2D5BE}.Release|x64.Build.0 = Release|Any CPU
		{F8E355D2-2BEE-470E-9F14-214448C2D5BE}.Release|x86.ActiveCfg = Release|Any CPU
		{F8E355D2-2BEE-470E-9F14-214448C2D5BE}.Release|x86.Build.0 = Release|Any CPU
		{4859C8AC-D584-4166-A260-414F684AAE4A}.Debug|Any CPU.ActiveCfg = Debug|Any CPU
		{4859C8AC-D584-4166-A260-414F684AAE4A}.Debug|Any CPU.Build.0 = Debug|Any CPU
		{4859C8AC-D584-4166-A260-414F684AAE4A}.Debug|x64.ActiveCfg = Debug|Any CPU
		{4859C8AC-D584-4166-A260-414F684AAE4A}.Debug|x64.Build.0 = Debug|Any CPU
		{4859C8AC-D584-4166-A260-414F684AAE4A}.Debug|x86.ActiveCfg = Debug|Any CPU
		{4859C8AC-D584-4166-A260-414F684AAE4A}.Debug|x86.Build.0 = Debug|Any CPU
		{4859C8AC-D584-4166-A260-414F684AAE4A}.Release|Any CPU.ActiveCfg = Release|Any CPU
		{4859C8AC-D584-4166-A260-414F684AAE4A}.Release|Any CPU.Build.0 = Release|Any CPU
		{4859C8AC-D584-4166-A260-414F684AAE4A}.Release|x64.ActiveCfg = Release|Any CPU
		{4859C8AC-D584-4166-A260-414F684AAE4A}.Release|x64.Build.0 = Release|Any CPU
		{4859C8AC-D584-4166-A260-414F684AAE4A}.Release|x86.ActiveCfg = Release|Any CPU
		{4859C8AC-D584-4166-A260-414F684AAE4A}.Release|x86.Build.0 = Release|Any CPU
		{9A87383B-9C80-4E6C-BAF7-B75A3C168DF3}.Debug|Any CPU.ActiveCfg = Debug|Any CPU
		{9A87383B-9C80-4E6C-BAF7-B75A3C168DF3}.Debug|Any CPU.Build.0 = Debug|Any CPU
		{9A87383B-9C80-4E6C-BAF7-B75A3C168DF3}.Debug|x64.ActiveCfg = Debug|Any CPU
		{9A87383B-9C80-4E6C-BAF7-B75A3C168DF3}.Debug|x64.Build.0 = Debug|Any CPU
		{9A87383B-9C80-4E6C-BAF7-B75A3C168DF3}.Debug|x86.ActiveCfg = Debug|Any CPU
		{9A87383B-9C80-4E6C-BAF7-B75A3C168DF3}.Debug|x86.Build.0 = Debug|Any CPU
		{9A87383B-9C80-4E6C-BAF7-B75A3C168DF3}.Release|Any CPU.ActiveCfg = Release|Any CPU
		{9A87383B-9C80-4E6C-BAF7-B75A3C168DF3}.Release|Any CPU.Build.0 = Release|Any CPU
		{9A87383B-9C80-4E6C-BAF7-B75A3C168DF3}.Release|x64.ActiveCfg = Release|Any CPU
		{9A87383B-9C80-4E6C-BAF7-B75A3C168DF3}.Release|x64.Build.0 = Release|Any CPU
		{9A87383B-9C80-4E6C-BAF7-B75A3C168DF3}.Release|x86.ActiveCfg = Release|Any CPU
		{9A87383B-9C80-4E6C-BAF7-B75A3C168DF3}.Release|x86.Build.0 = Release|Any CPU
		{DBF9A802-E136-44E5-87FB-A47CB9FE218E}.Debug|Any CPU.ActiveCfg = Debug|Any CPU
		{DBF9A802-E136-44E5-87FB-A47CB9FE218E}.Debug|Any CPU.Build.0 = Debug|Any CPU
		{DBF9A802-E136-44E5-87FB-A47CB9FE218E}.Debug|x64.ActiveCfg = Debug|Any CPU
		{DBF9A802-E136-44E5-87FB-A47CB9FE218E}.Debug|x64.Build.0 = Debug|Any CPU
		{DBF9A802-E136-44E5-87FB-A47CB9FE218E}.Debug|x86.ActiveCfg = Debug|Any CPU
		{DBF9A802-E136-44E5-87FB-A47CB9FE218E}.Debug|x86.Build.0 = Debug|Any CPU
		{DBF9A802-E136-44E5-87FB-A47CB9FE218E}.Release|Any CPU.ActiveCfg = Release|Any CPU
		{DBF9A802-E136-44E5-87FB-A47CB9FE218E}.Release|Any CPU.Build.0 = Release|Any CPU
		{DBF9A802-E136-44E5-87FB-A47CB9FE218E}.Release|x64.ActiveCfg = Release|Any CPU
		{DBF9A802-E136-44E5-87FB-A47CB9FE218E}.Release|x64.Build.0 = Release|Any CPU
		{DBF9A802-E136-44E5-87FB-A47CB9FE218E}.Release|x86.ActiveCfg = Release|Any CPU
		{DBF9A802-E136-44E5-87FB-A47CB9FE218E}.Release|x86.Build.0 = Release|Any CPU
	EndGlobalSection
	GlobalSection(SolutionProperties) = preSolution
		HideSolutionNode = FALSE
	EndGlobalSection
	GlobalSection(NestedProjects) = preSolution
		{07BB2C4F-E951-40C1-A537-3E9137D14799} = {A4D9010B-DB44-4C59-87A2-669EE2738DB5}
		{2C7667CF-9706-4643-BFB0-3E56DB665214} = {07BB2C4F-E951-40C1-A537-3E9137D14799}
		{B2D04A09-29DF-462C-B753-B22AB9633DFD} = {2C7667CF-9706-4643-BFB0-3E56DB665214}
		{E984CFEE-171B-4AC4-8C89-7B446D97D1B8} = {2C7667CF-9706-4643-BFB0-3E56DB665214}
		{D1A19D5C-E8B0-4128-A362-60F7E21B9619} = {2C7667CF-9706-4643-BFB0-3E56DB665214}
		{4726C46B-E9EA-47FD-B5D0-2688635286E3} = {2C7667CF-9706-4643-BFB0-3E56DB665214}
		{A180B555-DBDA-4910-8832-EC0E1A1EED49} = {2C7667CF-9706-4643-BFB0-3E56DB665214}
		{3551897C-2CB5-4D43-8B0D-73A828BA153C} = {2C7667CF-9706-4643-BFB0-3E56DB665214}
		{876C4E6C-C1F7-4207-AE54-694FDBBBEF05} = {07BB2C4F-E951-40C1-A537-3E9137D14799}
		{96FB0BAE-A50D-42CE-982A-092FAE0C6CE7} = {876C4E6C-C1F7-4207-AE54-694FDBBBEF05}
		{B19C2D10-3DA3-499F-957C-F3ED94F1D387} = {876C4E6C-C1F7-4207-AE54-694FDBBBEF05}
		{9B3FBBA2-45AE-40C9-A4B4-A0D176B01077} = {876C4E6C-C1F7-4207-AE54-694FDBBBEF05}
		{6E88E3D8-73AF-422C-975B-60C3955EA885} = {876C4E6C-C1F7-4207-AE54-694FDBBBEF05}
		{347C165E-8BBB-49B5-869A-AE49D6A3CFE3} = {07BB2C4F-E951-40C1-A537-3E9137D14799}
		{3AB8B54F-2CA6-41E0-8464-003830F9D548} = {347C165E-8BBB-49B5-869A-AE49D6A3CFE3}
		{DC4C79AA-6DFB-41A4-B6B2-14B05DCC0148} = {347C165E-8BBB-49B5-869A-AE49D6A3CFE3}
		{7B95261B-2329-4110-A915-8D8B086F6C0E} = {347C165E-8BBB-49B5-869A-AE49D6A3CFE3}
		{80746F74-E625-49E8-B90C-2654B74A5678} = {347C165E-8BBB-49B5-869A-AE49D6A3CFE3}
		{C8503513-753B-4786-964F-DE14F4FB22D8} = {347C165E-8BBB-49B5-869A-AE49D6A3CFE3}
		{C059686E-4DE0-40CF-B49A-99F582D7F7B0} = {07BB2C4F-E951-40C1-A537-3E9137D14799}
		{0D17B36B-46A0-4FED-BF0C-B4726DB14E9D} = {C059686E-4DE0-40CF-B49A-99F582D7F7B0}
		{6E6428E6-477D-4E2F-BFB5-C1DD5D0EA355} = {07BB2C4F-E951-40C1-A537-3E9137D14799}
		{860AB150-C35F-4BEB-86FB-04B025198941} = {6E6428E6-477D-4E2F-BFB5-C1DD5D0EA355}
		{B552E626-E1F3-467C-8E20-EAAB1D35C72F} = {6E6428E6-477D-4E2F-BFB5-C1DD5D0EA355}
		{5ADAF0ED-690A-440D-AD4F-F561DABCA03C} = {6E6428E6-477D-4E2F-BFB5-C1DD5D0EA355}
		{DFCA358D-B83A-438D-A286-61451BA4C0B4} = {A4D9010B-DB44-4C59-87A2-669EE2738DB5}
		{4A6C7EB3-5C25-4247-AAFE-98B69AF14DCA} = {DFCA358D-B83A-438D-A286-61451BA4C0B4}
		{E4E2ECB0-E380-4B54-B95E-6C9957D8C013} = {4A6C7EB3-5C25-4247-AAFE-98B69AF14DCA}
		{D6FC7A3B-5B7E-4ED4-A6CB-4765923D321C} = {4A6C7EB3-5C25-4247-AAFE-98B69AF14DCA}
		{6DEC1FE9-5166-4CAA-9FDD-4E271939CF24} = {4A6C7EB3-5C25-4247-AAFE-98B69AF14DCA}
		{F95622E6-9736-40A6-8B24-F12025551EEF} = {A4D9010B-DB44-4C59-87A2-669EE2738DB5}
		{40878CB5-5DB1-4986-8C56-11DE26AA9E94} = {F95622E6-9736-40A6-8B24-F12025551EEF}
		{153DBED4-7517-4D2B-A511-AB64D7BDE8C3} = {40878CB5-5DB1-4986-8C56-11DE26AA9E94}
		{5FDBFE6E-FB93-4AF8-94D6-F6A581BDAD2A} = {40878CB5-5DB1-4986-8C56-11DE26AA9E94}
		{7AC82821-011D-4C8B-AB71-557954CD6C2F} = {40878CB5-5DB1-4986-8C56-11DE26AA9E94}
		{730E4F5D-6C08-4ADB-9AC9-08BCE54128F5} = {40878CB5-5DB1-4986-8C56-11DE26AA9E94}
		{395EBDC4-CAEF-4D2D-ACC4-70702B202FED} = {40878CB5-5DB1-4986-8C56-11DE26AA9E94}
		{401E5D37-E61E-4487-8D8C-80AADE95D82B} = {40878CB5-5DB1-4986-8C56-11DE26AA9E94}
		{D6CAAE3E-1036-4B07-A72A-19391FA3A97A} = {F95622E6-9736-40A6-8B24-F12025551EEF}
		{13AAE1BF-2E98-4EC2-92E9-3F9B647B2FE0} = {D6CAAE3E-1036-4B07-A72A-19391FA3A97A}
		{9D912DDA-E7EA-4D43-A1C9-8D243D1191B2} = {D6CAAE3E-1036-4B07-A72A-19391FA3A97A}
		{4D7D1B7C-BC42-47E7-AFA2-3AB8C47BFC27} = {D6CAAE3E-1036-4B07-A72A-19391FA3A97A}
		{1F3DFF47-B09C-4F29-908D-3E7D0B74A129} = {D6CAAE3E-1036-4B07-A72A-19391FA3A97A}
		{48C02DC9-D56C-4C0B-A625-B2E318771525} = {F95622E6-9736-40A6-8B24-F12025551EEF}
		{5C9FAD3B-239B-49A9-ADCB-A2A9D5F3F1DC} = {48C02DC9-D56C-4C0B-A625-B2E318771525}
		{F0F75E10-6223-4448-80AE-DC74ED61963F} = {48C02DC9-D56C-4C0B-A625-B2E318771525}
		{E40A7704-C417-48AB-929F-B976747531F8} = {48C02DC9-D56C-4C0B-A625-B2E318771525}
		{D0A45C2E-0D80-43EE-A289-449735E3A5E1} = {48C02DC9-D56C-4C0B-A625-B2E318771525}
		{6AF756DE-8718-49E7-B6D7-F50F951690B4} = {48C02DC9-D56C-4C0B-A625-B2E318771525}
		{64BCCBD3-D6B5-429C-8128-095C79A48F57} = {F95622E6-9736-40A6-8B24-F12025551EEF}
		{16A66C49-2D5E-4739-B6D6-B34F0AB3D727} = {64BCCBD3-D6B5-429C-8128-095C79A48F57}
		{D8DE6028-CCD4-4C4D-BC9F-A9543FF586CE} = {F95622E6-9736-40A6-8B24-F12025551EEF}
		{A6ADE8A0-40A3-4CFE-9642-E9D61C9331E6} = {D8DE6028-CCD4-4C4D-BC9F-A9543FF586CE}
		{E0BD4B44-B77C-45C2-A0BC-D200FFE466E8} = {D8DE6028-CCD4-4C4D-BC9F-A9543FF586CE}
		{3CEEBE72-DA6B-4AF4-AF88-E712E4556069} = {D8DE6028-CCD4-4C4D-BC9F-A9543FF586CE}
		{90157DD7-D022-458C-8E58-C6CBAA00686A} = {F95622E6-9736-40A6-8B24-F12025551EEF}
		{66EE1AA7-5C09-4BD2-8718-D9D76DBAAB60} = {90157DD7-D022-458C-8E58-C6CBAA00686A}
		{35C08AE8-2554-41E1-AC2B-1F01F077D1B6} = {90157DD7-D022-458C-8E58-C6CBAA00686A}
		{7710C6DC-8AE5-4C57-853A-9D6C923663DE} = {90157DD7-D022-458C-8E58-C6CBAA00686A}
		{9E1D38C3-B5FC-46B0-A7EA-B6F72851A157} = {07BB2C4F-E951-40C1-A537-3E9137D14799}
		{F8E355D2-2BEE-470E-9F14-214448C2D5BE} = {9E1D38C3-B5FC-46B0-A7EA-B6F72851A157}
		{4859C8AC-D584-4166-A260-414F684AAE4A} = {9E1D38C3-B5FC-46B0-A7EA-B6F72851A157}
		{9A87383B-9C80-4E6C-BAF7-B75A3C168DF3} = {9E1D38C3-B5FC-46B0-A7EA-B6F72851A157}
		{DBF9A802-E136-44E5-87FB-A47CB9FE218E} = {9E1D38C3-B5FC-46B0-A7EA-B6F72851A157}
	EndGlobalSection
	GlobalSection(ExtensibilityGlobals) = postSolution
		SolutionGuid = {27D44AAB-CB31-4C97-A3FA-75B41DFF4B25}
	EndGlobalSection
EndGlobal
