<Solution>
  <Project Path="AzureServiceBusAspire.AppHost/AzureServiceBusAspire.AppHost.csproj" />
  <Project Path="AzureServiceBusAspire.ServiceDefaults/AzureServiceBusAspire.ServiceDefaults.csproj" />
  <Project Path="BackendFinanceProcessor/BackendFinanceProcessor.csproj" />
  <Project Path="BackendProcessor/BackendProcessor.csproj" />
  <Project Path="MessageContracts/MessageContracts.csproj" />
</Solution>
