<Solution>
  <Project Path="Messages/Messages.csproj" />
  <Project Path="Sender/Sender.csproj" />
  <Project Path="Receiver/Receiver.csproj" />
  <!--#if (UseJobTracking)-->
  <Project Path="JobTracker/JobTracker.csproj" />
  <!--#endif-->
  <!--#if (UseDeadLetterTracking)-->
  <Project Path="DeadLetterTracker/DeadLetterTracker.csproj" />
  <!--#endif-->
  <!--#if (UseDashboard)-->
  <Project Path="Dashboard/Dashboard.csproj" />
  <!--#endif-->
</Solution>
