<Solution>
  <Project Path="BackendFinanceProcessor/BackendFinanceProcessor.csproj" />
  <Project Path="BackendProcessor/BackendProcessor.csproj" />
  <Project Path="MessageContracts/MessageContracts.csproj" />
  <Project Path="RabbitMQAspire.AppHost/RabbitMQAspire.AppHost.csproj" />
  <Project Path="RabbitMQAspire.ServiceDefaults/RabbitMQAspire.ServiceDefaults.csproj" />
</Solution>
