Microsoft Visual Studio Solution File, Format Version 12.00
# Visual Studio Version 17
VisualStudioVersion = 17.5.2.0
MinimumVisualStudioVersion = 10.0.40219.1
Project("{FAE04EC0-301F-11D3-BF4B-00C04F79EFBC}") = "Messages", "Messages\Messages.csproj", "{601BD4ED-1F01-F0FD-39F4-F90DA65E8527}"
EndProject
Project("{FAE04EC0-301F-11D3-BF4B-00C04F79EFBC}") = "Sender", "Sender\Sender.csproj", "{E221CD39-432D-145E-8BE0-FB2EB59626D6}"
EndProject
Project("{FAE04EC0-301F-11D3-BF4B-00C04F79EFBC}") = "Receiver", "Receiver\Receiver.csproj", "{43871D24-348A-5E92-F953-E85E8EB60830}"
EndProject
Global
	GlobalSection(SolutionConfigurationPlatforms) = preSolution
		Debug|Any CPU = Debug|Any CPU
		Release|Any CPU = Release|Any CPU
	EndGlobalSection
	GlobalSection(ProjectConfigurationPlatforms) = postSolution
		{601BD4ED-1F01-F0FD-39F4-F90DA65E8527}.Debug|Any CPU.ActiveCfg = Debug|Any CPU
		{601BD4ED-1F01-F0FD-39F4-F90DA65E8527}.Debug|Any CPU.Build.0 = Debug|Any CPU
		{601BD4ED-1F01-F0FD-39F4-F90DA65E8527}.Release|Any CPU.ActiveCfg = Release|Any CPU
		{601BD4ED-1F01-F0FD-39F4-F90DA65E8527}.Release|Any CPU.Build.0 = Release|Any CPU
		{E221CD39-432D-145E-8BE0-FB2EB59626D6}.Debug|Any CPU.ActiveCfg = Debug|Any CPU
		{E221CD39-432D-145E-8BE0-FB2EB59626D6}.Debug|Any CPU.Build.0 = Debug|Any CPU
		{E221CD39-432D-145E-8BE0-FB2EB59626D6}.Release|Any CPU.ActiveCfg = Release|Any CPU
		{E221CD39-432D-145E-8BE0-FB2EB59626D6}.Release|Any CPU.Build.0 = Release|Any CPU
		{43871D24-348A-5E92-F953-E85E8EB60830}.Debug|Any CPU.ActiveCfg = Debug|Any CPU
		{43871D24-348A-5E92-F953-E85E8EB60830}.Debug|Any CPU.Build.0 = Debug|Any CPU
		{43871D24-348A-5E92-F953-E85E8EB60830}.Release|Any CPU.ActiveCfg = Release|Any CPU
		{43871D24-348A-5E92-F953-E85E8EB60830}.Release|Any CPU.Build.0 = Release|Any CPU
	EndGlobalSection
	GlobalSection(SolutionProperties) = preSolution
		HideSolutionNode = FALSE
	EndGlobalSection
	GlobalSection(ExtensibilityGlobals) = postSolution
		SolutionGuid = {7ABEFC9B-BB54-4CAA-9B72-440170CC1487}
	EndGlobalSection
EndGlobal
